
Microsoft Visual Studio Solution File, Format Version 12.00
# Visual Studio 15
VisualStudioVersion = 15.0.26124.0
MinimumVisualStudioVersion = 15.0.26124.0
Project("{FAE04EC0-301F-11D3-BF4B-00C04F79EFBC}") = "Accumulate", "accumulate\Accumulate.csproj", "{7587BA45-F37A-42E4-A908-0389DA9AF352}"
EndProject
Project("{FAE04EC0-301F-11D3-BF4B-00C04F79EFBC}") = "Acronym", "acronym\Acronym.csproj", "{9D3E41E0-3ED3-4253-8FA0-4FB2319C31AA}"
EndProject
Project("{FAE04EC0-301F-11D3-BF4B-00C04F79EFBC}") = "Allergies", "allergies\Allergies.csproj", "{2D273CCF-6410-42CE-8BA3-1E01D77DD00F}"
EndProject
Project("{FAE04EC0-301F-11D3-BF4B-00C04F79EFBC}") = "Anagram", "anagram\Anagram.csproj", "{7D81F018-4421-4D73-A059-76E9E28AF91B}"
EndProject
Project("{FAE04EC0-301F-11D3-BF4B-00C04F79EFBC}") = "ArmstrongNumbers", "armstrong-numbers\ArmstrongNumbers.csproj", "{1392B777-5EB0-46A5-9066-668392C5DC2B}"
EndProject
Project("{FAE04EC0-301F-11D3-BF4B-00C04F79EFBC}") = "CollatzConjecture", "collatz-conjecture\CollatzConjecture.csproj", "{EDC69A9C-C68C-46FD-91D4-3E8E0463DF1D}"
EndProject
Project("{FAE04EC0-301F-11D3-BF4B-00C04F79EFBC}") = "ComplexNumbers", "complex-numbers\ComplexNumbers.csproj", "{B00A6552-A404-4B78-BF85-1D6F3B2DA411}"
EndProject
Project("{FAE04EC0-301F-11D3-BF4B-00C04F79EFBC}") = "DifferenceOfSquares", "difference-of-squares\DifferenceOfSquares.csproj", "{95F70905-E52A-4B9A-B91E-E67DFDFEB6B0}"
EndProject
Project("{FAE04EC0-301F-11D3-BF4B-00C04F79EFBC}") = "Gigasecond", "gigasecond\Gigasecond.csproj", "{7B5E576E-00F5-4DB4-86D0-8B4FFF763FEA}"
EndProject
Project("{FAE04EC0-301F-11D3-BF4B-00C04F79EFBC}") = "Grains", "grains\Grains.csproj", "{538002BC-27BA-4E06-AA9A-94616AD3FEBA}"
EndProject
Project("{FAE04EC0-301F-11D3-BF4B-00C04F79EFBC}") = "Hamming", "hamming\Hamming.csproj", "{144F27CF-BB29-44FD-A89A-AB4A2CF2FE31}"
EndProject
Project("{FAE04EC0-301F-11D3-BF4B-00C04F79EFBC}") = "HelloWorld", "hello-world\HelloWorld.csproj", "{1BE1AC8E-53FB-45B5-AC05-67649E8366F8}"
EndProject
Project("{FAE04EC0-301F-11D3-BF4B-00C04F79EFBC}") = "HighScores", "high-scores\HighScores.csproj", "{41355D4B-0725-4608-8854-56B459435D22}"
EndProject
Project("{FAE04EC0-301F-11D3-BF4B-00C04F79EFBC}") = "House", "house\House.csproj", "{FCB08CAB-2D8B-4E64-9F00-CBA8C35CF803}"
EndProject
Project("{FAE04EC0-301F-11D3-BF4B-00C04F79EFBC}") = "Isogram", "isogram\Isogram.csproj", "{7B84D183-BC3D-4EDC-850A-AD2D8DF12B00}"
EndProject
Project("{FAE04EC0-301F-11D3-BF4B-00C04F79EFBC}") = "LargestSeriesProduct", "largest-series-product\LargestSeriesProduct.csproj", "{8393C411-3C91-40E7-9D72-E16B4C387DC2}"
EndProject
Project("{FAE04EC0-301F-11D3-BF4B-00C04F79EFBC}") = "Leap", "leap\Leap.csproj", "{0884F686-FBAD-4D47-A88E-5C44B14EB1DA}"
EndProject
Project("{FAE04EC0-301F-11D3-BF4B-00C04F79EFBC}") = "Meetup", "meetup\Meetup.csproj", "{8901E6B2-B6FC-4398-9388-FA8E0C6DA53D}"
EndProject
Project("{FAE04EC0-301F-11D3-BF4B-00C04F79EFBC}") = "NucleotideCount", "nucleotide-count\NucleotideCount.csproj", "{931F8955-5ACA-47CD-9F8F-6E2C9D4FB7FD}"
EndProject
Project("{FAE04EC0-301F-11D3-BF4B-00C04F79EFBC}") = "Pangram", "pangram\Pangram.csproj", "{742E1656-AE82-4972-9445-AD56CAC8C07B}"
EndProject
Project("{FAE04EC0-301F-11D3-BF4B-00C04F79EFBC}") = "ParallelLetterFrequency", "parallel-letter-frequency\ParallelLetterFrequency.csproj", "{34097347-3C8B-48E8-BA68-7C31AE7240D2}"
EndProject
Project("{FAE04EC0-301F-11D3-BF4B-00C04F79EFBC}") = "PascalsTriangle", "pascals-triangle\PascalsTriangle.csproj", "{17B34D6D-5108-41F0-9830-E748FEBE925F}"
EndProject
Project("{FAE04EC0-301F-11D3-BF4B-00C04F79EFBC}") = "PerfectNumbers", "perfect-numbers\PerfectNumbers.csproj", "{25D124AA-BE81-4AB6-B30E-8D3F0F170B91}"
EndProject
Project("{FAE04EC0-301F-11D3-BF4B-00C04F79EFBC}") = "PhoneNumber", "phone-number\PhoneNumber.csproj", "{71153330-19B9-447B-B413-2195DF15CA29}"
EndProject
Project("{FAE04EC0-301F-11D3-BF4B-00C04F79EFBC}") = "PrimeFactors", "prime-factors\PrimeFactors.csproj", "{279CD90B-A648-475A-8023-9A872B90C7C1}"
EndProject
Project("{FAE04EC0-301F-11D3-BF4B-00C04F79EFBC}") = "PythagoreanTriplet", "pythagorean-triplet\PythagoreanTriplet.csproj", "{C8D0A875-AEE8-468B-8838-D7E8A4457959}"
EndProject
Project("{FAE04EC0-301F-11D3-BF4B-00C04F79EFBC}") = "RationalNumbers", "rational-numbers\RationalNumbers.csproj", "{C5144F9D-2593-4DD0-BAF6-CA932A31B3A8}"
EndProject
Project("{FAE04EC0-301F-11D3-BF4B-00C04F79EFBC}") = "ResistorColor", "resistor-color\ResistorColor.csproj", "{63C37B08-3808-497E-A28B-8F9D082A5AD4}"
EndProject
Project("{FAE04EC0-301F-11D3-BF4B-00C04F79EFBC}") = "RobotName", "robot-name\RobotName.csproj", "{09CF111D-62B9-475E-BDCD-352F5E130437}"
EndProject
Project("{FAE04EC0-301F-11D3-BF4B-00C04F79EFBC}") = "ScrabbleScore", "scrabble-score\ScrabbleScore.csproj", "{60B268EE-390A-4A6C-9889-94DE0A4B3C63}"
EndProject
Project("{FAE04EC0-301F-11D3-BF4B-00C04F79EFBC}") = "SimpleCipher", "simple-cipher\SimpleCipher.csproj", "{A3106F4D-CF2E-4F1A-AA18-52B21045B85F}"
EndProject
Project("{FAE04EC0-301F-11D3-BF4B-00C04F79EFBC}") = "SpaceAge", "space-age\SpaceAge.csproj", "{280841A0-DFD1-4905-9D57-1701A23EB83E}"
EndProject
Project("{FAE04EC0-301F-11D3-BF4B-00C04F79EFBC}") = "SumOfMultiples", "sum-of-multiples\SumOfMultiples.csproj", "{702BB3EA-7687-45FC-9A90-D8CA2A4ABBBE}"
EndProject
Project("{FAE04EC0-301F-11D3-BF4B-00C04F79EFBC}") = "TwoFer", "two-fer\TwoFer.csproj", "{0E23C9B3-167D-4DAC-B573-434CA94AEF8B}"
EndProject
Project("{FAE04EC0-301F-11D3-BF4B-00C04F79EFBC}") = "RomanNumerals", "roman-numerals\RomanNumerals.csproj", "{B218006E-DB30-4303-B835-A061902C7CFF}"
EndProject
Project("{FAE04EC0-301F-11D3-BF4B-00C04F79EFBC}") = "AllYourBase", "all-your-base\AllYourBase.csproj", "{0C9EC699-6101-4A26-8D54-A99058A8C84F}"
EndProject
Project("{FAE04EC0-301F-11D3-BF4B-00C04F79EFBC}") = "GradeSchool", "grade-school\GradeSchool.csproj", "{1FA87661-265D-4696-87DA-F4451D8D3022}"
EndProject
Project("{FAE04EC0-301F-11D3-BF4B-00C04F79EFBC}") = "ListOps", "list-ops\ListOps.csproj", "{DF849E03-2974-4FE7-9903-C09BEFC05641}"
EndProject
Project("{FAE04EC0-301F-11D3-BF4B-00C04F79EFBC}") = "RotationalCipher", "rotational-cipher\RotationalCipher.csproj", "{6898EEE0-73A8-4AE8-9114-CDE47128C7A9}"
EndProject
Project("{FAE04EC0-301F-11D3-BF4B-00C04F79EFBC}") = "CircularBuffer", "circular-buffer\CircularBuffer.csproj", "{5EFBDF82-5ECB-431B-8C33-150D54137D64}"
EndProject
Project("{FAE04EC0-301F-11D3-BF4B-00C04F79EFBC}") = "Ledger", "ledger\Ledger.csproj", "{02D8E8C8-CD37-47FB-8EDC-7B9187C69486}"
EndProject
Project("{FAE04EC0-301F-11D3-BF4B-00C04F79EFBC}") = "FlattenArray", "flatten-array\FlattenArray.csproj", "{AEE56E23-0271-46B6-8C44-80C050988C26}"
EndProject
Project("{FAE04EC0-301F-11D3-BF4B-00C04F79EFBC}") = "Sublist", "sublist\Sublist.csproj", "{AF6BC5E6-CCCB-4610-BB76-B840CD22D6E9}"
EndProject
Project("{FAE04EC0-301F-11D3-BF4B-00C04F79EFBC}") = "Clock", "clock\Clock.csproj", "{888E8540-7926-46C2-B119-88A5C66A8F2A}"
EndProject
Project("{FAE04EC0-301F-11D3-BF4B-00C04F79EFBC}") = "Bob", "bob\Bob.csproj", "{39FB87C8-7D0B-4F84-BA7A-59E31ADAC9C0}"
EndProject
Project("{FAE04EC0-301F-11D3-BF4B-00C04F79EFBC}") = "RobotSimulator", "robot-simulator\RobotSimulator.csproj", "{2A93061D-A0F5-4DFD-BAE8-DFE427101F10}"
EndProject
Project("{FAE04EC0-301F-11D3-BF4B-00C04F79EFBC}") = "SimpleLinkedList", "simple-linked-list\SimpleLinkedList.csproj", "{7056BA1E-93D2-49D6-A578-2DDE3F4C8C90}"
EndProject
Project("{FAE04EC0-301F-11D3-BF4B-00C04F79EFBC}") = "SecretHandshake", "secret-handshake\SecretHandshake.csproj", "{A6A0B73B-1A27-492D-9F59-AA36289C2110}"
EndProject
Project("{FAE04EC0-301F-11D3-BF4B-00C04F79EFBC}") = "BankAccount", "bank-account\BankAccount.csproj", "{37C2A2A7-C203-4807-BF7D-8C58CFBEE7CF}"
EndProject
Project("{FAE04EC0-301F-11D3-BF4B-00C04F79EFBC}") = "Raindrops", "raindrops\Raindrops.csproj", "{696E33FA-CB36-4A31-BA61-BC7214090DF4}"
EndProject
Project("{FAE04EC0-301F-11D3-BF4B-00C04F79EFBC}") = "IsbnVerifier", "isbn-verifier\IsbnVerifier.csproj", "{063FA35E-EF79-4906-9238-4FFD6828B96B}"
EndProject
Project("{FAE04EC0-301F-11D3-BF4B-00C04F79EFBC}") = "CustomSet", "custom-set\CustomSet.csproj", "{E58AC140-26C7-4686-AFDB-900A88769A04}"
EndProject
Project("{FAE04EC0-301F-11D3-BF4B-00C04F79EFBC}") = "React", "react\React.csproj", "{07F74D00-9020-474F-AA8B-04A1841FC8E0}"
EndProject
Project("{FAE04EC0-301F-11D3-BF4B-00C04F79EFBC}") = "DiffieHellman", "diffie-hellman\DiffieHellman.csproj", "{A24082BE-9E11-4803-ABE2-168487FC8444}"
EndProject
Project("{FAE04EC0-301F-11D3-BF4B-00C04F79EFBC}") = "Yacht", "yacht\Yacht.csproj", "{C66970E9-8B93-4FBE-B1E5-F4E33CCAC576}"
EndProject
Project("{FAE04EC0-301F-11D3-BF4B-00C04F79EFBC}") = "Etl", "etl\Etl.csproj", "{17AFB584-DCFC-40B1-9CEF-171370177BD1}"
EndProject
Project("{FAE04EC0-301F-11D3-BF4B-00C04F79EFBC}") = "Series", "series\Series.csproj", "{F6F77F1C-EFD6-425F-A3B2-A6585426460C}"
EndProject
Project("{FAE04EC0-301F-11D3-BF4B-00C04F79EFBC}") = "BinarySearch", "binary-search\BinarySearch.csproj", "{3B732C35-A8E0-4C3C-8EF6-8E31EFF4B67F}"
EndProject
Project("{FAE04EC0-301F-11D3-BF4B-00C04F79EFBC}") = "Strain", "strain\Strain.csproj", "{FFFE569C-B37C-4D2E-A78E-EE60CCE84C4C}"
EndProject
Project("{FAE04EC0-301F-11D3-BF4B-00C04F79EFBC}") = "Triangle", "triangle\Triangle.csproj", "{2BDF605E-B2F8-415B-9412-0EBD900D6F30}"
EndProject
Project("{FAE04EC0-301F-11D3-BF4B-00C04F79EFBC}") = "ReverseString", "reverse-string\ReverseString.csproj", "{120728D4-77BE-458D-84BB-0B357758FC0E}"
EndProject
Project("{FAE04EC0-301F-11D3-BF4B-00C04F79EFBC}") = "RnaTranscription", "rna-transcription\RnaTranscription.csproj", "{C5EBE575-9377-4E63-827D-606B0FB15D32}"
EndProject
Project("{FAE04EC0-301F-11D3-BF4B-00C04F79EFBC}") = "ProteinTranslation", "protein-translation\ProteinTranslation.csproj", "{DAFFDBCB-3B5B-4670-8778-05411B19FEDD}"
EndProject
Project("{FAE04EC0-301F-11D3-BF4B-00C04F79EFBC}") = "QueenAttack", "queen-attack\QueenAttack.csproj", "{3E055646-5118-4053-8E32-BE28E96E8D7E}"
EndProject
Project("{FAE04EC0-301F-11D3-BF4B-00C04F79EFBC}") = "Darts", "darts\Darts.csproj", "{3D40166D-C788-4C2A-8FA4-16469649E04C}"
EndProject
Project("{FAE04EC0-301F-11D3-BF4B-00C04F79EFBC}") = "DndCharacter", "dnd-character\DndCharacter.csproj", "{BC298521-E740-412A-A53B-3991EB428B6D}"
EndProject
Project("{FAE04EC0-301F-11D3-BF4B-00C04F79EFBC}") = "ResistorColorDuo", "resistor-color-duo\ResistorColorDuo.csproj", "{3022AB79-E6DF-4B79-AD5D-859FE01E1DEC}"
EndProject
Project("{FAE04EC0-301F-11D3-BF4B-00C04F79EFBC}") = "ResistorColorTrio", "resistor-color-trio\ResistorColorTrio.csproj", "{D688A858-756F-41FA-B5A6-7DD4B0FD91C8}"
EndProject
Global
	GlobalSection(SolutionConfigurationPlatforms) = preSolution
		Debug|Any CPU = Debug|Any CPU
		Debug|x64 = Debug|x64
		Debug|x86 = Debug|x86
		Release|Any CPU = Release|Any CPU
		Release|x64 = Release|x64
		Release|x86 = Release|x86
	EndGlobalSection
	GlobalSection(SolutionProperties) = preSolution
		HideSolutionNode = FALSE
	EndGlobalSection
	GlobalSection(ProjectConfigurationPlatforms) = postSolution
		{7587BA45-F37A-42E4-A908-0389DA9AF352}.Debug|Any CPU.ActiveCfg = Debug|Any CPU
		{7587BA45-F37A-42E4-A908-0389DA9AF352}.Debug|Any CPU.Build.0 = Debug|Any CPU
		{7587BA45-F37A-42E4-A908-0389DA9AF352}.Debug|x64.ActiveCfg = Debug|Any CPU
		{7587BA45-F37A-42E4-A908-0389DA9AF352}.Debug|x64.Build.0 = Debug|Any CPU
		{7587BA45-F37A-42E4-A908-0389DA9AF352}.Debug|x86.ActiveCfg = Debug|Any CPU
		{7587BA45-F37A-42E4-A908-0389DA9AF352}.Debug|x86.Build.0 = Debug|Any CPU
		{7587BA45-F37A-42E4-A908-0389DA9AF352}.Release|Any CPU.ActiveCfg = Release|Any CPU
		{7587BA45-F37A-42E4-A908-0389DA9AF352}.Release|Any CPU.Build.0 = Release|Any CPU
		{7587BA45-F37A-42E4-A908-0389DA9AF352}.Release|x64.ActiveCfg = Release|Any CPU
		{7587BA45-F37A-42E4-A908-0389DA9AF352}.Release|x64.Build.0 = Release|Any CPU
		{7587BA45-F37A-42E4-A908-0389DA9AF352}.Release|x86.ActiveCfg = Release|Any CPU
		{7587BA45-F37A-42E4-A908-0389DA9AF352}.Release|x86.Build.0 = Release|Any CPU
		{9D3E41E0-3ED3-4253-8FA0-4FB2319C31AA}.Debug|Any CPU.ActiveCfg = Debug|Any CPU
		{9D3E41E0-3ED3-4253-8FA0-4FB2319C31AA}.Debug|Any CPU.Build.0 = Debug|Any CPU
		{9D3E41E0-3ED3-4253-8FA0-4FB2319C31AA}.Debug|x64.ActiveCfg = Debug|Any CPU
		{9D3E41E0-3ED3-4253-8FA0-4FB2319C31AA}.Debug|x64.Build.0 = Debug|Any CPU
		{9D3E41E0-3ED3-4253-8FA0-4FB2319C31AA}.Debug|x86.ActiveCfg = Debug|Any CPU
		{9D3E41E0-3ED3-4253-8FA0-4FB2319C31AA}.Debug|x86.Build.0 = Debug|Any CPU
		{9D3E41E0-3ED3-4253-8FA0-4FB2319C31AA}.Release|Any CPU.ActiveCfg = Release|Any CPU
		{9D3E41E0-3ED3-4253-8FA0-4FB2319C31AA}.Release|Any CPU.Build.0 = Release|Any CPU
		{9D3E41E0-3ED3-4253-8FA0-4FB2319C31AA}.Release|x64.ActiveCfg = Release|Any CPU
		{9D3E41E0-3ED3-4253-8FA0-4FB2319C31AA}.Release|x64.Build.0 = Release|Any CPU
		{9D3E41E0-3ED3-4253-8FA0-4FB2319C31AA}.Release|x86.ActiveCfg = Release|Any CPU
		{9D3E41E0-3ED3-4253-8FA0-4FB2319C31AA}.Release|x86.Build.0 = Release|Any CPU
		{2D273CCF-6410-42CE-8BA3-1E01D77DD00F}.Debug|Any CPU.ActiveCfg = Debug|Any CPU
		{2D273CCF-6410-42CE-8BA3-1E01D77DD00F}.Debug|Any CPU.Build.0 = Debug|Any CPU
		{2D273CCF-6410-42CE-8BA3-1E01D77DD00F}.Debug|x64.ActiveCfg = Debug|Any CPU
		{2D273CCF-6410-42CE-8BA3-1E01D77DD00F}.Debug|x64.Build.0 = Debug|Any CPU
		{2D273CCF-6410-42CE-8BA3-1E01D77DD00F}.Debug|x86.ActiveCfg = Debug|Any CPU
		{2D273CCF-6410-42CE-8BA3-1E01D77DD00F}.Debug|x86.Build.0 = Debug|Any CPU
		{2D273CCF-6410-42CE-8BA3-1E01D77DD00F}.Release|Any CPU.ActiveCfg = Release|Any CPU
		{2D273CCF-6410-42CE-8BA3-1E01D77DD00F}.Release|Any CPU.Build.0 = Release|Any CPU
		{2D273CCF-6410-42CE-8BA3-1E01D77DD00F}.Release|x64.ActiveCfg = Release|Any CPU
		{2D273CCF-6410-42CE-8BA3-1E01D77DD00F}.Release|x64.Build.0 = Release|Any CPU
		{2D273CCF-6410-42CE-8BA3-1E01D77DD00F}.Release|x86.ActiveCfg = Release|Any CPU
		{2D273CCF-6410-42CE-8BA3-1E01D77DD00F}.Release|x86.Build.0 = Release|Any CPU
		{7D81F018-4421-4D73-A059-76E9E28AF91B}.Debug|Any CPU.ActiveCfg = Debug|Any CPU
		{7D81F018-4421-4D73-A059-76E9E28AF91B}.Debug|Any CPU.Build.0 = Debug|Any CPU
		{7D81F018-4421-4D73-A059-76E9E28AF91B}.Debug|x64.ActiveCfg = Debug|Any CPU
		{7D81F018-4421-4D73-A059-76E9E28AF91B}.Debug|x64.Build.0 = Debug|Any CPU
		{7D81F018-4421-4D73-A059-76E9E28AF91B}.Debug|x86.ActiveCfg = Debug|Any CPU
		{7D81F018-4421-4D73-A059-76E9E28AF91B}.Debug|x86.Build.0 = Debug|Any CPU
		{7D81F018-4421-4D73-A059-76E9E28AF91B}.Release|Any CPU.ActiveCfg = Release|Any CPU
		{7D81F018-4421-4D73-A059-76E9E28AF91B}.Release|Any CPU.Build.0 = Release|Any CPU
		{7D81F018-4421-4D73-A059-76E9E28AF91B}.Release|x64.ActiveCfg = Release|Any CPU
		{7D81F018-4421-4D73-A059-76E9E28AF91B}.Release|x64.Build.0 = Release|Any CPU
		{7D81F018-4421-4D73-A059-76E9E28AF91B}.Release|x86.ActiveCfg = Release|Any CPU
		{7D81F018-4421-4D73-A059-76E9E28AF91B}.Release|x86.Build.0 = Release|Any CPU
		{1392B777-5EB0-46A5-9066-668392C5DC2B}.Debug|Any CPU.ActiveCfg = Debug|Any CPU
		{1392B777-5EB0-46A5-9066-668392C5DC2B}.Debug|Any CPU.Build.0 = Debug|Any CPU
		{1392B777-5EB0-46A5-9066-668392C5DC2B}.Debug|x64.ActiveCfg = Debug|Any CPU
		{1392B777-5EB0-46A5-9066-668392C5DC2B}.Debug|x64.Build.0 = Debug|Any CPU
		{1392B777-5EB0-46A5-9066-668392C5DC2B}.Debug|x86.ActiveCfg = Debug|Any CPU
		{1392B777-5EB0-46A5-9066-668392C5DC2B}.Debug|x86.Build.0 = Debug|Any CPU
		{1392B777-5EB0-46A5-9066-668392C5DC2B}.Release|Any CPU.ActiveCfg = Release|Any CPU
		{1392B777-5EB0-46A5-9066-668392C5DC2B}.Release|Any CPU.Build.0 = Release|Any CPU
		{1392B777-5EB0-46A5-9066-668392C5DC2B}.Release|x64.ActiveCfg = Release|Any CPU
		{1392B777-5EB0-46A5-9066-668392C5DC2B}.Release|x64.Build.0 = Release|Any CPU
		{1392B777-5EB0-46A5-9066-668392C5DC2B}.Release|x86.ActiveCfg = Release|Any CPU
		{1392B777-5EB0-46A5-9066-668392C5DC2B}.Release|x86.Build.0 = Release|Any CPU
		{EDC69A9C-C68C-46FD-91D4-3E8E0463DF1D}.Debug|Any CPU.ActiveCfg = Debug|Any CPU
		{EDC69A9C-C68C-46FD-91D4-3E8E0463DF1D}.Debug|Any CPU.Build.0 = Debug|Any CPU
		{EDC69A9C-C68C-46FD-91D4-3E8E0463DF1D}.Debug|x64.ActiveCfg = Debug|Any CPU
		{EDC69A9C-C68C-46FD-91D4-3E8E0463DF1D}.Debug|x64.Build.0 = Debug|Any CPU
		{EDC69A9C-C68C-46FD-91D4-3E8E0463DF1D}.Debug|x86.ActiveCfg = Debug|Any CPU
		{EDC69A9C-C68C-46FD-91D4-3E8E0463DF1D}.Debug|x86.Build.0 = Debug|Any CPU
		{EDC69A9C-C68C-46FD-91D4-3E8E0463DF1D}.Release|Any CPU.ActiveCfg = Release|Any CPU
		{EDC69A9C-C68C-46FD-91D4-3E8E0463DF1D}.Release|Any CPU.Build.0 = Release|Any CPU
		{EDC69A9C-C68C-46FD-91D4-3E8E0463DF1D}.Release|x64.ActiveCfg = Release|Any CPU
		{EDC69A9C-C68C-46FD-91D4-3E8E0463DF1D}.Release|x64.Build.0 = Release|Any CPU
		{EDC69A9C-C68C-46FD-91D4-3E8E0463DF1D}.Release|x86.ActiveCfg = Release|Any CPU
		{EDC69A9C-C68C-46FD-91D4-3E8E0463DF1D}.Release|x86.Build.0 = Release|Any CPU
		{B00A6552-A404-4B78-BF85-1D6F3B2DA411}.Debug|Any CPU.ActiveCfg = Debug|Any CPU
		{B00A6552-A404-4B78-BF85-1D6F3B2DA411}.Debug|Any CPU.Build.0 = Debug|Any CPU
		{B00A6552-A404-4B78-BF85-1D6F3B2DA411}.Debug|x64.ActiveCfg = Debug|Any CPU
		{B00A6552-A404-4B78-BF85-1D6F3B2DA411}.Debug|x64.Build.0 = Debug|Any CPU
		{B00A6552-A404-4B78-BF85-1D6F3B2DA411}.Debug|x86.ActiveCfg = Debug|Any CPU
		{B00A6552-A404-4B78-BF85-1D6F3B2DA411}.Debug|x86.Build.0 = Debug|Any CPU
		{B00A6552-A404-4B78-BF85-1D6F3B2DA411}.Release|Any CPU.ActiveCfg = Release|Any CPU
		{B00A6552-A404-4B78-BF85-1D6F3B2DA411}.Release|Any CPU.Build.0 = Release|Any CPU
		{B00A6552-A404-4B78-BF85-1D6F3B2DA411}.Release|x64.ActiveCfg = Release|Any CPU
		{B00A6552-A404-4B78-BF85-1D6F3B2DA411}.Release|x64.Build.0 = Release|Any CPU
		{B00A6552-A404-4B78-BF85-1D6F3B2DA411}.Release|x86.ActiveCfg = Release|Any CPU
		{B00A6552-A404-4B78-BF85-1D6F3B2DA411}.Release|x86.Build.0 = Release|Any CPU
		{95F70905-E52A-4B9A-B91E-E67DFDFEB6B0}.Debug|Any CPU.ActiveCfg = Debug|Any CPU
		{95F70905-E52A-4B9A-B91E-E67DFDFEB6B0}.Debug|Any CPU.Build.0 = Debug|Any CPU
		{95F70905-E52A-4B9A-B91E-E67DFDFEB6B0}.Debug|x64.ActiveCfg = Debug|Any CPU
		{95F70905-E52A-4B9A-B91E-E67DFDFEB6B0}.Debug|x64.Build.0 = Debug|Any CPU
		{95F70905-E52A-4B9A-B91E-E67DFDFEB6B0}.Debug|x86.ActiveCfg = Debug|Any CPU
		{95F70905-E52A-4B9A-B91E-E67DFDFEB6B0}.Debug|x86.Build.0 = Debug|Any CPU
		{95F70905-E52A-4B9A-B91E-E67DFDFEB6B0}.Release|Any CPU.ActiveCfg = Release|Any CPU
		{95F70905-E52A-4B9A-B91E-E67DFDFEB6B0}.Release|Any CPU.Build.0 = Release|Any CPU
		{95F70905-E52A-4B9A-B91E-E67DFDFEB6B0}.Release|x64.ActiveCfg = Release|Any CPU
		{95F70905-E52A-4B9A-B91E-E67DFDFEB6B0}.Release|x64.Build.0 = Release|Any CPU
		{95F70905-E52A-4B9A-B91E-E67DFDFEB6B0}.Release|x86.ActiveCfg = Release|Any CPU
		{95F70905-E52A-4B9A-B91E-E67DFDFEB6B0}.Release|x86.Build.0 = Release|Any CPU
		{7B5E576E-00F5-4DB4-86D0-8B4FFF763FEA}.Debug|Any CPU.ActiveCfg = Debug|Any CPU
		{7B5E576E-00F5-4DB4-86D0-8B4FFF763FEA}.Debug|Any CPU.Build.0 = Debug|Any CPU
		{7B5E576E-00F5-4DB4-86D0-8B4FFF763FEA}.Debug|x64.ActiveCfg = Debug|Any CPU
		{7B5E576E-00F5-4DB4-86D0-8B4FFF763FEA}.Debug|x64.Build.0 = Debug|Any CPU
		{7B5E576E-00F5-4DB4-86D0-8B4FFF763FEA}.Debug|x86.ActiveCfg = Debug|Any CPU
		{7B5E576E-00F5-4DB4-86D0-8B4FFF763FEA}.Debug|x86.Build.0 = Debug|Any CPU
		{7B5E576E-00F5-4DB4-86D0-8B4FFF763FEA}.Release|Any CPU.ActiveCfg = Release|Any CPU
		{7B5E576E-00F5-4DB4-86D0-8B4FFF763FEA}.Release|Any CPU.Build.0 = Release|Any CPU
		{7B5E576E-00F5-4DB4-86D0-8B4FFF763FEA}.Release|x64.ActiveCfg = Release|Any CPU
		{7B5E576E-00F5-4DB4-86D0-8B4FFF763FEA}.Release|x64.Build.0 = Release|Any CPU
		{7B5E576E-00F5-4DB4-86D0-8B4FFF763FEA}.Release|x86.ActiveCfg = Release|Any CPU
		{7B5E576E-00F5-4DB4-86D0-8B4FFF763FEA}.Release|x86.Build.0 = Release|Any CPU
		{538002BC-27BA-4E06-AA9A-94616AD3FEBA}.Debug|Any CPU.ActiveCfg = Debug|Any CPU
		{538002BC-27BA-4E06-AA9A-94616AD3FEBA}.Debug|Any CPU.Build.0 = Debug|Any CPU
		{538002BC-27BA-4E06-AA9A-94616AD3FEBA}.Debug|x64.ActiveCfg = Debug|Any CPU
		{538002BC-27BA-4E06-AA9A-94616AD3FEBA}.Debug|x64.Build.0 = Debug|Any CPU
		{538002BC-27BA-4E06-AA9A-94616AD3FEBA}.Debug|x86.ActiveCfg = Debug|Any CPU
		{538002BC-27BA-4E06-AA9A-94616AD3FEBA}.Debug|x86.Build.0 = Debug|Any CPU
		{538002BC-27BA-4E06-AA9A-94616AD3FEBA}.Release|Any CPU.ActiveCfg = Release|Any CPU
		{538002BC-27BA-4E06-AA9A-94616AD3FEBA}.Release|Any CPU.Build.0 = Release|Any CPU
		{538002BC-27BA-4E06-AA9A-94616AD3FEBA}.Release|x64.ActiveCfg = Release|Any CPU
		{538002BC-27BA-4E06-AA9A-94616AD3FEBA}.Release|x64.Build.0 = Release|Any CPU
		{538002BC-27BA-4E06-AA9A-94616AD3FEBA}.Release|x86.ActiveCfg = Release|Any CPU
		{538002BC-27BA-4E06-AA9A-94616AD3FEBA}.Release|x86.Build.0 = Release|Any CPU
		{144F27CF-BB29-44FD-A89A-AB4A2CF2FE31}.Debug|Any CPU.ActiveCfg = Debug|Any CPU
		{144F27CF-BB29-44FD-A89A-AB4A2CF2FE31}.Debug|Any CPU.Build.0 = Debug|Any CPU
		{144F27CF-BB29-44FD-A89A-AB4A2CF2FE31}.Debug|x64.ActiveCfg = Debug|Any CPU
		{144F27CF-BB29-44FD-A89A-AB4A2CF2FE31}.Debug|x64.Build.0 = Debug|Any CPU
		{144F27CF-BB29-44FD-A89A-AB4A2CF2FE31}.Debug|x86.ActiveCfg = Debug|Any CPU
		{144F27CF-BB29-44FD-A89A-AB4A2CF2FE31}.Debug|x86.Build.0 = Debug|Any CPU
		{144F27CF-BB29-44FD-A89A-AB4A2CF2FE31}.Release|Any CPU.ActiveCfg = Release|Any CPU
		{144F27CF-BB29-44FD-A89A-AB4A2CF2FE31}.Release|Any CPU.Build.0 = Release|Any CPU
		{144F27CF-BB29-44FD-A89A-AB4A2CF2FE31}.Release|x64.ActiveCfg = Release|Any CPU
		{144F27CF-BB29-44FD-A89A-AB4A2CF2FE31}.Release|x64.Build.0 = Release|Any CPU
		{144F27CF-BB29-44FD-A89A-AB4A2CF2FE31}.Release|x86.ActiveCfg = Release|Any CPU
		{144F27CF-BB29-44FD-A89A-AB4A2CF2FE31}.Release|x86.Build.0 = Release|Any CPU
		{1BE1AC8E-53FB-45B5-AC05-67649E8366F8}.Debug|Any CPU.ActiveCfg = Debug|Any CPU
		{1BE1AC8E-53FB-45B5-AC05-67649E8366F8}.Debug|Any CPU.Build.0 = Debug|Any CPU
		{1BE1AC8E-53FB-45B5-AC05-67649E8366F8}.Debug|x64.ActiveCfg = Debug|Any CPU
		{1BE1AC8E-53FB-45B5-AC05-67649E8366F8}.Debug|x64.Build.0 = Debug|Any CPU
		{1BE1AC8E-53FB-45B5-AC05-67649E8366F8}.Debug|x86.ActiveCfg = Debug|Any CPU
		{1BE1AC8E-53FB-45B5-AC05-67649E8366F8}.Debug|x86.Build.0 = Debug|Any CPU
		{1BE1AC8E-53FB-45B5-AC05-67649E8366F8}.Release|Any CPU.ActiveCfg = Release|Any CPU
		{1BE1AC8E-53FB-45B5-AC05-67649E8366F8}.Release|Any CPU.Build.0 = Release|Any CPU
		{1BE1AC8E-53FB-45B5-AC05-67649E8366F8}.Release|x64.ActiveCfg = Release|Any CPU
		{1BE1AC8E-53FB-45B5-AC05-67649E8366F8}.Release|x64.Build.0 = Release|Any CPU
		{1BE1AC8E-53FB-45B5-AC05-67649E8366F8}.Release|x86.ActiveCfg = Release|Any CPU
		{1BE1AC8E-53FB-45B5-AC05-67649E8366F8}.Release|x86.Build.0 = Release|Any CPU
		{41355D4B-0725-4608-8854-56B459435D22}.Debug|Any CPU.ActiveCfg = Debug|Any CPU
		{41355D4B-0725-4608-8854-56B459435D22}.Debug|Any CPU.Build.0 = Debug|Any CPU
		{41355D4B-0725-4608-8854-56B459435D22}.Debug|x64.ActiveCfg = Debug|Any CPU
		{41355D4B-0725-4608-8854-56B459435D22}.Debug|x64.Build.0 = Debug|Any CPU
		{41355D4B-0725-4608-8854-56B459435D22}.Debug|x86.ActiveCfg = Debug|Any CPU
		{41355D4B-0725-4608-8854-56B459435D22}.Debug|x86.Build.0 = Debug|Any CPU
		{41355D4B-0725-4608-8854-56B459435D22}.Release|Any CPU.ActiveCfg = Release|Any CPU
		{41355D4B-0725-4608-8854-56B459435D22}.Release|Any CPU.Build.0 = Release|Any CPU
		{41355D4B-0725-4608-8854-56B459435D22}.Release|x64.ActiveCfg = Release|Any CPU
		{41355D4B-0725-4608-8854-56B459435D22}.Release|x64.Build.0 = Release|Any CPU
		{41355D4B-0725-4608-8854-56B459435D22}.Release|x86.ActiveCfg = Release|Any CPU
		{41355D4B-0725-4608-8854-56B459435D22}.Release|x86.Build.0 = Release|Any CPU
		{FCB08CAB-2D8B-4E64-9F00-CBA8C35CF803}.Debug|Any CPU.ActiveCfg = Debug|Any CPU
		{FCB08CAB-2D8B-4E64-9F00-CBA8C35CF803}.Debug|Any CPU.Build.0 = Debug|Any CPU
		{FCB08CAB-2D8B-4E64-9F00-CBA8C35CF803}.Debug|x64.ActiveCfg = Debug|Any CPU
		{FCB08CAB-2D8B-4E64-9F00-CBA8C35CF803}.Debug|x64.Build.0 = Debug|Any CPU
		{FCB08CAB-2D8B-4E64-9F00-CBA8C35CF803}.Debug|x86.ActiveCfg = Debug|Any CPU
		{FCB08CAB-2D8B-4E64-9F00-CBA8C35CF803}.Debug|x86.Build.0 = Debug|Any CPU
		{FCB08CAB-2D8B-4E64-9F00-CBA8C35CF803}.Release|Any CPU.ActiveCfg = Release|Any CPU
		{FCB08CAB-2D8B-4E64-9F00-CBA8C35CF803}.Release|Any CPU.Build.0 = Release|Any CPU
		{FCB08CAB-2D8B-4E64-9F00-CBA8C35CF803}.Release|x64.ActiveCfg = Release|Any CPU
		{FCB08CAB-2D8B-4E64-9F00-CBA8C35CF803}.Release|x64.Build.0 = Release|Any CPU
		{FCB08CAB-2D8B-4E64-9F00-CBA8C35CF803}.Release|x86.ActiveCfg = Release|Any CPU
		{FCB08CAB-2D8B-4E64-9F00-CBA8C35CF803}.Release|x86.Build.0 = Release|Any CPU
		{7B84D183-BC3D-4EDC-850A-AD2D8DF12B00}.Debug|Any CPU.ActiveCfg = Debug|Any CPU
		{7B84D183-BC3D-4EDC-850A-AD2D8DF12B00}.Debug|Any CPU.Build.0 = Debug|Any CPU
		{7B84D183-BC3D-4EDC-850A-AD2D8DF12B00}.Debug|x64.ActiveCfg = Debug|Any CPU
		{7B84D183-BC3D-4EDC-850A-AD2D8DF12B00}.Debug|x64.Build.0 = Debug|Any CPU
		{7B84D183-BC3D-4EDC-850A-AD2D8DF12B00}.Debug|x86.ActiveCfg = Debug|Any CPU
		{7B84D183-BC3D-4EDC-850A-AD2D8DF12B00}.Debug|x86.Build.0 = Debug|Any CPU
		{7B84D183-BC3D-4EDC-850A-AD2D8DF12B00}.Release|Any CPU.ActiveCfg = Release|Any CPU
		{7B84D183-BC3D-4EDC-850A-AD2D8DF12B00}.Release|Any CPU.Build.0 = Release|Any CPU
		{7B84D183-BC3D-4EDC-850A-AD2D8DF12B00}.Release|x64.ActiveCfg = Release|Any CPU
		{7B84D183-BC3D-4EDC-850A-AD2D8DF12B00}.Release|x64.Build.0 = Release|Any CPU
		{7B84D183-BC3D-4EDC-850A-AD2D8DF12B00}.Release|x86.ActiveCfg = Release|Any CPU
		{7B84D183-BC3D-4EDC-850A-AD2D8DF12B00}.Release|x86.Build.0 = Release|Any CPU
		{8393C411-3C91-40E7-9D72-E16B4C387DC2}.Debug|Any CPU.ActiveCfg = Debug|Any CPU
		{8393C411-3C91-40E7-9D72-E16B4C387DC2}.Debug|Any CPU.Build.0 = Debug|Any CPU
		{8393C411-3C91-40E7-9D72-E16B4C387DC2}.Debug|x64.ActiveCfg = Debug|Any CPU
		{8393C411-3C91-40E7-9D72-E16B4C387DC2}.Debug|x64.Build.0 = Debug|Any CPU
		{8393C411-3C91-40E7-9D72-E16B4C387DC2}.Debug|x86.ActiveCfg = Debug|Any CPU
		{8393C411-3C91-40E7-9D72-E16B4C387DC2}.Debug|x86.Build.0 = Debug|Any CPU
		{8393C411-3C91-40E7-9D72-E16B4C387DC2}.Release|Any CPU.ActiveCfg = Release|Any CPU
		{8393C411-3C91-40E7-9D72-E16B4C387DC2}.Release|Any CPU.Build.0 = Release|Any CPU
		{8393C411-3C91-40E7-9D72-E16B4C387DC2}.Release|x64.ActiveCfg = Release|Any CPU
		{8393C411-3C91-40E7-9D72-E16B4C387DC2}.Release|x64.Build.0 = Release|Any CPU
		{8393C411-3C91-40E7-9D72-E16B4C387DC2}.Release|x86.ActiveCfg = Release|Any CPU
		{8393C411-3C91-40E7-9D72-E16B4C387DC2}.Release|x86.Build.0 = Release|Any CPU
		{0884F686-FBAD-4D47-A88E-5C44B14EB1DA}.Debug|Any CPU.ActiveCfg = Debug|Any CPU
		{0884F686-FBAD-4D47-A88E-5C44B14EB1DA}.Debug|Any CPU.Build.0 = Debug|Any CPU
		{0884F686-FBAD-4D47-A88E-5C44B14EB1DA}.Debug|x64.ActiveCfg = Debug|Any CPU
		{0884F686-FBAD-4D47-A88E-5C44B14EB1DA}.Debug|x64.Build.0 = Debug|Any CPU
		{0884F686-FBAD-4D47-A88E-5C44B14EB1DA}.Debug|x86.ActiveCfg = Debug|Any CPU
		{0884F686-FBAD-4D47-A88E-5C44B14EB1DA}.Debug|x86.Build.0 = Debug|Any CPU
		{0884F686-FBAD-4D47-A88E-5C44B14EB1DA}.Release|Any CPU.ActiveCfg = Release|Any CPU
		{0884F686-FBAD-4D47-A88E-5C44B14EB1DA}.Release|Any CPU.Build.0 = Release|Any CPU
		{0884F686-FBAD-4D47-A88E-5C44B14EB1DA}.Release|x64.ActiveCfg = Release|Any CPU
		{0884F686-FBAD-4D47-A88E-5C44B14EB1DA}.Release|x64.Build.0 = Release|Any CPU
		{0884F686-FBAD-4D47-A88E-5C44B14EB1DA}.Release|x86.ActiveCfg = Release|Any CPU
		{0884F686-FBAD-4D47-A88E-5C44B14EB1DA}.Release|x86.Build.0 = Release|Any CPU
		{8901E6B2-B6FC-4398-9388-FA8E0C6DA53D}.Debug|Any CPU.ActiveCfg = Debug|Any CPU
		{8901E6B2-B6FC-4398-9388-FA8E0C6DA53D}.Debug|Any CPU.Build.0 = Debug|Any CPU
		{8901E6B2-B6FC-4398-9388-FA8E0C6DA53D}.Debug|x64.ActiveCfg = Debug|Any CPU
		{8901E6B2-B6FC-4398-9388-FA8E0C6DA53D}.Debug|x64.Build.0 = Debug|Any CPU
		{8901E6B2-B6FC-4398-9388-FA8E0C6DA53D}.Debug|x86.ActiveCfg = Debug|Any CPU
		{8901E6B2-B6FC-4398-9388-FA8E0C6DA53D}.Debug|x86.Build.0 = Debug|Any CPU
		{8901E6B2-B6FC-4398-9388-FA8E0C6DA53D}.Release|Any CPU.ActiveCfg = Release|Any CPU
		{8901E6B2-B6FC-4398-9388-FA8E0C6DA53D}.Release|Any CPU.Build.0 = Release|Any CPU
		{8901E6B2-B6FC-4398-9388-FA8E0C6DA53D}.Release|x64.ActiveCfg = Release|Any CPU
		{8901E6B2-B6FC-4398-9388-FA8E0C6DA53D}.Release|x64.Build.0 = Release|Any CPU
		{8901E6B2-B6FC-4398-9388-FA8E0C6DA53D}.Release|x86.ActiveCfg = Release|Any CPU
		{8901E6B2-B6FC-4398-9388-FA8E0C6DA53D}.Release|x86.Build.0 = Release|Any CPU
		{931F8955-5ACA-47CD-9F8F-6E2C9D4FB7FD}.Debug|Any CPU.ActiveCfg = Debug|Any CPU
		{931F8955-5ACA-47CD-9F8F-6E2C9D4FB7FD}.Debug|Any CPU.Build.0 = Debug|Any CPU
		{931F8955-5ACA-47CD-9F8F-6E2C9D4FB7FD}.Debug|x64.ActiveCfg = Debug|Any CPU
		{931F8955-5ACA-47CD-9F8F-6E2C9D4FB7FD}.Debug|x64.Build.0 = Debug|Any CPU
		{931F8955-5ACA-47CD-9F8F-6E2C9D4FB7FD}.Debug|x86.ActiveCfg = Debug|Any CPU
		{931F8955-5ACA-47CD-9F8F-6E2C9D4FB7FD}.Debug|x86.Build.0 = Debug|Any CPU
		{931F8955-5ACA-47CD-9F8F-6E2C9D4FB7FD}.Release|Any CPU.ActiveCfg = Release|Any CPU
		{931F8955-5ACA-47CD-9F8F-6E2C9D4FB7FD}.Release|Any CPU.Build.0 = Release|Any CPU
		{931F8955-5ACA-47CD-9F8F-6E2C9D4FB7FD}.Release|x64.ActiveCfg = Release|Any CPU
		{931F8955-5ACA-47CD-9F8F-6E2C9D4FB7FD}.Release|x64.Build.0 = Release|Any CPU
		{931F8955-5ACA-47CD-9F8F-6E2C9D4FB7FD}.Release|x86.ActiveCfg = Release|Any CPU
		{931F8955-5ACA-47CD-9F8F-6E2C9D4FB7FD}.Release|x86.Build.0 = Release|Any CPU
		{742E1656-AE82-4972-9445-AD56CAC8C07B}.Debug|Any CPU.ActiveCfg = Debug|Any CPU
		{742E1656-AE82-4972-9445-AD56CAC8C07B}.Debug|Any CPU.Build.0 = Debug|Any CPU
		{742E1656-AE82-4972-9445-AD56CAC8C07B}.Debug|x64.ActiveCfg = Debug|Any CPU
		{742E1656-AE82-4972-9445-AD56CAC8C07B}.Debug|x64.Build.0 = Debug|Any CPU
		{742E1656-AE82-4972-9445-AD56CAC8C07B}.Debug|x86.ActiveCfg = Debug|Any CPU
		{742E1656-AE82-4972-9445-AD56CAC8C07B}.Debug|x86.Build.0 = Debug|Any CPU
		{742E1656-AE82-4972-9445-AD56CAC8C07B}.Release|Any CPU.ActiveCfg = Release|Any CPU
		{742E1656-AE82-4972-9445-AD56CAC8C07B}.Release|Any CPU.Build.0 = Release|Any CPU
		{742E1656-AE82-4972-9445-AD56CAC8C07B}.Release|x64.ActiveCfg = Release|Any CPU
		{742E1656-AE82-4972-9445-AD56CAC8C07B}.Release|x64.Build.0 = Release|Any CPU
		{742E1656-AE82-4972-9445-AD56CAC8C07B}.Release|x86.ActiveCfg = Release|Any CPU
		{742E1656-AE82-4972-9445-AD56CAC8C07B}.Release|x86.Build.0 = Release|Any CPU
		{34097347-3C8B-48E8-BA68-7C31AE7240D2}.Debug|Any CPU.ActiveCfg = Debug|Any CPU
		{34097347-3C8B-48E8-BA68-7C31AE7240D2}.Debug|Any CPU.Build.0 = Debug|Any CPU
		{34097347-3C8B-48E8-BA68-7C31AE7240D2}.Debug|x64.ActiveCfg = Debug|Any CPU
		{34097347-3C8B-48E8-BA68-7C31AE7240D2}.Debug|x64.Build.0 = Debug|Any CPU
		{34097347-3C8B-48E8-BA68-7C31AE7240D2}.Debug|x86.ActiveCfg = Debug|Any CPU
		{34097347-3C8B-48E8-BA68-7C31AE7240D2}.Debug|x86.Build.0 = Debug|Any CPU
		{34097347-3C8B-48E8-BA68-7C31AE7240D2}.Release|Any CPU.ActiveCfg = Release|Any CPU
		{34097347-3C8B-48E8-BA68-7C31AE7240D2}.Release|Any CPU.Build.0 = Release|Any CPU
		{34097347-3C8B-48E8-BA68-7C31AE7240D2}.Release|x64.ActiveCfg = Release|Any CPU
		{34097347-3C8B-48E8-BA68-7C31AE7240D2}.Release|x64.Build.0 = Release|Any CPU
		{34097347-3C8B-48E8-BA68-7C31AE7240D2}.Release|x86.ActiveCfg = Release|Any CPU
		{34097347-3C8B-48E8-BA68-7C31AE7240D2}.Release|x86.Build.0 = Release|Any CPU
		{17B34D6D-5108-41F0-9830-E748FEBE925F}.Debug|Any CPU.ActiveCfg = Debug|Any CPU
		{17B34D6D-5108-41F0-9830-E748FEBE925F}.Debug|Any CPU.Build.0 = Debug|Any CPU
		{17B34D6D-5108-41F0-9830-E748FEBE925F}.Debug|x64.ActiveCfg = Debug|Any CPU
		{17B34D6D-5108-41F0-9830-E748FEBE925F}.Debug|x64.Build.0 = Debug|Any CPU
		{17B34D6D-5108-41F0-9830-E748FEBE925F}.Debug|x86.ActiveCfg = Debug|Any CPU
		{17B34D6D-5108-41F0-9830-E748FEBE925F}.Debug|x86.Build.0 = Debug|Any CPU
		{17B34D6D-5108-41F0-9830-E748FEBE925F}.Release|Any CPU.ActiveCfg = Release|Any CPU
		{17B34D6D-5108-41F0-9830-E748FEBE925F}.Release|Any CPU.Build.0 = Release|Any CPU
		{17B34D6D-5108-41F0-9830-E748FEBE925F}.Release|x64.ActiveCfg = Release|Any CPU
		{17B34D6D-5108-41F0-9830-E748FEBE925F}.Release|x64.Build.0 = Release|Any CPU
		{17B34D6D-5108-41F0-9830-E748FEBE925F}.Release|x86.ActiveCfg = Release|Any CPU
		{17B34D6D-5108-41F0-9830-E748FEBE925F}.Release|x86.Build.0 = Release|Any CPU
		{25D124AA-BE81-4AB6-B30E-8D3F0F170B91}.Debug|Any CPU.ActiveCfg = Debug|Any CPU
		{25D124AA-BE81-4AB6-B30E-8D3F0F170B91}.Debug|Any CPU.Build.0 = Debug|Any CPU
		{25D124AA-BE81-4AB6-B30E-8D3F0F170B91}.Debug|x64.ActiveCfg = Debug|Any CPU
		{25D124AA-BE81-4AB6-B30E-8D3F0F170B91}.Debug|x64.Build.0 = Debug|Any CPU
		{25D124AA-BE81-4AB6-B30E-8D3F0F170B91}.Debug|x86.ActiveCfg = Debug|Any CPU
		{25D124AA-BE81-4AB6-B30E-8D3F0F170B91}.Debug|x86.Build.0 = Debug|Any CPU
		{25D124AA-BE81-4AB6-B30E-8D3F0F170B91}.Release|Any CPU.ActiveCfg = Release|Any CPU
		{25D124AA-BE81-4AB6-B30E-8D3F0F170B91}.Release|Any CPU.Build.0 = Release|Any CPU
		{25D124AA-BE81-4AB6-B30E-8D3F0F170B91}.Release|x64.ActiveCfg = Release|Any CPU
		{25D124AA-BE81-4AB6-B30E-8D3F0F170B91}.Release|x64.Build.0 = Release|Any CPU
		{25D124AA-BE81-4AB6-B30E-8D3F0F170B91}.Release|x86.ActiveCfg = Release|Any CPU
		{25D124AA-BE81-4AB6-B30E-8D3F0F170B91}.Release|x86.Build.0 = Release|Any CPU
		{71153330-19B9-447B-B413-2195DF15CA29}.Debug|Any CPU.ActiveCfg = Debug|Any CPU
		{71153330-19B9-447B-B413-2195DF15CA29}.Debug|Any CPU.Build.0 = Debug|Any CPU
		{71153330-19B9-447B-B413-2195DF15CA29}.Debug|x64.ActiveCfg = Debug|Any CPU
		{71153330-19B9-447B-B413-2195DF15CA29}.Debug|x64.Build.0 = Debug|Any CPU
		{71153330-19B9-447B-B413-2195DF15CA29}.Debug|x86.ActiveCfg = Debug|Any CPU
		{71153330-19B9-447B-B413-2195DF15CA29}.Debug|x86.Build.0 = Debug|Any CPU
		{71153330-19B9-447B-B413-2195DF15CA29}.Release|Any CPU.ActiveCfg = Release|Any CPU
		{71153330-19B9-447B-B413-2195DF15CA29}.Release|Any CPU.Build.0 = Release|Any CPU
		{71153330-19B9-447B-B413-2195DF15CA29}.Release|x64.ActiveCfg = Release|Any CPU
		{71153330-19B9-447B-B413-2195DF15CA29}.Release|x64.Build.0 = Release|Any CPU
		{71153330-19B9-447B-B413-2195DF15CA29}.Release|x86.ActiveCfg = Release|Any CPU
		{71153330-19B9-447B-B413-2195DF15CA29}.Release|x86.Build.0 = Release|Any CPU
		{279CD90B-A648-475A-8023-9A872B90C7C1}.Debug|Any CPU.ActiveCfg = Debug|Any CPU
		{279CD90B-A648-475A-8023-9A872B90C7C1}.Debug|Any CPU.Build.0 = Debug|Any CPU
		{279CD90B-A648-475A-8023-9A872B90C7C1}.Debug|x64.ActiveCfg = Debug|Any CPU
		{279CD90B-A648-475A-8023-9A872B90C7C1}.Debug|x64.Build.0 = Debug|Any CPU
		{279CD90B-A648-475A-8023-9A872B90C7C1}.Debug|x86.ActiveCfg = Debug|Any CPU
		{279CD90B-A648-475A-8023-9A872B90C7C1}.Debug|x86.Build.0 = Debug|Any CPU
		{279CD90B-A648-475A-8023-9A872B90C7C1}.Release|Any CPU.ActiveCfg = Release|Any CPU
		{279CD90B-A648-475A-8023-9A872B90C7C1}.Release|Any CPU.Build.0 = Release|Any CPU
		{279CD90B-A648-475A-8023-9A872B90C7C1}.Release|x64.ActiveCfg = Release|Any CPU
		{279CD90B-A648-475A-8023-9A872B90C7C1}.Release|x64.Build.0 = Release|Any CPU
		{279CD90B-A648-475A-8023-9A872B90C7C1}.Release|x86.ActiveCfg = Release|Any CPU
		{279CD90B-A648-475A-8023-9A872B90C7C1}.Release|x86.Build.0 = Release|Any CPU
		{C8D0A875-AEE8-468B-8838-D7E8A4457959}.Debug|Any CPU.ActiveCfg = Debug|Any CPU
		{C8D0A875-AEE8-468B-8838-D7E8A4457959}.Debug|Any CPU.Build.0 = Debug|Any CPU
		{C8D0A875-AEE8-468B-8838-D7E8A4457959}.Debug|x64.ActiveCfg = Debug|Any CPU
		{C8D0A875-AEE8-468B-8838-D7E8A4457959}.Debug|x64.Build.0 = Debug|Any CPU
		{C8D0A875-AEE8-468B-8838-D7E8A4457959}.Debug|x86.ActiveCfg = Debug|Any CPU
		{C8D0A875-AEE8-468B-8838-D7E8A4457959}.Debug|x86.Build.0 = Debug|Any CPU
		{C8D0A875-AEE8-468B-8838-D7E8A4457959}.Release|Any CPU.ActiveCfg = Release|Any CPU
		{C8D0A875-AEE8-468B-8838-D7E8A4457959}.Release|Any CPU.Build.0 = Release|Any CPU
		{C8D0A875-AEE8-468B-8838-D7E8A4457959}.Release|x64.ActiveCfg = Release|Any CPU
		{C8D0A875-AEE8-468B-8838-D7E8A4457959}.Release|x64.Build.0 = Release|Any CPU
		{C8D0A875-AEE8-468B-8838-D7E8A4457959}.Release|x86.ActiveCfg = Release|Any CPU
		{C8D0A875-AEE8-468B-8838-D7E8A4457959}.Release|x86.Build.0 = Release|Any CPU
		{C5144F9D-2593-4DD0-BAF6-CA932A31B3A8}.Debug|Any CPU.ActiveCfg = Debug|Any CPU
		{C5144F9D-2593-4DD0-BAF6-CA932A31B3A8}.Debug|Any CPU.Build.0 = Debug|Any CPU
		{C5144F9D-2593-4DD0-BAF6-CA932A31B3A8}.Debug|x64.ActiveCfg = Debug|Any CPU
		{C5144F9D-2593-4DD0-BAF6-CA932A31B3A8}.Debug|x64.Build.0 = Debug|Any CPU
		{C5144F9D-2593-4DD0-BAF6-CA932A31B3A8}.Debug|x86.ActiveCfg = Debug|Any CPU
		{C5144F9D-2593-4DD0-BAF6-CA932A31B3A8}.Debug|x86.Build.0 = Debug|Any CPU
		{C5144F9D-2593-4DD0-BAF6-CA932A31B3A8}.Release|Any CPU.ActiveCfg = Release|Any CPU
		{C5144F9D-2593-4DD0-BAF6-CA932A31B3A8}.Release|Any CPU.Build.0 = Release|Any CPU
		{C5144F9D-2593-4DD0-BAF6-CA932A31B3A8}.Release|x64.ActiveCfg = Release|Any CPU
		{C5144F9D-2593-4DD0-BAF6-CA932A31B3A8}.Release|x64.Build.0 = Release|Any CPU
		{C5144F9D-2593-4DD0-BAF6-CA932A31B3A8}.Release|x86.ActiveCfg = Release|Any CPU
		{C5144F9D-2593-4DD0-BAF6-CA932A31B3A8}.Release|x86.Build.0 = Release|Any CPU
		{63C37B08-3808-497E-A28B-8F9D082A5AD4}.Debug|Any CPU.ActiveCfg = Debug|Any CPU
		{63C37B08-3808-497E-A28B-8F9D082A5AD4}.Debug|Any CPU.Build.0 = Debug|Any CPU
		{63C37B08-3808-497E-A28B-8F9D082A5AD4}.Debug|x64.ActiveCfg = Debug|Any CPU
		{63C37B08-3808-497E-A28B-8F9D082A5AD4}.Debug|x64.Build.0 = Debug|Any CPU
		{63C37B08-3808-497E-A28B-8F9D082A5AD4}.Debug|x86.ActiveCfg = Debug|Any CPU
		{63C37B08-3808-497E-A28B-8F9D082A5AD4}.Debug|x86.Build.0 = Debug|Any CPU
		{63C37B08-3808-497E-A28B-8F9D082A5AD4}.Release|Any CPU.ActiveCfg = Release|Any CPU
		{63C37B08-3808-497E-A28B-8F9D082A5AD4}.Release|Any CPU.Build.0 = Release|Any CPU
		{63C37B08-3808-497E-A28B-8F9D082A5AD4}.Release|x64.ActiveCfg = Release|Any CPU
		{63C37B08-3808-497E-A28B-8F9D082A5AD4}.Release|x64.Build.0 = Release|Any CPU
		{63C37B08-3808-497E-A28B-8F9D082A5AD4}.Release|x86.ActiveCfg = Release|Any CPU
		{63C37B08-3808-497E-A28B-8F9D082A5AD4}.Release|x86.Build.0 = Release|Any CPU
		{09CF111D-62B9-475E-BDCD-352F5E130437}.Debug|Any CPU.ActiveCfg = Debug|Any CPU
		{09CF111D-62B9-475E-BDCD-352F5E130437}.Debug|Any CPU.Build.0 = Debug|Any CPU
		{09CF111D-62B9-475E-BDCD-352F5E130437}.Debug|x64.ActiveCfg = Debug|Any CPU
		{09CF111D-62B9-475E-BDCD-352F5E130437}.Debug|x64.Build.0 = Debug|Any CPU
		{09CF111D-62B9-475E-BDCD-352F5E130437}.Debug|x86.ActiveCfg = Debug|Any CPU
		{09CF111D-62B9-475E-BDCD-352F5E130437}.Debug|x86.Build.0 = Debug|Any CPU
		{09CF111D-62B9-475E-BDCD-352F5E130437}.Release|Any CPU.ActiveCfg = Release|Any CPU
		{09CF111D-62B9-475E-BDCD-352F5E130437}.Release|Any CPU.Build.0 = Release|Any CPU
		{09CF111D-62B9-475E-BDCD-352F5E130437}.Release|x64.ActiveCfg = Release|Any CPU
		{09CF111D-62B9-475E-BDCD-352F5E130437}.Release|x64.Build.0 = Release|Any CPU
		{09CF111D-62B9-475E-BDCD-352F5E130437}.Release|x86.ActiveCfg = Release|Any CPU
		{09CF111D-62B9-475E-BDCD-352F5E130437}.Release|x86.Build.0 = Release|Any CPU
		{60B268EE-390A-4A6C-9889-94DE0A4B3C63}.Debug|Any CPU.ActiveCfg = Debug|Any CPU
		{60B268EE-390A-4A6C-9889-94DE0A4B3C63}.Debug|Any CPU.Build.0 = Debug|Any CPU
		{60B268EE-390A-4A6C-9889-94DE0A4B3C63}.Debug|x64.ActiveCfg = Debug|Any CPU
		{60B268EE-390A-4A6C-9889-94DE0A4B3C63}.Debug|x64.Build.0 = Debug|Any CPU
		{60B268EE-390A-4A6C-9889-94DE0A4B3C63}.Debug|x86.ActiveCfg = Debug|Any CPU
		{60B268EE-390A-4A6C-9889-94DE0A4B3C63}.Debug|x86.Build.0 = Debug|Any CPU
		{60B268EE-390A-4A6C-9889-94DE0A4B3C63}.Release|Any CPU.ActiveCfg = Release|Any CPU
		{60B268EE-390A-4A6C-9889-94DE0A4B3C63}.Release|Any CPU.Build.0 = Release|Any CPU
		{60B268EE-390A-4A6C-9889-94DE0A4B3C63}.Release|x64.ActiveCfg = Release|Any CPU
		{60B268EE-390A-4A6C-9889-94DE0A4B3C63}.Release|x64.Build.0 = Release|Any CPU
		{60B268EE-390A-4A6C-9889-94DE0A4B3C63}.Release|x86.ActiveCfg = Release|Any CPU
		{60B268EE-390A-4A6C-9889-94DE0A4B3C63}.Release|x86.Build.0 = Release|Any CPU
		{A3106F4D-CF2E-4F1A-AA18-52B21045B85F}.Debug|Any CPU.ActiveCfg = Debug|Any CPU
		{A3106F4D-CF2E-4F1A-AA18-52B21045B85F}.Debug|Any CPU.Build.0 = Debug|Any CPU
		{A3106F4D-CF2E-4F1A-AA18-52B21045B85F}.Debug|x64.ActiveCfg = Debug|Any CPU
		{A3106F4D-CF2E-4F1A-AA18-52B21045B85F}.Debug|x64.Build.0 = Debug|Any CPU
		{A3106F4D-CF2E-4F1A-AA18-52B21045B85F}.Debug|x86.ActiveCfg = Debug|Any CPU
		{A3106F4D-CF2E-4F1A-AA18-52B21045B85F}.Debug|x86.Build.0 = Debug|Any CPU
		{A3106F4D-CF2E-4F1A-AA18-52B21045B85F}.Release|Any CPU.ActiveCfg = Release|Any CPU
		{A3106F4D-CF2E-4F1A-AA18-52B21045B85F}.Release|Any CPU.Build.0 = Release|Any CPU
		{A3106F4D-CF2E-4F1A-AA18-52B21045B85F}.Release|x64.ActiveCfg = Release|Any CPU
		{A3106F4D-CF2E-4F1A-AA18-52B21045B85F}.Release|x64.Build.0 = Release|Any CPU
		{A3106F4D-CF2E-4F1A-AA18-52B21045B85F}.Release|x86.ActiveCfg = Release|Any CPU
		{A3106F4D-CF2E-4F1A-AA18-52B21045B85F}.Release|x86.Build.0 = Release|Any CPU
		{280841A0-DFD1-4905-9D57-1701A23EB83E}.Debug|Any CPU.ActiveCfg = Debug|Any CPU
		{280841A0-DFD1-4905-9D57-1701A23EB83E}.Debug|Any CPU.Build.0 = Debug|Any CPU
		{280841A0-DFD1-4905-9D57-1701A23EB83E}.Debug|x64.ActiveCfg = Debug|Any CPU
		{280841A0-DFD1-4905-9D57-1701A23EB83E}.Debug|x64.Build.0 = Debug|Any CPU
		{280841A0-DFD1-4905-9D57-1701A23EB83E}.Debug|x86.ActiveCfg = Debug|Any CPU
		{280841A0-DFD1-4905-9D57-1701A23EB83E}.Debug|x86.Build.0 = Debug|Any CPU
		{280841A0-DFD1-4905-9D57-1701A23EB83E}.Release|Any CPU.ActiveCfg = Release|Any CPU
		{280841A0-DFD1-4905-9D57-1701A23EB83E}.Release|Any CPU.Build.0 = Release|Any CPU
		{280841A0-DFD1-4905-9D57-1701A23EB83E}.Release|x64.ActiveCfg = Release|Any CPU
		{280841A0-DFD1-4905-9D57-1701A23EB83E}.Release|x64.Build.0 = Release|Any CPU
		{280841A0-DFD1-4905-9D57-1701A23EB83E}.Release|x86.ActiveCfg = Release|Any CPU
		{280841A0-DFD1-4905-9D57-1701A23EB83E}.Release|x86.Build.0 = Release|Any CPU
		{702BB3EA-7687-45FC-9A90-D8CA2A4ABBBE}.Debug|Any CPU.ActiveCfg = Debug|Any CPU
		{702BB3EA-7687-45FC-9A90-D8CA2A4ABBBE}.Debug|Any CPU.Build.0 = Debug|Any CPU
		{702BB3EA-7687-45FC-9A90-D8CA2A4ABBBE}.Debug|x64.ActiveCfg = Debug|Any CPU
		{702BB3EA-7687-45FC-9A90-D8CA2A4ABBBE}.Debug|x64.Build.0 = Debug|Any CPU
		{702BB3EA-7687-45FC-9A90-D8CA2A4ABBBE}.Debug|x86.ActiveCfg = Debug|Any CPU
		{702BB3EA-7687-45FC-9A90-D8CA2A4ABBBE}.Debug|x86.Build.0 = Debug|Any CPU
		{702BB3EA-7687-45FC-9A90-D8CA2A4ABBBE}.Release|Any CPU.ActiveCfg = Release|Any CPU
		{702BB3EA-7687-45FC-9A90-D8CA2A4ABBBE}.Release|Any CPU.Build.0 = Release|Any CPU
		{702BB3EA-7687-45FC-9A90-D8CA2A4ABBBE}.Release|x64.ActiveCfg = Release|Any CPU
		{702BB3EA-7687-45FC-9A90-D8CA2A4ABBBE}.Release|x64.Build.0 = Release|Any CPU
		{702BB3EA-7687-45FC-9A90-D8CA2A4ABBBE}.Release|x86.ActiveCfg = Release|Any CPU
		{702BB3EA-7687-45FC-9A90-D8CA2A4ABBBE}.Release|x86.Build.0 = Release|Any CPU
		{0E23C9B3-167D-4DAC-B573-434CA94AEF8B}.Debug|Any CPU.ActiveCfg = Debug|Any CPU
		{0E23C9B3-167D-4DAC-B573-434CA94AEF8B}.Debug|Any CPU.Build.0 = Debug|Any CPU
		{0E23C9B3-167D-4DAC-B573-434CA94AEF8B}.Debug|x64.ActiveCfg = Debug|Any CPU
		{0E23C9B3-167D-4DAC-B573-434CA94AEF8B}.Debug|x64.Build.0 = Debug|Any CPU
		{0E23C9B3-167D-4DAC-B573-434CA94AEF8B}.Debug|x86.ActiveCfg = Debug|Any CPU
		{0E23C9B3-167D-4DAC-B573-434CA94AEF8B}.Debug|x86.Build.0 = Debug|Any CPU
		{0E23C9B3-167D-4DAC-B573-434CA94AEF8B}.Release|Any CPU.ActiveCfg = Release|Any CPU
		{0E23C9B3-167D-4DAC-B573-434CA94AEF8B}.Release|Any CPU.Build.0 = Release|Any CPU
		{0E23C9B3-167D-4DAC-B573-434CA94AEF8B}.Release|x64.ActiveCfg = Release|Any CPU
		{0E23C9B3-167D-4DAC-B573-434CA94AEF8B}.Release|x64.Build.0 = Release|Any CPU
		{0E23C9B3-167D-4DAC-B573-434CA94AEF8B}.Release|x86.ActiveCfg = Release|Any CPU
		{0E23C9B3-167D-4DAC-B573-434CA94AEF8B}.Release|x86.Build.0 = Release|Any CPU
		{B218006E-DB30-4303-B835-A061902C7CFF}.Debug|Any CPU.ActiveCfg = Debug|Any CPU
		{B218006E-DB30-4303-B835-A061902C7CFF}.Debug|Any CPU.Build.0 = Debug|Any CPU
		{B218006E-DB30-4303-B835-A061902C7CFF}.Debug|x64.ActiveCfg = Debug|Any CPU
		{B218006E-DB30-4303-B835-A061902C7CFF}.Debug|x64.Build.0 = Debug|Any CPU
		{B218006E-DB30-4303-B835-A061902C7CFF}.Debug|x86.ActiveCfg = Debug|Any CPU
		{B218006E-DB30-4303-B835-A061902C7CFF}.Debug|x86.Build.0 = Debug|Any CPU
		{B218006E-DB30-4303-B835-A061902C7CFF}.Release|Any CPU.ActiveCfg = Release|Any CPU
		{B218006E-DB30-4303-B835-A061902C7CFF}.Release|Any CPU.Build.0 = Release|Any CPU
		{B218006E-DB30-4303-B835-A061902C7CFF}.Release|x64.ActiveCfg = Release|Any CPU
		{B218006E-DB30-4303-B835-A061902C7CFF}.Release|x64.Build.0 = Release|Any CPU
		{B218006E-DB30-4303-B835-A061902C7CFF}.Release|x86.ActiveCfg = Release|Any CPU
		{B218006E-DB30-4303-B835-A061902C7CFF}.Release|x86.Build.0 = Release|Any CPU
		{0C9EC699-6101-4A26-8D54-A99058A8C84F}.Debug|Any CPU.ActiveCfg = Debug|Any CPU
		{0C9EC699-6101-4A26-8D54-A99058A8C84F}.Debug|Any CPU.Build.0 = Debug|Any CPU
		{0C9EC699-6101-4A26-8D54-A99058A8C84F}.Debug|x64.ActiveCfg = Debug|Any CPU
		{0C9EC699-6101-4A26-8D54-A99058A8C84F}.Debug|x64.Build.0 = Debug|Any CPU
		{0C9EC699-6101-4A26-8D54-A99058A8C84F}.Debug|x86.ActiveCfg = Debug|Any CPU
		{0C9EC699-6101-4A26-8D54-A99058A8C84F}.Debug|x86.Build.0 = Debug|Any CPU
		{0C9EC699-6101-4A26-8D54-A99058A8C84F}.Release|Any CPU.ActiveCfg = Release|Any CPU
		{0C9EC699-6101-4A26-8D54-A99058A8C84F}.Release|Any CPU.Build.0 = Release|Any CPU
		{0C9EC699-6101-4A26-8D54-A99058A8C84F}.Release|x64.ActiveCfg = Release|Any CPU
		{0C9EC699-6101-4A26-8D54-A99058A8C84F}.Release|x64.Build.0 = Release|Any CPU
		{0C9EC699-6101-4A26-8D54-A99058A8C84F}.Release|x86.ActiveCfg = Release|Any CPU
		{0C9EC699-6101-4A26-8D54-A99058A8C84F}.Release|x86.Build.0 = Release|Any CPU
		{1FA87661-265D-4696-87DA-F4451D8D3022}.Debug|Any CPU.ActiveCfg = Debug|Any CPU
		{1FA87661-265D-4696-87DA-F4451D8D3022}.Debug|Any CPU.Build.0 = Debug|Any CPU
		{1FA87661-265D-4696-87DA-F4451D8D3022}.Debug|x64.ActiveCfg = Debug|Any CPU
		{1FA87661-265D-4696-87DA-F4451D8D3022}.Debug|x64.Build.0 = Debug|Any CPU
		{1FA87661-265D-4696-87DA-F4451D8D3022}.Debug|x86.ActiveCfg = Debug|Any CPU
		{1FA87661-265D-4696-87DA-F4451D8D3022}.Debug|x86.Build.0 = Debug|Any CPU
		{1FA87661-265D-4696-87DA-F4451D8D3022}.Release|Any CPU.ActiveCfg = Release|Any CPU
		{1FA87661-265D-4696-87DA-F4451D8D3022}.Release|Any CPU.Build.0 = Release|Any CPU
		{1FA87661-265D-4696-87DA-F4451D8D3022}.Release|x64.ActiveCfg = Release|Any CPU
		{1FA87661-265D-4696-87DA-F4451D8D3022}.Release|x64.Build.0 = Release|Any CPU
		{1FA87661-265D-4696-87DA-F4451D8D3022}.Release|x86.ActiveCfg = Release|Any CPU
		{1FA87661-265D-4696-87DA-F4451D8D3022}.Release|x86.Build.0 = Release|Any CPU
		{DF849E03-2974-4FE7-9903-C09BEFC05641}.Debug|Any CPU.ActiveCfg = Debug|Any CPU
		{DF849E03-2974-4FE7-9903-C09BEFC05641}.Debug|Any CPU.Build.0 = Debug|Any CPU
		{DF849E03-2974-4FE7-9903-C09BEFC05641}.Debug|x64.ActiveCfg = Debug|Any CPU
		{DF849E03-2974-4FE7-9903-C09BEFC05641}.Debug|x64.Build.0 = Debug|Any CPU
		{DF849E03-2974-4FE7-9903-C09BEFC05641}.Debug|x86.ActiveCfg = Debug|Any CPU
		{DF849E03-2974-4FE7-9903-C09BEFC05641}.Debug|x86.Build.0 = Debug|Any CPU
		{DF849E03-2974-4FE7-9903-C09BEFC05641}.Release|Any CPU.ActiveCfg = Release|Any CPU
		{DF849E03-2974-4FE7-9903-C09BEFC05641}.Release|Any CPU.Build.0 = Release|Any CPU
		{DF849E03-2974-4FE7-9903-C09BEFC05641}.Release|x64.ActiveCfg = Release|Any CPU
		{DF849E03-2974-4FE7-9903-C09BEFC05641}.Release|x64.Build.0 = Release|Any CPU
		{DF849E03-2974-4FE7-9903-C09BEFC05641}.Release|x86.ActiveCfg = Release|Any CPU
		{DF849E03-2974-4FE7-9903-C09BEFC05641}.Release|x86.Build.0 = Release|Any CPU
		{6898EEE0-73A8-4AE8-9114-CDE47128C7A9}.Debug|Any CPU.ActiveCfg = Debug|Any CPU
		{6898EEE0-73A8-4AE8-9114-CDE47128C7A9}.Debug|Any CPU.Build.0 = Debug|Any CPU
		{6898EEE0-73A8-4AE8-9114-CDE47128C7A9}.Debug|x64.ActiveCfg = Debug|Any CPU
		{6898EEE0-73A8-4AE8-9114-CDE47128C7A9}.Debug|x64.Build.0 = Debug|Any CPU
		{6898EEE0-73A8-4AE8-9114-CDE47128C7A9}.Debug|x86.ActiveCfg = Debug|Any CPU
		{6898EEE0-73A8-4AE8-9114-CDE47128C7A9}.Debug|x86.Build.0 = Debug|Any CPU
		{6898EEE0-73A8-4AE8-9114-CDE47128C7A9}.Release|Any CPU.ActiveCfg = Release|Any CPU
		{6898EEE0-73A8-4AE8-9114-CDE47128C7A9}.Release|Any CPU.Build.0 = Release|Any CPU
		{6898EEE0-73A8-4AE8-9114-CDE47128C7A9}.Release|x64.ActiveCfg = Release|Any CPU
		{6898EEE0-73A8-4AE8-9114-CDE47128C7A9}.Release|x64.Build.0 = Release|Any CPU
		{6898EEE0-73A8-4AE8-9114-CDE47128C7A9}.Release|x86.ActiveCfg = Release|Any CPU
		{6898EEE0-73A8-4AE8-9114-CDE47128C7A9}.Release|x86.Build.0 = Release|Any CPU
		{5EFBDF82-5ECB-431B-8C33-150D54137D64}.Debug|Any CPU.ActiveCfg = Debug|Any CPU
		{5EFBDF82-5ECB-431B-8C33-150D54137D64}.Debug|Any CPU.Build.0 = Debug|Any CPU
		{5EFBDF82-5ECB-431B-8C33-150D54137D64}.Debug|x64.ActiveCfg = Debug|Any CPU
		{5EFBDF82-5ECB-431B-8C33-150D54137D64}.Debug|x64.Build.0 = Debug|Any CPU
		{5EFBDF82-5ECB-431B-8C33-150D54137D64}.Debug|x86.ActiveCfg = Debug|Any CPU
		{5EFBDF82-5ECB-431B-8C33-150D54137D64}.Debug|x86.Build.0 = Debug|Any CPU
		{5EFBDF82-5ECB-431B-8C33-150D54137D64}.Release|Any CPU.ActiveCfg = Release|Any CPU
		{5EFBDF82-5ECB-431B-8C33-150D54137D64}.Release|Any CPU.Build.0 = Release|Any CPU
		{5EFBDF82-5ECB-431B-8C33-150D54137D64}.Release|x64.ActiveCfg = Release|Any CPU
		{5EFBDF82-5ECB-431B-8C33-150D54137D64}.Release|x64.Build.0 = Release|Any CPU
		{5EFBDF82-5ECB-431B-8C33-150D54137D64}.Release|x86.ActiveCfg = Release|Any CPU
		{5EFBDF82-5ECB-431B-8C33-150D54137D64}.Release|x86.Build.0 = Release|Any CPU
		{02D8E8C8-CD37-47FB-8EDC-7B9187C69486}.Debug|Any CPU.ActiveCfg = Debug|Any CPU
		{02D8E8C8-CD37-47FB-8EDC-7B9187C69486}.Debug|Any CPU.Build.0 = Debug|Any CPU
		{02D8E8C8-CD37-47FB-8EDC-7B9187C69486}.Debug|x64.ActiveCfg = Debug|Any CPU
		{02D8E8C8-CD37-47FB-8EDC-7B9187C69486}.Debug|x64.Build.0 = Debug|Any CPU
		{02D8E8C8-CD37-47FB-8EDC-7B9187C69486}.Debug|x86.ActiveCfg = Debug|Any CPU
		{02D8E8C8-CD37-47FB-8EDC-7B9187C69486}.Debug|x86.Build.0 = Debug|Any CPU
		{02D8E8C8-CD37-47FB-8EDC-7B9187C69486}.Release|Any CPU.ActiveCfg = Release|Any CPU
		{02D8E8C8-CD37-47FB-8EDC-7B9187C69486}.Release|Any CPU.Build.0 = Release|Any CPU
		{02D8E8C8-CD37-47FB-8EDC-7B9187C69486}.Release|x64.ActiveCfg = Release|Any CPU
		{02D8E8C8-CD37-47FB-8EDC-7B9187C69486}.Release|x64.Build.0 = Release|Any CPU
		{02D8E8C8-CD37-47FB-8EDC-7B9187C69486}.Release|x86.ActiveCfg = Release|Any CPU
		{02D8E8C8-CD37-47FB-8EDC-7B9187C69486}.Release|x86.Build.0 = Release|Any CPU
		{AEE56E23-0271-46B6-8C44-80C050988C26}.Debug|Any CPU.ActiveCfg = Debug|Any CPU
		{AEE56E23-0271-46B6-8C44-80C050988C26}.Debug|Any CPU.Build.0 = Debug|Any CPU
		{AEE56E23-0271-46B6-8C44-80C050988C26}.Debug|x64.ActiveCfg = Debug|Any CPU
		{AEE56E23-0271-46B6-8C44-80C050988C26}.Debug|x64.Build.0 = Debug|Any CPU
		{AEE56E23-0271-46B6-8C44-80C050988C26}.Debug|x86.ActiveCfg = Debug|Any CPU
		{AEE56E23-0271-46B6-8C44-80C050988C26}.Debug|x86.Build.0 = Debug|Any CPU
		{AEE56E23-0271-46B6-8C44-80C050988C26}.Release|Any CPU.ActiveCfg = Release|Any CPU
		{AEE56E23-0271-46B6-8C44-80C050988C26}.Release|Any CPU.Build.0 = Release|Any CPU
		{AEE56E23-0271-46B6-8C44-80C050988C26}.Release|x64.ActiveCfg = Release|Any CPU
		{AEE56E23-0271-46B6-8C44-80C050988C26}.Release|x64.Build.0 = Release|Any CPU
		{AEE56E23-0271-46B6-8C44-80C050988C26}.Release|x86.ActiveCfg = Release|Any CPU
		{AEE56E23-0271-46B6-8C44-80C050988C26}.Release|x86.Build.0 = Release|Any CPU
		{AF6BC5E6-CCCB-4610-BB76-B840CD22D6E9}.Debug|Any CPU.ActiveCfg = Debug|Any CPU
		{AF6BC5E6-CCCB-4610-BB76-B840CD22D6E9}.Debug|Any CPU.Build.0 = Debug|Any CPU
		{AF6BC5E6-CCCB-4610-BB76-B840CD22D6E9}.Debug|x64.ActiveCfg = Debug|Any CPU
		{AF6BC5E6-CCCB-4610-BB76-B840CD22D6E9}.Debug|x64.Build.0 = Debug|Any CPU
		{AF6BC5E6-CCCB-4610-BB76-B840CD22D6E9}.Debug|x86.ActiveCfg = Debug|Any CPU
		{AF6BC5E6-CCCB-4610-BB76-B840CD22D6E9}.Debug|x86.Build.0 = Debug|Any CPU
		{AF6BC5E6-CCCB-4610-BB76-B840CD22D6E9}.Release|Any CPU.ActiveCfg = Release|Any CPU
		{AF6BC5E6-CCCB-4610-BB76-B840CD22D6E9}.Release|Any CPU.Build.0 = Release|Any CPU
		{AF6BC5E6-CCCB-4610-BB76-B840CD22D6E9}.Release|x64.ActiveCfg = Release|Any CPU
		{AF6BC5E6-CCCB-4610-BB76-B840CD22D6E9}.Release|x64.Build.0 = Release|Any CPU
		{AF6BC5E6-CCCB-4610-BB76-B840CD22D6E9}.Release|x86.ActiveCfg = Release|Any CPU
		{AF6BC5E6-CCCB-4610-BB76-B840CD22D6E9}.Release|x86.Build.0 = Release|Any CPU
		{888E8540-7926-46C2-B119-88A5C66A8F2A}.Debug|Any CPU.ActiveCfg = Debug|Any CPU
		{888E8540-7926-46C2-B119-88A5C66A8F2A}.Debug|Any CPU.Build.0 = Debug|Any CPU
		{888E8540-7926-46C2-B119-88A5C66A8F2A}.Debug|x64.ActiveCfg = Debug|Any CPU
		{888E8540-7926-46C2-B119-88A5C66A8F2A}.Debug|x64.Build.0 = Debug|Any CPU
		{888E8540-7926-46C2-B119-88A5C66A8F2A}.Debug|x86.ActiveCfg = Debug|Any CPU
		{888E8540-7926-46C2-B119-88A5C66A8F2A}.Debug|x86.Build.0 = Debug|Any CPU
		{888E8540-7926-46C2-B119-88A5C66A8F2A}.Release|Any CPU.ActiveCfg = Release|Any CPU
		{888E8540-7926-46C2-B119-88A5C66A8F2A}.Release|Any CPU.Build.0 = Release|Any CPU
		{888E8540-7926-46C2-B119-88A5C66A8F2A}.Release|x64.ActiveCfg = Release|Any CPU
		{888E8540-7926-46C2-B119-88A5C66A8F2A}.Release|x64.Build.0 = Release|Any CPU
		{888E8540-7926-46C2-B119-88A5C66A8F2A}.Release|x86.ActiveCfg = Release|Any CPU
		{888E8540-7926-46C2-B119-88A5C66A8F2A}.Release|x86.Build.0 = Release|Any CPU
		{39FB87C8-7D0B-4F84-BA7A-59E31ADAC9C0}.Debug|Any CPU.ActiveCfg = Debug|Any CPU
		{39FB87C8-7D0B-4F84-BA7A-59E31ADAC9C0}.Debug|Any CPU.Build.0 = Debug|Any CPU
		{39FB87C8-7D0B-4F84-BA7A-59E31ADAC9C0}.Debug|x64.ActiveCfg = Debug|Any CPU
		{39FB87C8-7D0B-4F84-BA7A-59E31ADAC9C0}.Debug|x64.Build.0 = Debug|Any CPU
		{39FB87C8-7D0B-4F84-BA7A-59E31ADAC9C0}.Debug|x86.ActiveCfg = Debug|Any CPU
		{39FB87C8-7D0B-4F84-BA7A-59E31ADAC9C0}.Debug|x86.Build.0 = Debug|Any CPU
		{39FB87C8-7D0B-4F84-BA7A-59E31ADAC9C0}.Release|Any CPU.ActiveCfg = Release|Any CPU
		{39FB87C8-7D0B-4F84-BA7A-59E31ADAC9C0}.Release|Any CPU.Build.0 = Release|Any CPU
		{39FB87C8-7D0B-4F84-BA7A-59E31ADAC9C0}.Release|x64.ActiveCfg = Release|Any CPU
		{39FB87C8-7D0B-4F84-BA7A-59E31ADAC9C0}.Release|x64.Build.0 = Release|Any CPU
		{39FB87C8-7D0B-4F84-BA7A-59E31ADAC9C0}.Release|x86.ActiveCfg = Release|Any CPU
		{39FB87C8-7D0B-4F84-BA7A-59E31ADAC9C0}.Release|x86.Build.0 = Release|Any CPU
		{2A93061D-A0F5-4DFD-BAE8-DFE427101F10}.Debug|Any CPU.ActiveCfg = Debug|Any CPU
		{2A93061D-A0F5-4DFD-BAE8-DFE427101F10}.Debug|Any CPU.Build.0 = Debug|Any CPU
		{2A93061D-A0F5-4DFD-BAE8-DFE427101F10}.Debug|x64.ActiveCfg = Debug|Any CPU
		{2A93061D-A0F5-4DFD-BAE8-DFE427101F10}.Debug|x64.Build.0 = Debug|Any CPU
		{2A93061D-A0F5-4DFD-BAE8-DFE427101F10}.Debug|x86.ActiveCfg = Debug|Any CPU
		{2A93061D-A0F5-4DFD-BAE8-DFE427101F10}.Debug|x86.Build.0 = Debug|Any CPU
		{2A93061D-A0F5-4DFD-BAE8-DFE427101F10}.Release|Any CPU.ActiveCfg = Release|Any CPU
		{2A93061D-A0F5-4DFD-BAE8-DFE427101F10}.Release|Any CPU.Build.0 = Release|Any CPU
		{2A93061D-A0F5-4DFD-BAE8-DFE427101F10}.Release|x64.ActiveCfg = Release|Any CPU
		{2A93061D-A0F5-4DFD-BAE8-DFE427101F10}.Release|x64.Build.0 = Release|Any CPU
		{2A93061D-A0F5-4DFD-BAE8-DFE427101F10}.Release|x86.ActiveCfg = Release|Any CPU
		{2A93061D-A0F5-4DFD-BAE8-DFE427101F10}.Release|x86.Build.0 = Release|Any CPU
		{7056BA1E-93D2-49D6-A578-2DDE3F4C8C90}.Debug|Any CPU.ActiveCfg = Debug|Any CPU
		{7056BA1E-93D2-49D6-A578-2DDE3F4C8C90}.Debug|Any CPU.Build.0 = Debug|Any CPU
		{7056BA1E-93D2-49D6-A578-2DDE3F4C8C90}.Debug|x64.ActiveCfg = Debug|Any CPU
		{7056BA1E-93D2-49D6-A578-2DDE3F4C8C90}.Debug|x64.Build.0 = Debug|Any CPU
		{7056BA1E-93D2-49D6-A578-2DDE3F4C8C90}.Debug|x86.ActiveCfg = Debug|Any CPU
		{7056BA1E-93D2-49D6-A578-2DDE3F4C8C90}.Debug|x86.Build.0 = Debug|Any CPU
		{7056BA1E-93D2-49D6-A578-2DDE3F4C8C90}.Release|Any CPU.ActiveCfg = Release|Any CPU
		{7056BA1E-93D2-49D6-A578-2DDE3F4C8C90}.Release|Any CPU.Build.0 = Release|Any CPU
		{7056BA1E-93D2-49D6-A578-2DDE3F4C8C90}.Release|x64.ActiveCfg = Release|Any CPU
		{7056BA1E-93D2-49D6-A578-2DDE3F4C8C90}.Release|x64.Build.0 = Release|Any CPU
		{7056BA1E-93D2-49D6-A578-2DDE3F4C8C90}.Release|x86.ActiveCfg = Release|Any CPU
		{7056BA1E-93D2-49D6-A578-2DDE3F4C8C90}.Release|x86.Build.0 = Release|Any CPU
		{A6A0B73B-1A27-492D-9F59-AA36289C2110}.Debug|Any CPU.ActiveCfg = Debug|Any CPU
		{A6A0B73B-1A27-492D-9F59-AA36289C2110}.Debug|Any CPU.Build.0 = Debug|Any CPU
		{A6A0B73B-1A27-492D-9F59-AA36289C2110}.Debug|x64.ActiveCfg = Debug|Any CPU
		{A6A0B73B-1A27-492D-9F59-AA36289C2110}.Debug|x64.Build.0 = Debug|Any CPU
		{A6A0B73B-1A27-492D-9F59-AA36289C2110}.Debug|x86.ActiveCfg = Debug|Any CPU
		{A6A0B73B-1A27-492D-9F59-AA36289C2110}.Debug|x86.Build.0 = Debug|Any CPU
		{A6A0B73B-1A27-492D-9F59-AA36289C2110}.Release|Any CPU.ActiveCfg = Release|Any CPU
		{A6A0B73B-1A27-492D-9F59-AA36289C2110}.Release|Any CPU.Build.0 = Release|Any CPU
		{A6A0B73B-1A27-492D-9F59-AA36289C2110}.Release|x64.ActiveCfg = Release|Any CPU
		{A6A0B73B-1A27-492D-9F59-AA36289C2110}.Release|x64.Build.0 = Release|Any CPU
		{A6A0B73B-1A27-492D-9F59-AA36289C2110}.Release|x86.ActiveCfg = Release|Any CPU
		{A6A0B73B-1A27-492D-9F59-AA36289C2110}.Release|x86.Build.0 = Release|Any CPU
		{37C2A2A7-C203-4807-BF7D-8C58CFBEE7CF}.Debug|Any CPU.ActiveCfg = Debug|Any CPU
		{37C2A2A7-C203-4807-BF7D-8C58CFBEE7CF}.Debug|Any CPU.Build.0 = Debug|Any CPU
		{37C2A2A7-C203-4807-BF7D-8C58CFBEE7CF}.Debug|x64.ActiveCfg = Debug|Any CPU
		{37C2A2A7-C203-4807-BF7D-8C58CFBEE7CF}.Debug|x64.Build.0 = Debug|Any CPU
		{37C2A2A7-C203-4807-BF7D-8C58CFBEE7CF}.Debug|x86.ActiveCfg = Debug|Any CPU
		{37C2A2A7-C203-4807-BF7D-8C58CFBEE7CF}.Debug|x86.Build.0 = Debug|Any CPU
		{37C2A2A7-C203-4807-BF7D-8C58CFBEE7CF}.Release|Any CPU.ActiveCfg = Release|Any CPU
		{37C2A2A7-C203-4807-BF7D-8C58CFBEE7CF}.Release|Any CPU.Build.0 = Release|Any CPU
		{37C2A2A7-C203-4807-BF7D-8C58CFBEE7CF}.Release|x64.ActiveCfg = Release|Any CPU
		{37C2A2A7-C203-4807-BF7D-8C58CFBEE7CF}.Release|x64.Build.0 = Release|Any CPU
		{37C2A2A7-C203-4807-BF7D-8C58CFBEE7CF}.Release|x86.ActiveCfg = Release|Any CPU
		{37C2A2A7-C203-4807-BF7D-8C58CFBEE7CF}.Release|x86.Build.0 = Release|Any CPU
		{696E33FA-CB36-4A31-BA61-BC7214090DF4}.Debug|Any CPU.ActiveCfg = Debug|Any CPU
		{696E33FA-CB36-4A31-BA61-BC7214090DF4}.Debug|Any CPU.Build.0 = Debug|Any CPU
		{696E33FA-CB36-4A31-BA61-BC7214090DF4}.Debug|x64.ActiveCfg = Debug|Any CPU
		{696E33FA-CB36-4A31-BA61-BC7214090DF4}.Debug|x64.Build.0 = Debug|Any CPU
		{696E33FA-CB36-4A31-BA61-BC7214090DF4}.Debug|x86.ActiveCfg = Debug|Any CPU
		{696E33FA-CB36-4A31-BA61-BC7214090DF4}.Debug|x86.Build.0 = Debug|Any CPU
		{696E33FA-CB36-4A31-BA61-BC7214090DF4}.Release|Any CPU.ActiveCfg = Release|Any CPU
		{696E33FA-CB36-4A31-BA61-BC7214090DF4}.Release|Any CPU.Build.0 = Release|Any CPU
		{696E33FA-CB36-4A31-BA61-BC7214090DF4}.Release|x64.ActiveCfg = Release|Any CPU
		{696E33FA-CB36-4A31-BA61-BC7214090DF4}.Release|x64.Build.0 = Release|Any CPU
		{696E33FA-CB36-4A31-BA61-BC7214090DF4}.Release|x86.ActiveCfg = Release|Any CPU
		{696E33FA-CB36-4A31-BA61-BC7214090DF4}.Release|x86.Build.0 = Release|Any CPU
		{063FA35E-EF79-4906-9238-4FFD6828B96B}.Debug|Any CPU.ActiveCfg = Debug|Any CPU
		{063FA35E-EF79-4906-9238-4FFD6828B96B}.Debug|Any CPU.Build.0 = Debug|Any CPU
		{063FA35E-EF79-4906-9238-4FFD6828B96B}.Debug|x64.ActiveCfg = Debug|Any CPU
		{063FA35E-EF79-4906-9238-4FFD6828B96B}.Debug|x64.Build.0 = Debug|Any CPU
		{063FA35E-EF79-4906-9238-4FFD6828B96B}.Debug|x86.ActiveCfg = Debug|Any CPU
		{063FA35E-EF79-4906-9238-4FFD6828B96B}.Debug|x86.Build.0 = Debug|Any CPU
		{063FA35E-EF79-4906-9238-4FFD6828B96B}.Release|Any CPU.ActiveCfg = Release|Any CPU
		{063FA35E-EF79-4906-9238-4FFD6828B96B}.Release|Any CPU.Build.0 = Release|Any CPU
		{063FA35E-EF79-4906-9238-4FFD6828B96B}.Release|x64.ActiveCfg = Release|Any CPU
		{063FA35E-EF79-4906-9238-4FFD6828B96B}.Release|x64.Build.0 = Release|Any CPU
		{063FA35E-EF79-4906-9238-4FFD6828B96B}.Release|x86.ActiveCfg = Release|Any CPU
		{063FA35E-EF79-4906-9238-4FFD6828B96B}.Release|x86.Build.0 = Release|Any CPU
		{E58AC140-26C7-4686-AFDB-900A88769A04}.Debug|Any CPU.ActiveCfg = Debug|Any CPU
		{E58AC140-26C7-4686-AFDB-900A88769A04}.Debug|Any CPU.Build.0 = Debug|Any CPU
		{E58AC140-26C7-4686-AFDB-900A88769A04}.Debug|x64.ActiveCfg = Debug|Any CPU
		{E58AC140-26C7-4686-AFDB-900A88769A04}.Debug|x64.Build.0 = Debug|Any CPU
		{E58AC140-26C7-4686-AFDB-900A88769A04}.Debug|x86.ActiveCfg = Debug|Any CPU
		{E58AC140-26C7-4686-AFDB-900A88769A04}.Debug|x86.Build.0 = Debug|Any CPU
		{E58AC140-26C7-4686-AFDB-900A88769A04}.Release|Any CPU.ActiveCfg = Release|Any CPU
		{E58AC140-26C7-4686-AFDB-900A88769A04}.Release|Any CPU.Build.0 = Release|Any CPU
		{E58AC140-26C7-4686-AFDB-900A88769A04}.Release|x64.ActiveCfg = Release|Any CPU
		{E58AC140-26C7-4686-AFDB-900A88769A04}.Release|x64.Build.0 = Release|Any CPU
		{E58AC140-26C7-4686-AFDB-900A88769A04}.Release|x86.ActiveCfg = Release|Any CPU
		{E58AC140-26C7-4686-AFDB-900A88769A04}.Release|x86.Build.0 = Release|Any CPU
		{07F74D00-9020-474F-AA8B-04A1841FC8E0}.Debug|Any CPU.ActiveCfg = Debug|Any CPU
		{07F74D00-9020-474F-AA8B-04A1841FC8E0}.Debug|Any CPU.Build.0 = Debug|Any CPU
		{07F74D00-9020-474F-AA8B-04A1841FC8E0}.Debug|x64.ActiveCfg = Debug|Any CPU
		{07F74D00-9020-474F-AA8B-04A1841FC8E0}.Debug|x64.Build.0 = Debug|Any CPU
		{07F74D00-9020-474F-AA8B-04A1841FC8E0}.Debug|x86.ActiveCfg = Debug|Any CPU
		{07F74D00-9020-474F-AA8B-04A1841FC8E0}.Debug|x86.Build.0 = Debug|Any CPU
		{07F74D00-9020-474F-AA8B-04A1841FC8E0}.Release|Any CPU.ActiveCfg = Release|Any CPU
		{07F74D00-9020-474F-AA8B-04A1841FC8E0}.Release|Any CPU.Build.0 = Release|Any CPU
		{07F74D00-9020-474F-AA8B-04A1841FC8E0}.Release|x64.ActiveCfg = Release|Any CPU
		{07F74D00-9020-474F-AA8B-04A1841FC8E0}.Release|x64.Build.0 = Release|Any CPU
		{07F74D00-9020-474F-AA8B-04A1841FC8E0}.Release|x86.ActiveCfg = Release|Any CPU
		{07F74D00-9020-474F-AA8B-04A1841FC8E0}.Release|x86.Build.0 = Release|Any CPU
		{A24082BE-9E11-4803-ABE2-168487FC8444}.Debug|Any CPU.ActiveCfg = Debug|Any CPU
		{A24082BE-9E11-4803-ABE2-168487FC8444}.Debug|Any CPU.Build.0 = Debug|Any CPU
		{A24082BE-9E11-4803-ABE2-168487FC8444}.Debug|x64.ActiveCfg = Debug|Any CPU
		{A24082BE-9E11-4803-ABE2-168487FC8444}.Debug|x64.Build.0 = Debug|Any CPU
		{A24082BE-9E11-4803-ABE2-168487FC8444}.Debug|x86.ActiveCfg = Debug|Any CPU
		{A24082BE-9E11-4803-ABE2-168487FC8444}.Debug|x86.Build.0 = Debug|Any CPU
		{A24082BE-9E11-4803-ABE2-168487FC8444}.Release|Any CPU.ActiveCfg = Release|Any CPU
		{A24082BE-9E11-4803-ABE2-168487FC8444}.Release|Any CPU.Build.0 = Release|Any CPU
		{A24082BE-9E11-4803-ABE2-168487FC8444}.Release|x64.ActiveCfg = Release|Any CPU
		{A24082BE-9E11-4803-ABE2-168487FC8444}.Release|x64.Build.0 = Release|Any CPU
		{A24082BE-9E11-4803-ABE2-168487FC8444}.Release|x86.ActiveCfg = Release|Any CPU
		{A24082BE-9E11-4803-ABE2-168487FC8444}.Release|x86.Build.0 = Release|Any CPU
		{C66970E9-8B93-4FBE-B1E5-F4E33CCAC576}.Debug|Any CPU.ActiveCfg = Debug|Any CPU
		{C66970E9-8B93-4FBE-B1E5-F4E33CCAC576}.Debug|Any CPU.Build.0 = Debug|Any CPU
		{C66970E9-8B93-4FBE-B1E5-F4E33CCAC576}.Debug|x64.ActiveCfg = Debug|Any CPU
		{C66970E9-8B93-4FBE-B1E5-F4E33CCAC576}.Debug|x64.Build.0 = Debug|Any CPU
		{C66970E9-8B93-4FBE-B1E5-F4E33CCAC576}.Debug|x86.ActiveCfg = Debug|Any CPU
		{C66970E9-8B93-4FBE-B1E5-F4E33CCAC576}.Debug|x86.Build.0 = Debug|Any CPU
		{C66970E9-8B93-4FBE-B1E5-F4E33CCAC576}.Release|Any CPU.ActiveCfg = Release|Any CPU
		{C66970E9-8B93-4FBE-B1E5-F4E33CCAC576}.Release|Any CPU.Build.0 = Release|Any CPU
		{C66970E9-8B93-4FBE-B1E5-F4E33CCAC576}.Release|x64.ActiveCfg = Release|Any CPU
		{C66970E9-8B93-4FBE-B1E5-F4E33CCAC576}.Release|x64.Build.0 = Release|Any CPU
		{C66970E9-8B93-4FBE-B1E5-F4E33CCAC576}.Release|x86.ActiveCfg = Release|Any CPU
		{C66970E9-8B93-4FBE-B1E5-F4E33CCAC576}.Release|x86.Build.0 = Release|Any CPU
		{17AFB584-DCFC-40B1-9CEF-171370177BD1}.Debug|Any CPU.ActiveCfg = Debug|Any CPU
		{17AFB584-DCFC-40B1-9CEF-171370177BD1}.Debug|Any CPU.Build.0 = Debug|Any CPU
		{17AFB584-DCFC-40B1-9CEF-171370177BD1}.Debug|x64.ActiveCfg = Debug|Any CPU
		{17AFB584-DCFC-40B1-9CEF-171370177BD1}.Debug|x64.Build.0 = Debug|Any CPU
		{17AFB584-DCFC-40B1-9CEF-171370177BD1}.Debug|x86.ActiveCfg = Debug|Any CPU
		{17AFB584-DCFC-40B1-9CEF-171370177BD1}.Debug|x86.Build.0 = Debug|Any CPU
		{17AFB584-DCFC-40B1-9CEF-171370177BD1}.Release|Any CPU.ActiveCfg = Release|Any CPU
		{17AFB584-DCFC-40B1-9CEF-171370177BD1}.Release|Any CPU.Build.0 = Release|Any CPU
		{17AFB584-DCFC-40B1-9CEF-171370177BD1}.Release|x64.ActiveCfg = Release|Any CPU
		{17AFB584-DCFC-40B1-9CEF-171370177BD1}.Release|x64.Build.0 = Release|Any CPU
		{17AFB584-DCFC-40B1-9CEF-171370177BD1}.Release|x86.ActiveCfg = Release|Any CPU
		{17AFB584-DCFC-40B1-9CEF-171370177BD1}.Release|x86.Build.0 = Release|Any CPU
		{F6F77F1C-EFD6-425F-A3B2-A6585426460C}.Debug|Any CPU.ActiveCfg = Debug|Any CPU
		{F6F77F1C-EFD6-425F-A3B2-A6585426460C}.Debug|Any CPU.Build.0 = Debug|Any CPU
		{F6F77F1C-EFD6-425F-A3B2-A6585426460C}.Debug|x64.ActiveCfg = Debug|Any CPU
		{F6F77F1C-EFD6-425F-A3B2-A6585426460C}.Debug|x64.Build.0 = Debug|Any CPU
		{F6F77F1C-EFD6-425F-A3B2-A6585426460C}.Debug|x86.ActiveCfg = Debug|Any CPU
		{F6F77F1C-EFD6-425F-A3B2-A6585426460C}.Debug|x86.Build.0 = Debug|Any CPU
		{F6F77F1C-EFD6-425F-A3B2-A6585426460C}.Release|Any CPU.ActiveCfg = Release|Any CPU
		{F6F77F1C-EFD6-425F-A3B2-A6585426460C}.Release|Any CPU.Build.0 = Release|Any CPU
		{F6F77F1C-EFD6-425F-A3B2-A6585426460C}.Release|x64.ActiveCfg = Release|Any CPU
		{F6F77F1C-EFD6-425F-A3B2-A6585426460C}.Release|x64.Build.0 = Release|Any CPU
		{F6F77F1C-EFD6-425F-A3B2-A6585426460C}.Release|x86.ActiveCfg = Release|Any CPU
		{F6F77F1C-EFD6-425F-A3B2-A6585426460C}.Release|x86.Build.0 = Release|Any CPU
		{3B732C35-A8E0-4C3C-8EF6-8E31EFF4B67F}.Debug|Any CPU.ActiveCfg = Debug|Any CPU
		{3B732C35-A8E0-4C3C-8EF6-8E31EFF4B67F}.Debug|Any CPU.Build.0 = Debug|Any CPU
		{3B732C35-A8E0-4C3C-8EF6-8E31EFF4B67F}.Debug|x64.ActiveCfg = Debug|Any CPU
		{3B732C35-A8E0-4C3C-8EF6-8E31EFF4B67F}.Debug|x64.Build.0 = Debug|Any CPU
		{3B732C35-A8E0-4C3C-8EF6-8E31EFF4B67F}.Debug|x86.ActiveCfg = Debug|Any CPU
		{3B732C35-A8E0-4C3C-8EF6-8E31EFF4B67F}.Debug|x86.Build.0 = Debug|Any CPU
		{3B732C35-A8E0-4C3C-8EF6-8E31EFF4B67F}.Release|Any CPU.ActiveCfg = Release|Any CPU
		{3B732C35-A8E0-4C3C-8EF6-8E31EFF4B67F}.Release|Any CPU.Build.0 = Release|Any CPU
		{3B732C35-A8E0-4C3C-8EF6-8E31EFF4B67F}.Release|x64.ActiveCfg = Release|Any CPU
		{3B732C35-A8E0-4C3C-8EF6-8E31EFF4B67F}.Release|x64.Build.0 = Release|Any CPU
		{3B732C35-A8E0-4C3C-8EF6-8E31EFF4B67F}.Release|x86.ActiveCfg = Release|Any CPU
		{3B732C35-A8E0-4C3C-8EF6-8E31EFF4B67F}.Release|x86.Build.0 = Release|Any CPU
		{FFFE569C-B37C-4D2E-A78E-EE60CCE84C4C}.Debug|Any CPU.ActiveCfg = Debug|Any CPU
		{FFFE569C-B37C-4D2E-A78E-EE60CCE84C4C}.Debug|Any CPU.Build.0 = Debug|Any CPU
		{FFFE569C-B37C-4D2E-A78E-EE60CCE84C4C}.Debug|x64.ActiveCfg = Debug|Any CPU
		{FFFE569C-B37C-4D2E-A78E-EE60CCE84C4C}.Debug|x64.Build.0 = Debug|Any CPU
		{FFFE569C-B37C-4D2E-A78E-EE60CCE84C4C}.Debug|x86.ActiveCfg = Debug|Any CPU
		{FFFE569C-B37C-4D2E-A78E-EE60CCE84C4C}.Debug|x86.Build.0 = Debug|Any CPU
		{FFFE569C-B37C-4D2E-A78E-EE60CCE84C4C}.Release|Any CPU.ActiveCfg = Release|Any CPU
		{FFFE569C-B37C-4D2E-A78E-EE60CCE84C4C}.Release|Any CPU.Build.0 = Release|Any CPU
		{FFFE569C-B37C-4D2E-A78E-EE60CCE84C4C}.Release|x64.ActiveCfg = Release|Any CPU
		{FFFE569C-B37C-4D2E-A78E-EE60CCE84C4C}.Release|x64.Build.0 = Release|Any CPU
		{FFFE569C-B37C-4D2E-A78E-EE60CCE84C4C}.Release|x86.ActiveCfg = Release|Any CPU
		{FFFE569C-B37C-4D2E-A78E-EE60CCE84C4C}.Release|x86.Build.0 = Release|Any CPU
		{2BDF605E-B2F8-415B-9412-0EBD900D6F30}.Debug|Any CPU.ActiveCfg = Debug|Any CPU
		{2BDF605E-B2F8-415B-9412-0EBD900D6F30}.Debug|Any CPU.Build.0 = Debug|Any CPU
		{2BDF605E-B2F8-415B-9412-0EBD900D6F30}.Debug|x64.ActiveCfg = Debug|Any CPU
		{2BDF605E-B2F8-415B-9412-0EBD900D6F30}.Debug|x64.Build.0 = Debug|Any CPU
		{2BDF605E-B2F8-415B-9412-0EBD900D6F30}.Debug|x86.ActiveCfg = Debug|Any CPU
		{2BDF605E-B2F8-415B-9412-0EBD900D6F30}.Debug|x86.Build.0 = Debug|Any CPU
		{2BDF605E-B2F8-415B-9412-0EBD900D6F30}.Release|Any CPU.ActiveCfg = Release|Any CPU
		{2BDF605E-B2F8-415B-9412-0EBD900D6F30}.Release|Any CPU.Build.0 = Release|Any CPU
		{2BDF605E-B2F8-415B-9412-0EBD900D6F30}.Release|x64.ActiveCfg = Release|Any CPU
		{2BDF605E-B2F8-415B-9412-0EBD900D6F30}.Release|x64.Build.0 = Release|Any CPU
		{2BDF605E-B2F8-415B-9412-0EBD900D6F30}.Release|x86.ActiveCfg = Release|Any CPU
		{2BDF605E-B2F8-415B-9412-0EBD900D6F30}.Release|x86.Build.0 = Release|Any CPU
		{120728D4-77BE-458D-84BB-0B357758FC0E}.Debug|Any CPU.ActiveCfg = Debug|Any CPU
		{120728D4-77BE-458D-84BB-0B357758FC0E}.Debug|Any CPU.Build.0 = Debug|Any CPU
		{120728D4-77BE-458D-84BB-0B357758FC0E}.Debug|x64.ActiveCfg = Debug|Any CPU
		{120728D4-77BE-458D-84BB-0B357758FC0E}.Debug|x64.Build.0 = Debug|Any CPU
		{120728D4-77BE-458D-84BB-0B357758FC0E}.Debug|x86.ActiveCfg = Debug|Any CPU
		{120728D4-77BE-458D-84BB-0B357758FC0E}.Debug|x86.Build.0 = Debug|Any CPU
		{120728D4-77BE-458D-84BB-0B357758FC0E}.Release|Any CPU.ActiveCfg = Release|Any CPU
		{120728D4-77BE-458D-84BB-0B357758FC0E}.Release|Any CPU.Build.0 = Release|Any CPU
		{120728D4-77BE-458D-84BB-0B357758FC0E}.Release|x64.ActiveCfg = Release|Any CPU
		{120728D4-77BE-458D-84BB-0B357758FC0E}.Release|x64.Build.0 = Release|Any CPU
		{120728D4-77BE-458D-84BB-0B357758FC0E}.Release|x86.ActiveCfg = Release|Any CPU
		{120728D4-77BE-458D-84BB-0B357758FC0E}.Release|x86.Build.0 = Release|Any CPU
		{C5EBE575-9377-4E63-827D-606B0FB15D32}.Debug|Any CPU.ActiveCfg = Debug|Any CPU
		{C5EBE575-9377-4E63-827D-606B0FB15D32}.Debug|Any CPU.Build.0 = Debug|Any CPU
		{C5EBE575-9377-4E63-827D-606B0FB15D32}.Debug|x64.ActiveCfg = Debug|Any CPU
		{C5EBE575-9377-4E63-827D-606B0FB15D32}.Debug|x64.Build.0 = Debug|Any CPU
		{C5EBE575-9377-4E63-827D-606B0FB15D32}.Debug|x86.ActiveCfg = Debug|Any CPU
		{C5EBE575-9377-4E63-827D-606B0FB15D32}.Debug|x86.Build.0 = Debug|Any CPU
		{C5EBE575-9377-4E63-827D-606B0FB15D32}.Release|Any CPU.ActiveCfg = Release|Any CPU
		{C5EBE575-9377-4E63-827D-606B0FB15D32}.Release|Any CPU.Build.0 = Release|Any CPU
		{C5EBE575-9377-4E63-827D-606B0FB15D32}.Release|x64.ActiveCfg = Release|Any CPU
		{C5EBE575-9377-4E63-827D-606B0FB15D32}.Release|x64.Build.0 = Release|Any CPU
		{C5EBE575-9377-4E63-827D-606B0FB15D32}.Release|x86.ActiveCfg = Release|Any CPU
		{C5EBE575-9377-4E63-827D-606B0FB15D32}.Release|x86.Build.0 = Release|Any CPU
		{DAFFDBCB-3B5B-4670-8778-05411B19FEDD}.Debug|Any CPU.ActiveCfg = Debug|Any CPU
		{DAFFDBCB-3B5B-4670-8778-05411B19FEDD}.Debug|Any CPU.Build.0 = Debug|Any CPU
		{DAFFDBCB-3B5B-4670-8778-05411B19FEDD}.Debug|x64.ActiveCfg = Debug|Any CPU
		{DAFFDBCB-3B5B-4670-8778-05411B19FEDD}.Debug|x64.Build.0 = Debug|Any CPU
		{DAFFDBCB-3B5B-4670-8778-05411B19FEDD}.Debug|x86.ActiveCfg = Debug|Any CPU
		{DAFFDBCB-3B5B-4670-8778-05411B19FEDD}.Debug|x86.Build.0 = Debug|Any CPU
		{DAFFDBCB-3B5B-4670-8778-05411B19FEDD}.Release|Any CPU.ActiveCfg = Release|Any CPU
		{DAFFDBCB-3B5B-4670-8778-05411B19FEDD}.Release|Any CPU.Build.0 = Release|Any CPU
		{DAFFDBCB-3B5B-4670-8778-05411B19FEDD}.Release|x64.ActiveCfg = Release|Any CPU
		{DAFFDBCB-3B5B-4670-8778-05411B19FEDD}.Release|x64.Build.0 = Release|Any CPU
		{DAFFDBCB-3B5B-4670-8778-05411B19FEDD}.Release|x86.ActiveCfg = Release|Any CPU
		{DAFFDBCB-3B5B-4670-8778-05411B19FEDD}.Release|x86.Build.0 = Release|Any CPU
		{3E055646-5118-4053-8E32-BE28E96E8D7E}.Debug|Any CPU.ActiveCfg = Debug|Any CPU
		{3E055646-5118-4053-8E32-BE28E96E8D7E}.Debug|Any CPU.Build.0 = Debug|Any CPU
		{3E055646-5118-4053-8E32-BE28E96E8D7E}.Debug|x64.ActiveCfg = Debug|Any CPU
		{3E055646-5118-4053-8E32-BE28E96E8D7E}.Debug|x64.Build.0 = Debug|Any CPU
		{3E055646-5118-4053-8E32-BE28E96E8D7E}.Debug|x86.ActiveCfg = Debug|Any CPU
		{3E055646-5118-4053-8E32-BE28E96E8D7E}.Debug|x86.Build.0 = Debug|Any CPU
		{3E055646-5118-4053-8E32-BE28E96E8D7E}.Release|Any CPU.ActiveCfg = Release|Any CPU
		{3E055646-5118-4053-8E32-BE28E96E8D7E}.Release|Any CPU.Build.0 = Release|Any CPU
		{3E055646-5118-4053-8E32-BE28E96E8D7E}.Release|x64.ActiveCfg = Release|Any CPU
		{3E055646-5118-4053-8E32-BE28E96E8D7E}.Release|x64.Build.0 = Release|Any CPU
		{3E055646-5118-4053-8E32-BE28E96E8D7E}.Release|x86.ActiveCfg = Release|Any CPU
		{3E055646-5118-4053-8E32-BE28E96E8D7E}.Release|x86.Build.0 = Release|Any CPU
		{3D40166D-C788-4C2A-8FA4-16469649E04C}.Debug|Any CPU.ActiveCfg = Debug|Any CPU
		{3D40166D-C788-4C2A-8FA4-16469649E04C}.Debug|Any CPU.Build.0 = Debug|Any CPU
		{3D40166D-C788-4C2A-8FA4-16469649E04C}.Debug|x64.ActiveCfg = Debug|Any CPU
		{3D40166D-C788-4C2A-8FA4-16469649E04C}.Debug|x64.Build.0 = Debug|Any CPU
		{3D40166D-C788-4C2A-8FA4-16469649E04C}.Debug|x86.ActiveCfg = Debug|Any CPU
		{3D40166D-C788-4C2A-8FA4-16469649E04C}.Debug|x86.Build.0 = Debug|Any CPU
		{3D40166D-C788-4C2A-8FA4-16469649E04C}.Release|Any CPU.ActiveCfg = Release|Any CPU
		{3D40166D-C788-4C2A-8FA4-16469649E04C}.Release|Any CPU.Build.0 = Release|Any CPU
		{3D40166D-C788-4C2A-8FA4-16469649E04C}.Release|x64.ActiveCfg = Release|Any CPU
		{3D40166D-C788-4C2A-8FA4-16469649E04C}.Release|x64.Build.0 = Release|Any CPU
		{3D40166D-C788-4C2A-8FA4-16469649E04C}.Release|x86.ActiveCfg = Release|Any CPU
		{3D40166D-C788-4C2A-8FA4-16469649E04C}.Release|x86.Build.0 = Release|Any CPU
		{BC298521-E740-412A-A53B-3991EB428B6D}.Debug|Any CPU.ActiveCfg = Debug|Any CPU
		{BC298521-E740-412A-A53B-3991EB428B6D}.Debug|Any CPU.Build.0 = Debug|Any CPU
		{BC298521-E740-412A-A53B-3991EB428B6D}.Debug|x64.ActiveCfg = Debug|Any CPU
		{BC298521-E740-412A-A53B-3991EB428B6D}.Debug|x64.Build.0 = Debug|Any CPU
		{BC298521-E740-412A-A53B-3991EB428B6D}.Debug|x86.ActiveCfg = Debug|Any CPU
		{BC298521-E740-412A-A53B-3991EB428B6D}.Debug|x86.Build.0 = Debug|Any CPU
		{BC298521-E740-412A-A53B-3991EB428B6D}.Release|Any CPU.ActiveCfg = Release|Any CPU
		{BC298521-E740-412A-A53B-3991EB428B6D}.Release|Any CPU.Build.0 = Release|Any CPU
		{BC298521-E740-412A-A53B-3991EB428B6D}.Release|x64.ActiveCfg = Release|Any CPU
		{BC298521-E740-412A-A53B-3991EB428B6D}.Release|x64.Build.0 = Release|Any CPU
		{BC298521-E740-412A-A53B-3991EB428B6D}.Release|x86.ActiveCfg = Release|Any CPU
		{BC298521-E740-412A-A53B-3991EB428B6D}.Release|x86.Build.0 = Release|Any CPU
		{3022AB79-E6DF-4B79-AD5D-859FE01E1DEC}.Debug|Any CPU.ActiveCfg = Debug|Any CPU
		{3022AB79-E6DF-4B79-AD5D-859FE01E1DEC}.Debug|Any CPU.Build.0 = Debug|Any CPU
		{3022AB79-E6DF-4B79-AD5D-859FE01E1DEC}.Debug|x64.ActiveCfg = Debug|Any CPU
		{3022AB79-E6DF-4B79-AD5D-859FE01E1DEC}.Debug|x64.Build.0 = Debug|Any CPU
		{3022AB79-E6DF-4B79-AD5D-859FE01E1DEC}.Debug|x86.ActiveCfg = Debug|Any CPU
		{3022AB79-E6DF-4B79-AD5D-859FE01E1DEC}.Debug|x86.Build.0 = Debug|Any CPU
		{3022AB79-E6DF-4B79-AD5D-859FE01E1DEC}.Release|Any CPU.ActiveCfg = Release|Any CPU
		{3022AB79-E6DF-4B79-AD5D-859FE01E1DEC}.Release|Any CPU.Build.0 = Release|Any CPU
		{3022AB79-E6DF-4B79-AD5D-859FE01E1DEC}.Release|x64.ActiveCfg = Release|Any CPU
		{3022AB79-E6DF-4B79-AD5D-859FE01E1DEC}.Release|x64.Build.0 = Release|Any CPU
		{3022AB79-E6DF-4B79-AD5D-859FE01E1DEC}.Release|x86.ActiveCfg = Release|Any CPU
		{3022AB79-E6DF-4B79-AD5D-859FE01E1DEC}.Release|x86.Build.0 = Release|Any CPU
		{D688A858-756F-41FA-B5A6-7DD4B0FD91C8}.Debug|Any CPU.ActiveCfg = Debug|Any CPU
		{D688A858-756F-41FA-B5A6-7DD4B0FD91C8}.Debug|Any CPU.Build.0 = Debug|Any CPU
		{D688A858-756F-41FA-B5A6-7DD4B0FD91C8}.Debug|x64.ActiveCfg = Debug|Any CPU
		{D688A858-756F-41FA-B5A6-7DD4B0FD91C8}.Debug|x64.Build.0 = Debug|Any CPU
		{D688A858-756F-41FA-B5A6-7DD4B0FD91C8}.Debug|x86.ActiveCfg = Debug|Any CPU
		{D688A858-756F-41FA-B5A6-7DD4B0FD91C8}.Debug|x86.Build.0 = Debug|Any CPU
		{D688A858-756F-41FA-B5A6-7DD4B0FD91C8}.Release|Any CPU.ActiveCfg = Release|Any CPU
		{D688A858-756F-41FA-B5A6-7DD4B0FD91C8}.Release|Any CPU.Build.0 = Release|Any CPU
		{D688A858-756F-41FA-B5A6-7DD4B0FD91C8}.Release|x64.ActiveCfg = Release|Any CPU
		{D688A858-756F-41FA-B5A6-7DD4B0FD91C8}.Release|x64.Build.0 = Release|Any CPU
		{D688A858-756F-41FA-B5A6-7DD4B0FD91C8}.Release|x86.ActiveCfg = Release|Any CPU
		{D688A858-756F-41FA-B5A6-7DD4B0FD91C8}.Release|x86.Build.0 = Release|Any CPU
	EndGlobalSection
EndGlobal
