
Microsoft Visual Studio Solution File, Format Version 12.00
# Visual Studio 15
VisualStudioVersion = 15.0.26124.0
MinimumVisualStudioVersion = 15.0.26124.0
Project("{2150E333-8FDC-42A3-9474-1A3956D46DE8}") = "csharp", "csharp", "{42185A34-0932-4DFB-B83D-74813714E44C}"
EndProject
Project("{FAE04EC0-301F-11D3-BF4B-00C04F79EFBC}") = "Accumulate", "csharp\accumulate\Accumulate.csproj", "{6C518FA7-1083-4D9D-80D3-8688F1FABDB5}"
EndProject
Project("{FAE04EC0-301F-11D3-BF4B-00C04F79EFBC}") = "Acronym", "csharp\acronym\Acronym.csproj", "{30D27E70-5CDB-43C9-919E-129DB443DC30}"
EndProject
Project("{FAE04EC0-301F-11D3-BF4B-00C04F79EFBC}") = "AllYourBase", "csharp\all-your-base\AllYourBase.csproj", "{EBB71210-E664-4B7D-A278-4BAED3C04136}"
EndProject
Project("{FAE04EC0-301F-11D3-BF4B-00C04F79EFBC}") = "Alphametics", "csharp\alphametics\Alphametics.csproj", "{88D2B846-18F0-47F3-B0D7-CE1A1518FED2}"
EndProject
Project("{FAE04EC0-301F-11D3-BF4B-00C04F79EFBC}") = "ArmstrongNumbers", "csharp\armstrong-numbers\ArmstrongNumbers.csproj", "{16CBDA53-640C-45F1-A1C9-E11FAD694D3C}"
EndProject
Project("{FAE04EC0-301F-11D3-BF4B-00C04F79EFBC}") = "CollatzConjecture", "csharp\collatz-conjecture\CollatzConjecture.csproj", "{B5C02B28-D6FC-4311-BE05-2023B025EA31}"
EndProject
Project("{FAE04EC0-301F-11D3-BF4B-00C04F79EFBC}") = "ComplexNumbers", "csharp\complex-numbers\ComplexNumbers.csproj", "{A0DE9301-245D-43E2-8063-04D4094059A7}"
EndProject
Project("{FAE04EC0-301F-11D3-BF4B-00C04F79EFBC}") = "DifferenceOfSquares", "csharp\difference-of-squares\DifferenceOfSquares.csproj", "{C60E7E4E-83EA-4894-8C77-5A0E0D9CE32B}"
EndProject
Project("{FAE04EC0-301F-11D3-BF4B-00C04F79EFBC}") = "Gigasecond", "csharp\gigasecond\Gigasecond.csproj", "{DE382F70-053C-4342-8D4B-92A76B404B41}"
EndProject
Project("{FAE04EC0-301F-11D3-BF4B-00C04F79EFBC}") = "Grains", "csharp\grains\Grains.csproj", "{C13C4638-FFEE-4DA7-85E4-7B9A51D552AC}"
EndProject
Project("{FAE04EC0-301F-11D3-BF4B-00C04F79EFBC}") = "Hamming", "csharp\hamming\Hamming.csproj", "{4EB46EE3-3806-4E16-A5F8-8C9D7D6DF389}"
EndProject
Project("{FAE04EC0-301F-11D3-BF4B-00C04F79EFBC}") = "HelloWorld", "csharp\hello-world\HelloWorld.csproj", "{3EEE1924-82E8-4DEC-8CE5-ABF4A6889E9C}"
EndProject
Project("{FAE04EC0-301F-11D3-BF4B-00C04F79EFBC}") = "HighScores", "csharp\high-scores\HighScores.csproj", "{36399FBA-21CA-47F5-888B-0B14C6B7FE97}"
EndProject
Project("{FAE04EC0-301F-11D3-BF4B-00C04F79EFBC}") = "House", "csharp\house\House.csproj", "{455D4F6F-9C4D-44FA-A5DD-8CE18AFF3701}"
EndProject
Project("{FAE04EC0-301F-11D3-BF4B-00C04F79EFBC}") = "Isogram", "csharp\isogram\Isogram.csproj", "{B26998D2-FE84-4FCC-AF4D-75A5209395B8}"
EndProject
Project("{FAE04EC0-301F-11D3-BF4B-00C04F79EFBC}") = "LargestSeriesProduct", "csharp\largest-series-product\LargestSeriesProduct.csproj", "{DDDCAE82-74E9-4810-9031-CEF4B280D6E4}"
EndProject
Project("{FAE04EC0-301F-11D3-BF4B-00C04F79EFBC}") = "Leap", "csharp\leap\Leap.csproj", "{CEB79B2C-EA99-49B1-BEC5-03569057D0CC}"
EndProject
Project("{FAE04EC0-301F-11D3-BF4B-00C04F79EFBC}") = "Meetup", "csharp\meetup\Meetup.csproj", "{2FC6BD17-0D94-4B2F-9585-F852F7C72E49}"
EndProject
Project("{FAE04EC0-301F-11D3-BF4B-00C04F79EFBC}") = "NucleotideCount", "csharp\nucleotide-count\NucleotideCount.csproj", "{33CA45A5-E729-46CD-A8CA-FE90B2A93FDC}"
EndProject
Project("{FAE04EC0-301F-11D3-BF4B-00C04F79EFBC}") = "Pangram", "csharp\pangram\Pangram.csproj", "{5187A281-2C09-42F3-A3E2-BBD17372C0D9}"
EndProject
Project("{FAE04EC0-301F-11D3-BF4B-00C04F79EFBC}") = "PerfectNumbers", "csharp\perfect-numbers\PerfectNumbers.csproj", "{D9A056A8-853C-4162-9823-DF840169229B}"
EndProject
Project("{FAE04EC0-301F-11D3-BF4B-00C04F79EFBC}") = "PhoneNumber", "csharp\phone-number\PhoneNumber.csproj", "{D34925C6-0937-42E3-B71F-6FA09E4B7A39}"
EndProject
Project("{FAE04EC0-301F-11D3-BF4B-00C04F79EFBC}") = "PythagoreanTriplet", "csharp\pythagorean-triplet\PythagoreanTriplet.csproj", "{FE2522B3-B4C0-4D0F-AC59-3B17B6F6C61F}"
EndProject
Project("{FAE04EC0-301F-11D3-BF4B-00C04F79EFBC}") = "RationalNumbers", "csharp\rational-numbers\RationalNumbers.csproj", "{9EE9F768-0DDE-4210-A350-5F219AC5EDF6}"
EndProject
Project("{FAE04EC0-301F-11D3-BF4B-00C04F79EFBC}") = "ResistorColor", "csharp\resistor-color\ResistorColor.csproj", "{9A9224E4-9C71-4C89-83AA-6AB1449E8877}"
EndProject
Project("{FAE04EC0-301F-11D3-BF4B-00C04F79EFBC}") = "RobotName", "csharp\robot-name\RobotName.csproj", "{0EDDFFC6-9B7E-4C44-B1C9-C071BE8BF326}"
EndProject
Project("{FAE04EC0-301F-11D3-BF4B-00C04F79EFBC}") = "ScrabbleScore", "csharp\scrabble-score\ScrabbleScore.csproj", "{BA6F36C1-6A7F-4950-8099-C87DFD37C4E5}"
EndProject
Project("{FAE04EC0-301F-11D3-BF4B-00C04F79EFBC}") = "SimpleCipher", "csharp\simple-cipher\SimpleCipher.csproj", "{63C55277-F67A-48EB-AE46-C506429F867D}"
EndProject
Project("{FAE04EC0-301F-11D3-BF4B-00C04F79EFBC}") = "SpaceAge", "csharp\space-age\SpaceAge.csproj", "{6D6A66BF-DB73-4A88-90B4-74EB69A5C4E8}"
EndProject
Project("{FAE04EC0-301F-11D3-BF4B-00C04F79EFBC}") = "SumOfMultiples", "csharp\sum-of-multiples\SumOfMultiples.csproj", "{2EB226D9-2DFA-49E0-B0E7-2328BCF48614}"
EndProject
Project("{FAE04EC0-301F-11D3-BF4B-00C04F79EFBC}") = "TwoFer", "csharp\two-fer\TwoFer.csproj", "{0397F42D-64AC-452A-894A-C59AA99685CA}"
EndProject
Project("{2150E333-8FDC-42A3-9474-1A3956D46DE8}") = "fsharp", "fsharp", "{33AD9EF8-3228-4592-8934-4600F217C69F}"
EndProject
Project("{F2A71F9B-5D33-465A-A702-920D77279786}") = "Hamming", "fsharp\hamming\Hamming.fsproj", "{0D3B4430-3BE0-4E32-BE5E-8C077A94B0CB}"
EndProject
Project("{F2A71F9B-5D33-465A-A702-920D77279786}") = "HelloWorld", "fsharp\hello-world\HelloWorld.fsproj", "{330C357E-1FB1-4970-956F-8ADF1761B1BD}"
EndProject
Project("{F2A71F9B-5D33-465A-A702-920D77279786}") = "Leap", "fsharp\leap\Leap.fsproj", "{A15DF0D8-5B99-4F68-A369-9CFAE4367A7E}"
EndProject
Project("{F2A71F9B-5D33-465A-A702-920D77279786}") = "TwoFer", "fsharp\two-fer\TwoFer.fsproj", "{C178FDBD-3CFC-485A-A305-2678775A1AD7}"
EndProject
Global
	GlobalSection(SolutionConfigurationPlatforms) = preSolution
		Debug|Any CPU = Debug|Any CPU
		Debug|x64 = Debug|x64
		Debug|x86 = Debug|x86
		Release|Any CPU = Release|Any CPU
		Release|x64 = Release|x64
		Release|x86 = Release|x86
	EndGlobalSection
	GlobalSection(SolutionProperties) = preSolution
		HideSolutionNode = FALSE
	EndGlobalSection
	GlobalSection(ProjectConfigurationPlatforms) = postSolution
		{6C518FA7-1083-4D9D-80D3-8688F1FABDB5}.Debug|Any CPU.ActiveCfg = Debug|Any CPU
		{6C518FA7-1083-4D9D-80D3-8688F1FABDB5}.Debug|Any CPU.Build.0 = Debug|Any CPU
		{6C518FA7-1083-4D9D-80D3-8688F1FABDB5}.Debug|x64.ActiveCfg = Debug|Any CPU
		{6C518FA7-1083-4D9D-80D3-8688F1FABDB5}.Debug|x64.Build.0 = Debug|Any CPU
		{6C518FA7-1083-4D9D-80D3-8688F1FABDB5}.Debug|x86.ActiveCfg = Debug|Any CPU
		{6C518FA7-1083-4D9D-80D3-8688F1FABDB5}.Debug|x86.Build.0 = Debug|Any CPU
		{6C518FA7-1083-4D9D-80D3-8688F1FABDB5}.Release|Any CPU.ActiveCfg = Release|Any CPU
		{6C518FA7-1083-4D9D-80D3-8688F1FABDB5}.Release|Any CPU.Build.0 = Release|Any CPU
		{6C518FA7-1083-4D9D-80D3-8688F1FABDB5}.Release|x64.ActiveCfg = Release|Any CPU
		{6C518FA7-1083-4D9D-80D3-8688F1FABDB5}.Release|x64.Build.0 = Release|Any CPU
		{6C518FA7-1083-4D9D-80D3-8688F1FABDB5}.Release|x86.ActiveCfg = Release|Any CPU
		{6C518FA7-1083-4D9D-80D3-8688F1FABDB5}.Release|x86.Build.0 = Release|Any CPU
		{30D27E70-5CDB-43C9-919E-129DB443DC30}.Debug|Any CPU.ActiveCfg = Debug|Any CPU
		{30D27E70-5CDB-43C9-919E-129DB443DC30}.Debug|Any CPU.Build.0 = Debug|Any CPU
		{30D27E70-5CDB-43C9-919E-129DB443DC30}.Debug|x64.ActiveCfg = Debug|Any CPU
		{30D27E70-5CDB-43C9-919E-129DB443DC30}.Debug|x64.Build.0 = Debug|Any CPU
		{30D27E70-5CDB-43C9-919E-129DB443DC30}.Debug|x86.ActiveCfg = Debug|Any CPU
		{30D27E70-5CDB-43C9-919E-129DB443DC30}.Debug|x86.Build.0 = Debug|Any CPU
		{30D27E70-5CDB-43C9-919E-129DB443DC30}.Release|Any CPU.ActiveCfg = Release|Any CPU
		{30D27E70-5CDB-43C9-919E-129DB443DC30}.Release|Any CPU.Build.0 = Release|Any CPU
		{30D27E70-5CDB-43C9-919E-129DB443DC30}.Release|x64.ActiveCfg = Release|Any CPU
		{30D27E70-5CDB-43C9-919E-129DB443DC30}.Release|x64.Build.0 = Release|Any CPU
		{30D27E70-5CDB-43C9-919E-129DB443DC30}.Release|x86.ActiveCfg = Release|Any CPU
		{30D27E70-5CDB-43C9-919E-129DB443DC30}.Release|x86.Build.0 = Release|Any CPU
		{EBB71210-E664-4B7D-A278-4BAED3C04136}.Debug|Any CPU.ActiveCfg = Debug|Any CPU
		{EBB71210-E664-4B7D-A278-4BAED3C04136}.Debug|Any CPU.Build.0 = Debug|Any CPU
		{EBB71210-E664-4B7D-A278-4BAED3C04136}.Debug|x64.ActiveCfg = Debug|Any CPU
		{EBB71210-E664-4B7D-A278-4BAED3C04136}.Debug|x64.Build.0 = Debug|Any CPU
		{EBB71210-E664-4B7D-A278-4BAED3C04136}.Debug|x86.ActiveCfg = Debug|Any CPU
		{EBB71210-E664-4B7D-A278-4BAED3C04136}.Debug|x86.Build.0 = Debug|Any CPU
		{EBB71210-E664-4B7D-A278-4BAED3C04136}.Release|Any CPU.ActiveCfg = Release|Any CPU
		{EBB71210-E664-4B7D-A278-4BAED3C04136}.Release|Any CPU.Build.0 = Release|Any CPU
		{EBB71210-E664-4B7D-A278-4BAED3C04136}.Release|x64.ActiveCfg = Release|Any CPU
		{EBB71210-E664-4B7D-A278-4BAED3C04136}.Release|x64.Build.0 = Release|Any CPU
		{EBB71210-E664-4B7D-A278-4BAED3C04136}.Release|x86.ActiveCfg = Release|Any CPU
		{EBB71210-E664-4B7D-A278-4BAED3C04136}.Release|x86.Build.0 = Release|Any CPU
		{88D2B846-18F0-47F3-B0D7-CE1A1518FED2}.Debug|Any CPU.ActiveCfg = Debug|Any CPU
		{88D2B846-18F0-47F3-B0D7-CE1A1518FED2}.Debug|Any CPU.Build.0 = Debug|Any CPU
		{88D2B846-18F0-47F3-B0D7-CE1A1518FED2}.Debug|x64.ActiveCfg = Debug|Any CPU
		{88D2B846-18F0-47F3-B0D7-CE1A1518FED2}.Debug|x64.Build.0 = Debug|Any CPU
		{88D2B846-18F0-47F3-B0D7-CE1A1518FED2}.Debug|x86.ActiveCfg = Debug|Any CPU
		{88D2B846-18F0-47F3-B0D7-CE1A1518FED2}.Debug|x86.Build.0 = Debug|Any CPU
		{88D2B846-18F0-47F3-B0D7-CE1A1518FED2}.Release|Any CPU.ActiveCfg = Release|Any CPU
		{88D2B846-18F0-47F3-B0D7-CE1A1518FED2}.Release|Any CPU.Build.0 = Release|Any CPU
		{88D2B846-18F0-47F3-B0D7-CE1A1518FED2}.Release|x64.ActiveCfg = Release|Any CPU
		{88D2B846-18F0-47F3-B0D7-CE1A1518FED2}.Release|x64.Build.0 = Release|Any CPU
		{88D2B846-18F0-47F3-B0D7-CE1A1518FED2}.Release|x86.ActiveCfg = Release|Any CPU
		{88D2B846-18F0-47F3-B0D7-CE1A1518FED2}.Release|x86.Build.0 = Release|Any CPU
		{16CBDA53-640C-45F1-A1C9-E11FAD694D3C}.Debug|Any CPU.ActiveCfg = Debug|Any CPU
		{16CBDA53-640C-45F1-A1C9-E11FAD694D3C}.Debug|Any CPU.Build.0 = Debug|Any CPU
		{16CBDA53-640C-45F1-A1C9-E11FAD694D3C}.Debug|x64.ActiveCfg = Debug|Any CPU
		{16CBDA53-640C-45F1-A1C9-E11FAD694D3C}.Debug|x64.Build.0 = Debug|Any CPU
		{16CBDA53-640C-45F1-A1C9-E11FAD694D3C}.Debug|x86.ActiveCfg = Debug|Any CPU
		{16CBDA53-640C-45F1-A1C9-E11FAD694D3C}.Debug|x86.Build.0 = Debug|Any CPU
		{16CBDA53-640C-45F1-A1C9-E11FAD694D3C}.Release|Any CPU.ActiveCfg = Release|Any CPU
		{16CBDA53-640C-45F1-A1C9-E11FAD694D3C}.Release|Any CPU.Build.0 = Release|Any CPU
		{16CBDA53-640C-45F1-A1C9-E11FAD694D3C}.Release|x64.ActiveCfg = Release|Any CPU
		{16CBDA53-640C-45F1-A1C9-E11FAD694D3C}.Release|x64.Build.0 = Release|Any CPU
		{16CBDA53-640C-45F1-A1C9-E11FAD694D3C}.Release|x86.ActiveCfg = Release|Any CPU
		{16CBDA53-640C-45F1-A1C9-E11FAD694D3C}.Release|x86.Build.0 = Release|Any CPU
		{B5C02B28-D6FC-4311-BE05-2023B025EA31}.Debug|Any CPU.ActiveCfg = Debug|Any CPU
		{B5C02B28-D6FC-4311-BE05-2023B025EA31}.Debug|Any CPU.Build.0 = Debug|Any CPU
		{B5C02B28-D6FC-4311-BE05-2023B025EA31}.Debug|x64.ActiveCfg = Debug|Any CPU
		{B5C02B28-D6FC-4311-BE05-2023B025EA31}.Debug|x64.Build.0 = Debug|Any CPU
		{B5C02B28-D6FC-4311-BE05-2023B025EA31}.Debug|x86.ActiveCfg = Debug|Any CPU
		{B5C02B28-D6FC-4311-BE05-2023B025EA31}.Debug|x86.Build.0 = Debug|Any CPU
		{B5C02B28-D6FC-4311-BE05-2023B025EA31}.Release|Any CPU.ActiveCfg = Release|Any CPU
		{B5C02B28-D6FC-4311-BE05-2023B025EA31}.Release|Any CPU.Build.0 = Release|Any CPU
		{B5C02B28-D6FC-4311-BE05-2023B025EA31}.Release|x64.ActiveCfg = Release|Any CPU
		{B5C02B28-D6FC-4311-BE05-2023B025EA31}.Release|x64.Build.0 = Release|Any CPU
		{B5C02B28-D6FC-4311-BE05-2023B025EA31}.Release|x86.ActiveCfg = Release|Any CPU
		{B5C02B28-D6FC-4311-BE05-2023B025EA31}.Release|x86.Build.0 = Release|Any CPU
		{A0DE9301-245D-43E2-8063-04D4094059A7}.Debug|Any CPU.ActiveCfg = Debug|Any CPU
		{A0DE9301-245D-43E2-8063-04D4094059A7}.Debug|Any CPU.Build.0 = Debug|Any CPU
		{A0DE9301-245D-43E2-8063-04D4094059A7}.Debug|x64.ActiveCfg = Debug|Any CPU
		{A0DE9301-245D-43E2-8063-04D4094059A7}.Debug|x64.Build.0 = Debug|Any CPU
		{A0DE9301-245D-43E2-8063-04D4094059A7}.Debug|x86.ActiveCfg = Debug|Any CPU
		{A0DE9301-245D-43E2-8063-04D4094059A7}.Debug|x86.Build.0 = Debug|Any CPU
		{A0DE9301-245D-43E2-8063-04D4094059A7}.Release|Any CPU.ActiveCfg = Release|Any CPU
		{A0DE9301-245D-43E2-8063-04D4094059A7}.Release|Any CPU.Build.0 = Release|Any CPU
		{A0DE9301-245D-43E2-8063-04D4094059A7}.Release|x64.ActiveCfg = Release|Any CPU
		{A0DE9301-245D-43E2-8063-04D4094059A7}.Release|x64.Build.0 = Release|Any CPU
		{A0DE9301-245D-43E2-8063-04D4094059A7}.Release|x86.ActiveCfg = Release|Any CPU
		{A0DE9301-245D-43E2-8063-04D4094059A7}.Release|x86.Build.0 = Release|Any CPU
		{C60E7E4E-83EA-4894-8C77-5A0E0D9CE32B}.Debug|Any CPU.ActiveCfg = Debug|Any CPU
		{C60E7E4E-83EA-4894-8C77-5A0E0D9CE32B}.Debug|Any CPU.Build.0 = Debug|Any CPU
		{C60E7E4E-83EA-4894-8C77-5A0E0D9CE32B}.Debug|x64.ActiveCfg = Debug|Any CPU
		{C60E7E4E-83EA-4894-8C77-5A0E0D9CE32B}.Debug|x64.Build.0 = Debug|Any CPU
		{C60E7E4E-83EA-4894-8C77-5A0E0D9CE32B}.Debug|x86.ActiveCfg = Debug|Any CPU
		{C60E7E4E-83EA-4894-8C77-5A0E0D9CE32B}.Debug|x86.Build.0 = Debug|Any CPU
		{C60E7E4E-83EA-4894-8C77-5A0E0D9CE32B}.Release|Any CPU.ActiveCfg = Release|Any CPU
		{C60E7E4E-83EA-4894-8C77-5A0E0D9CE32B}.Release|Any CPU.Build.0 = Release|Any CPU
		{C60E7E4E-83EA-4894-8C77-5A0E0D9CE32B}.Release|x64.ActiveCfg = Release|Any CPU
		{C60E7E4E-83EA-4894-8C77-5A0E0D9CE32B}.Release|x64.Build.0 = Release|Any CPU
		{C60E7E4E-83EA-4894-8C77-5A0E0D9CE32B}.Release|x86.ActiveCfg = Release|Any CPU
		{C60E7E4E-83EA-4894-8C77-5A0E0D9CE32B}.Release|x86.Build.0 = Release|Any CPU
		{DE382F70-053C-4342-8D4B-92A76B404B41}.Debug|Any CPU.ActiveCfg = Debug|Any CPU
		{DE382F70-053C-4342-8D4B-92A76B404B41}.Debug|Any CPU.Build.0 = Debug|Any CPU
		{DE382F70-053C-4342-8D4B-92A76B404B41}.Debug|x64.ActiveCfg = Debug|Any CPU
		{DE382F70-053C-4342-8D4B-92A76B404B41}.Debug|x64.Build.0 = Debug|Any CPU
		{DE382F70-053C-4342-8D4B-92A76B404B41}.Debug|x86.ActiveCfg = Debug|Any CPU
		{DE382F70-053C-4342-8D4B-92A76B404B41}.Debug|x86.Build.0 = Debug|Any CPU
		{DE382F70-053C-4342-8D4B-92A76B404B41}.Release|Any CPU.ActiveCfg = Release|Any CPU
		{DE382F70-053C-4342-8D4B-92A76B404B41}.Release|Any CPU.Build.0 = Release|Any CPU
		{DE382F70-053C-4342-8D4B-92A76B404B41}.Release|x64.ActiveCfg = Release|Any CPU
		{DE382F70-053C-4342-8D4B-92A76B404B41}.Release|x64.Build.0 = Release|Any CPU
		{DE382F70-053C-4342-8D4B-92A76B404B41}.Release|x86.ActiveCfg = Release|Any CPU
		{DE382F70-053C-4342-8D4B-92A76B404B41}.Release|x86.Build.0 = Release|Any CPU
		{C13C4638-FFEE-4DA7-85E4-7B9A51D552AC}.Debug|Any CPU.ActiveCfg = Debug|Any CPU
		{C13C4638-FFEE-4DA7-85E4-7B9A51D552AC}.Debug|Any CPU.Build.0 = Debug|Any CPU
		{C13C4638-FFEE-4DA7-85E4-7B9A51D552AC}.Debug|x64.ActiveCfg = Debug|Any CPU
		{C13C4638-FFEE-4DA7-85E4-7B9A51D552AC}.Debug|x64.Build.0 = Debug|Any CPU
		{C13C4638-FFEE-4DA7-85E4-7B9A51D552AC}.Debug|x86.ActiveCfg = Debug|Any CPU
		{C13C4638-FFEE-4DA7-85E4-7B9A51D552AC}.Debug|x86.Build.0 = Debug|Any CPU
		{C13C4638-FFEE-4DA7-85E4-7B9A51D552AC}.Release|Any CPU.ActiveCfg = Release|Any CPU
		{C13C4638-FFEE-4DA7-85E4-7B9A51D552AC}.Release|Any CPU.Build.0 = Release|Any CPU
		{C13C4638-FFEE-4DA7-85E4-7B9A51D552AC}.Release|x64.ActiveCfg = Release|Any CPU
		{C13C4638-FFEE-4DA7-85E4-7B9A51D552AC}.Release|x64.Build.0 = Release|Any CPU
		{C13C4638-FFEE-4DA7-85E4-7B9A51D552AC}.Release|x86.ActiveCfg = Release|Any CPU
		{C13C4638-FFEE-4DA7-85E4-7B9A51D552AC}.Release|x86.Build.0 = Release|Any CPU
		{4EB46EE3-3806-4E16-A5F8-8C9D7D6DF389}.Debug|Any CPU.ActiveCfg = Debug|Any CPU
		{4EB46EE3-3806-4E16-A5F8-8C9D7D6DF389}.Debug|Any CPU.Build.0 = Debug|Any CPU
		{4EB46EE3-3806-4E16-A5F8-8C9D7D6DF389}.Debug|x64.ActiveCfg = Debug|Any CPU
		{4EB46EE3-3806-4E16-A5F8-8C9D7D6DF389}.Debug|x64.Build.0 = Debug|Any CPU
		{4EB46EE3-3806-4E16-A5F8-8C9D7D6DF389}.Debug|x86.ActiveCfg = Debug|Any CPU
		{4EB46EE3-3806-4E16-A5F8-8C9D7D6DF389}.Debug|x86.Build.0 = Debug|Any CPU
		{4EB46EE3-3806-4E16-A5F8-8C9D7D6DF389}.Release|Any CPU.ActiveCfg = Release|Any CPU
		{4EB46EE3-3806-4E16-A5F8-8C9D7D6DF389}.Release|Any CPU.Build.0 = Release|Any CPU
		{4EB46EE3-3806-4E16-A5F8-8C9D7D6DF389}.Release|x64.ActiveCfg = Release|Any CPU
		{4EB46EE3-3806-4E16-A5F8-8C9D7D6DF389}.Release|x64.Build.0 = Release|Any CPU
		{4EB46EE3-3806-4E16-A5F8-8C9D7D6DF389}.Release|x86.ActiveCfg = Release|Any CPU
		{4EB46EE3-3806-4E16-A5F8-8C9D7D6DF389}.Release|x86.Build.0 = Release|Any CPU
		{3EEE1924-82E8-4DEC-8CE5-ABF4A6889E9C}.Debug|Any CPU.ActiveCfg = Debug|Any CPU
		{3EEE1924-82E8-4DEC-8CE5-ABF4A6889E9C}.Debug|Any CPU.Build.0 = Debug|Any CPU
		{3EEE1924-82E8-4DEC-8CE5-ABF4A6889E9C}.Debug|x64.ActiveCfg = Debug|Any CPU
		{3EEE1924-82E8-4DEC-8CE5-ABF4A6889E9C}.Debug|x64.Build.0 = Debug|Any CPU
		{3EEE1924-82E8-4DEC-8CE5-ABF4A6889E9C}.Debug|x86.ActiveCfg = Debug|Any CPU
		{3EEE1924-82E8-4DEC-8CE5-ABF4A6889E9C}.Debug|x86.Build.0 = Debug|Any CPU
		{3EEE1924-82E8-4DEC-8CE5-ABF4A6889E9C}.Release|Any CPU.ActiveCfg = Release|Any CPU
		{3EEE1924-82E8-4DEC-8CE5-ABF4A6889E9C}.Release|Any CPU.Build.0 = Release|Any CPU
		{3EEE1924-82E8-4DEC-8CE5-ABF4A6889E9C}.Release|x64.ActiveCfg = Release|Any CPU
		{3EEE1924-82E8-4DEC-8CE5-ABF4A6889E9C}.Release|x64.Build.0 = Release|Any CPU
		{3EEE1924-82E8-4DEC-8CE5-ABF4A6889E9C}.Release|x86.ActiveCfg = Release|Any CPU
		{3EEE1924-82E8-4DEC-8CE5-ABF4A6889E9C}.Release|x86.Build.0 = Release|Any CPU
		{36399FBA-21CA-47F5-888B-0B14C6B7FE97}.Debug|Any CPU.ActiveCfg = Debug|Any CPU
		{36399FBA-21CA-47F5-888B-0B14C6B7FE97}.Debug|Any CPU.Build.0 = Debug|Any CPU
		{36399FBA-21CA-47F5-888B-0B14C6B7FE97}.Debug|x64.ActiveCfg = Debug|Any CPU
		{36399FBA-21CA-47F5-888B-0B14C6B7FE97}.Debug|x64.Build.0 = Debug|Any CPU
		{36399FBA-21CA-47F5-888B-0B14C6B7FE97}.Debug|x86.ActiveCfg = Debug|Any CPU
		{36399FBA-21CA-47F5-888B-0B14C6B7FE97}.Debug|x86.Build.0 = Debug|Any CPU
		{36399FBA-21CA-47F5-888B-0B14C6B7FE97}.Release|Any CPU.ActiveCfg = Release|Any CPU
		{36399FBA-21CA-47F5-888B-0B14C6B7FE97}.Release|Any CPU.Build.0 = Release|Any CPU
		{36399FBA-21CA-47F5-888B-0B14C6B7FE97}.Release|x64.ActiveCfg = Release|Any CPU
		{36399FBA-21CA-47F5-888B-0B14C6B7FE97}.Release|x64.Build.0 = Release|Any CPU
		{36399FBA-21CA-47F5-888B-0B14C6B7FE97}.Release|x86.ActiveCfg = Release|Any CPU
		{36399FBA-21CA-47F5-888B-0B14C6B7FE97}.Release|x86.Build.0 = Release|Any CPU
		{455D4F6F-9C4D-44FA-A5DD-8CE18AFF3701}.Debug|Any CPU.ActiveCfg = Debug|Any CPU
		{455D4F6F-9C4D-44FA-A5DD-8CE18AFF3701}.Debug|Any CPU.Build.0 = Debug|Any CPU
		{455D4F6F-9C4D-44FA-A5DD-8CE18AFF3701}.Debug|x64.ActiveCfg = Debug|Any CPU
		{455D4F6F-9C4D-44FA-A5DD-8CE18AFF3701}.Debug|x64.Build.0 = Debug|Any CPU
		{455D4F6F-9C4D-44FA-A5DD-8CE18AFF3701}.Debug|x86.ActiveCfg = Debug|Any CPU
		{455D4F6F-9C4D-44FA-A5DD-8CE18AFF3701}.Debug|x86.Build.0 = Debug|Any CPU
		{455D4F6F-9C4D-44FA-A5DD-8CE18AFF3701}.Release|Any CPU.ActiveCfg = Release|Any CPU
		{455D4F6F-9C4D-44FA-A5DD-8CE18AFF3701}.Release|Any CPU.Build.0 = Release|Any CPU
		{455D4F6F-9C4D-44FA-A5DD-8CE18AFF3701}.Release|x64.ActiveCfg = Release|Any CPU
		{455D4F6F-9C4D-44FA-A5DD-8CE18AFF3701}.Release|x64.Build.0 = Release|Any CPU
		{455D4F6F-9C4D-44FA-A5DD-8CE18AFF3701}.Release|x86.ActiveCfg = Release|Any CPU
		{455D4F6F-9C4D-44FA-A5DD-8CE18AFF3701}.Release|x86.Build.0 = Release|Any CPU
		{B26998D2-FE84-4FCC-AF4D-75A5209395B8}.Debug|Any CPU.ActiveCfg = Debug|Any CPU
		{B26998D2-FE84-4FCC-AF4D-75A5209395B8}.Debug|Any CPU.Build.0 = Debug|Any CPU
		{B26998D2-FE84-4FCC-AF4D-75A5209395B8}.Debug|x64.ActiveCfg = Debug|Any CPU
		{B26998D2-FE84-4FCC-AF4D-75A5209395B8}.Debug|x64.Build.0 = Debug|Any CPU
		{B26998D2-FE84-4FCC-AF4D-75A5209395B8}.Debug|x86.ActiveCfg = Debug|Any CPU
		{B26998D2-FE84-4FCC-AF4D-75A5209395B8}.Debug|x86.Build.0 = Debug|Any CPU
		{B26998D2-FE84-4FCC-AF4D-75A5209395B8}.Release|Any CPU.ActiveCfg = Release|Any CPU
		{B26998D2-FE84-4FCC-AF4D-75A5209395B8}.Release|Any CPU.Build.0 = Release|Any CPU
		{B26998D2-FE84-4FCC-AF4D-75A5209395B8}.Release|x64.ActiveCfg = Release|Any CPU
		{B26998D2-FE84-4FCC-AF4D-75A5209395B8}.Release|x64.Build.0 = Release|Any CPU
		{B26998D2-FE84-4FCC-AF4D-75A5209395B8}.Release|x86.ActiveCfg = Release|Any CPU
		{B26998D2-FE84-4FCC-AF4D-75A5209395B8}.Release|x86.Build.0 = Release|Any CPU
		{DDDCAE82-74E9-4810-9031-CEF4B280D6E4}.Debug|Any CPU.ActiveCfg = Debug|Any CPU
		{DDDCAE82-74E9-4810-9031-CEF4B280D6E4}.Debug|Any CPU.Build.0 = Debug|Any CPU
		{DDDCAE82-74E9-4810-9031-CEF4B280D6E4}.Debug|x64.ActiveCfg = Debug|Any CPU
		{DDDCAE82-74E9-4810-9031-CEF4B280D6E4}.Debug|x64.Build.0 = Debug|Any CPU
		{DDDCAE82-74E9-4810-9031-CEF4B280D6E4}.Debug|x86.ActiveCfg = Debug|Any CPU
		{DDDCAE82-74E9-4810-9031-CEF4B280D6E4}.Debug|x86.Build.0 = Debug|Any CPU
		{DDDCAE82-74E9-4810-9031-CEF4B280D6E4}.Release|Any CPU.ActiveCfg = Release|Any CPU
		{DDDCAE82-74E9-4810-9031-CEF4B280D6E4}.Release|Any CPU.Build.0 = Release|Any CPU
		{DDDCAE82-74E9-4810-9031-CEF4B280D6E4}.Release|x64.ActiveCfg = Release|Any CPU
		{DDDCAE82-74E9-4810-9031-CEF4B280D6E4}.Release|x64.Build.0 = Release|Any CPU
		{DDDCAE82-74E9-4810-9031-CEF4B280D6E4}.Release|x86.ActiveCfg = Release|Any CPU
		{DDDCAE82-74E9-4810-9031-CEF4B280D6E4}.Release|x86.Build.0 = Release|Any CPU
		{CEB79B2C-EA99-49B1-BEC5-03569057D0CC}.Debug|Any CPU.ActiveCfg = Debug|Any CPU
		{CEB79B2C-EA99-49B1-BEC5-03569057D0CC}.Debug|Any CPU.Build.0 = Debug|Any CPU
		{CEB79B2C-EA99-49B1-BEC5-03569057D0CC}.Debug|x64.ActiveCfg = Debug|Any CPU
		{CEB79B2C-EA99-49B1-BEC5-03569057D0CC}.Debug|x64.Build.0 = Debug|Any CPU
		{CEB79B2C-EA99-49B1-BEC5-03569057D0CC}.Debug|x86.ActiveCfg = Debug|Any CPU
		{CEB79B2C-EA99-49B1-BEC5-03569057D0CC}.Debug|x86.Build.0 = Debug|Any CPU
		{CEB79B2C-EA99-49B1-BEC5-03569057D0CC}.Release|Any CPU.ActiveCfg = Release|Any CPU
		{CEB79B2C-EA99-49B1-BEC5-03569057D0CC}.Release|Any CPU.Build.0 = Release|Any CPU
		{CEB79B2C-EA99-49B1-BEC5-03569057D0CC}.Release|x64.ActiveCfg = Release|Any CPU
		{CEB79B2C-EA99-49B1-BEC5-03569057D0CC}.Release|x64.Build.0 = Release|Any CPU
		{CEB79B2C-EA99-49B1-BEC5-03569057D0CC}.Release|x86.ActiveCfg = Release|Any CPU
		{CEB79B2C-EA99-49B1-BEC5-03569057D0CC}.Release|x86.Build.0 = Release|Any CPU
		{2FC6BD17-0D94-4B2F-9585-F852F7C72E49}.Debug|Any CPU.ActiveCfg = Debug|Any CPU
		{2FC6BD17-0D94-4B2F-9585-F852F7C72E49}.Debug|Any CPU.Build.0 = Debug|Any CPU
		{2FC6BD17-0D94-4B2F-9585-F852F7C72E49}.Debug|x64.ActiveCfg = Debug|Any CPU
		{2FC6BD17-0D94-4B2F-9585-F852F7C72E49}.Debug|x64.Build.0 = Debug|Any CPU
		{2FC6BD17-0D94-4B2F-9585-F852F7C72E49}.Debug|x86.ActiveCfg = Debug|Any CPU
		{2FC6BD17-0D94-4B2F-9585-F852F7C72E49}.Debug|x86.Build.0 = Debug|Any CPU
		{2FC6BD17-0D94-4B2F-9585-F852F7C72E49}.Release|Any CPU.ActiveCfg = Release|Any CPU
		{2FC6BD17-0D94-4B2F-9585-F852F7C72E49}.Release|Any CPU.Build.0 = Release|Any CPU
		{2FC6BD17-0D94-4B2F-9585-F852F7C72E49}.Release|x64.ActiveCfg = Release|Any CPU
		{2FC6BD17-0D94-4B2F-9585-F852F7C72E49}.Release|x64.Build.0 = Release|Any CPU
		{2FC6BD17-0D94-4B2F-9585-F852F7C72E49}.Release|x86.ActiveCfg = Release|Any CPU
		{2FC6BD17-0D94-4B2F-9585-F852F7C72E49}.Release|x86.Build.0 = Release|Any CPU
		{33CA45A5-E729-46CD-A8CA-FE90B2A93FDC}.Debug|Any CPU.ActiveCfg = Debug|Any CPU
		{33CA45A5-E729-46CD-A8CA-FE90B2A93FDC}.Debug|Any CPU.Build.0 = Debug|Any CPU
		{33CA45A5-E729-46CD-A8CA-FE90B2A93FDC}.Debug|x64.ActiveCfg = Debug|Any CPU
		{33CA45A5-E729-46CD-A8CA-FE90B2A93FDC}.Debug|x64.Build.0 = Debug|Any CPU
		{33CA45A5-E729-46CD-A8CA-FE90B2A93FDC}.Debug|x86.ActiveCfg = Debug|Any CPU
		{33CA45A5-E729-46CD-A8CA-FE90B2A93FDC}.Debug|x86.Build.0 = Debug|Any CPU
		{33CA45A5-E729-46CD-A8CA-FE90B2A93FDC}.Release|Any CPU.ActiveCfg = Release|Any CPU
		{33CA45A5-E729-46CD-A8CA-FE90B2A93FDC}.Release|Any CPU.Build.0 = Release|Any CPU
		{33CA45A5-E729-46CD-A8CA-FE90B2A93FDC}.Release|x64.ActiveCfg = Release|Any CPU
		{33CA45A5-E729-46CD-A8CA-FE90B2A93FDC}.Release|x64.Build.0 = Release|Any CPU
		{33CA45A5-E729-46CD-A8CA-FE90B2A93FDC}.Release|x86.ActiveCfg = Release|Any CPU
		{33CA45A5-E729-46CD-A8CA-FE90B2A93FDC}.Release|x86.Build.0 = Release|Any CPU
		{5187A281-2C09-42F3-A3E2-BBD17372C0D9}.Debug|Any CPU.ActiveCfg = Debug|Any CPU
		{5187A281-2C09-42F3-A3E2-BBD17372C0D9}.Debug|Any CPU.Build.0 = Debug|Any CPU
		{5187A281-2C09-42F3-A3E2-BBD17372C0D9}.Debug|x64.ActiveCfg = Debug|Any CPU
		{5187A281-2C09-42F3-A3E2-BBD17372C0D9}.Debug|x64.Build.0 = Debug|Any CPU
		{5187A281-2C09-42F3-A3E2-BBD17372C0D9}.Debug|x86.ActiveCfg = Debug|Any CPU
		{5187A281-2C09-42F3-A3E2-BBD17372C0D9}.Debug|x86.Build.0 = Debug|Any CPU
		{5187A281-2C09-42F3-A3E2-BBD17372C0D9}.Release|Any CPU.ActiveCfg = Release|Any CPU
		{5187A281-2C09-42F3-A3E2-BBD17372C0D9}.Release|Any CPU.Build.0 = Release|Any CPU
		{5187A281-2C09-42F3-A3E2-BBD17372C0D9}.Release|x64.ActiveCfg = Release|Any CPU
		{5187A281-2C09-42F3-A3E2-BBD17372C0D9}.Release|x64.Build.0 = Release|Any CPU
		{5187A281-2C09-42F3-A3E2-BBD17372C0D9}.Release|x86.ActiveCfg = Release|Any CPU
		{5187A281-2C09-42F3-A3E2-BBD17372C0D9}.Release|x86.Build.0 = Release|Any CPU
		{D9A056A8-853C-4162-9823-DF840169229B}.Debug|Any CPU.ActiveCfg = Debug|Any CPU
		{D9A056A8-853C-4162-9823-DF840169229B}.Debug|Any CPU.Build.0 = Debug|Any CPU
		{D9A056A8-853C-4162-9823-DF840169229B}.Debug|x64.ActiveCfg = Debug|Any CPU
		{D9A056A8-853C-4162-9823-DF840169229B}.Debug|x64.Build.0 = Debug|Any CPU
		{D9A056A8-853C-4162-9823-DF840169229B}.Debug|x86.ActiveCfg = Debug|Any CPU
		{D9A056A8-853C-4162-9823-DF840169229B}.Debug|x86.Build.0 = Debug|Any CPU
		{D9A056A8-853C-4162-9823-DF840169229B}.Release|Any CPU.ActiveCfg = Release|Any CPU
		{D9A056A8-853C-4162-9823-DF840169229B}.Release|Any CPU.Build.0 = Release|Any CPU
		{D9A056A8-853C-4162-9823-DF840169229B}.Release|x64.ActiveCfg = Release|Any CPU
		{D9A056A8-853C-4162-9823-DF840169229B}.Release|x64.Build.0 = Release|Any CPU
		{D9A056A8-853C-4162-9823-DF840169229B}.Release|x86.ActiveCfg = Release|Any CPU
		{D9A056A8-853C-4162-9823-DF840169229B}.Release|x86.Build.0 = Release|Any CPU
		{D34925C6-0937-42E3-B71F-6FA09E4B7A39}.Debug|Any CPU.ActiveCfg = Debug|Any CPU
		{D34925C6-0937-42E3-B71F-6FA09E4B7A39}.Debug|Any CPU.Build.0 = Debug|Any CPU
		{D34925C6-0937-42E3-B71F-6FA09E4B7A39}.Debug|x64.ActiveCfg = Debug|Any CPU
		{D34925C6-0937-42E3-B71F-6FA09E4B7A39}.Debug|x64.Build.0 = Debug|Any CPU
		{D34925C6-0937-42E3-B71F-6FA09E4B7A39}.Debug|x86.ActiveCfg = Debug|Any CPU
		{D34925C6-0937-42E3-B71F-6FA09E4B7A39}.Debug|x86.Build.0 = Debug|Any CPU
		{D34925C6-0937-42E3-B71F-6FA09E4B7A39}.Release|Any CPU.ActiveCfg = Release|Any CPU
		{D34925C6-0937-42E3-B71F-6FA09E4B7A39}.Release|Any CPU.Build.0 = Release|Any CPU
		{D34925C6-0937-42E3-B71F-6FA09E4B7A39}.Release|x64.ActiveCfg = Release|Any CPU
		{D34925C6-0937-42E3-B71F-6FA09E4B7A39}.Release|x64.Build.0 = Release|Any CPU
		{D34925C6-0937-42E3-B71F-6FA09E4B7A39}.Release|x86.ActiveCfg = Release|Any CPU
		{D34925C6-0937-42E3-B71F-6FA09E4B7A39}.Release|x86.Build.0 = Release|Any CPU
		{FE2522B3-B4C0-4D0F-AC59-3B17B6F6C61F}.Debug|Any CPU.ActiveCfg = Debug|Any CPU
		{FE2522B3-B4C0-4D0F-AC59-3B17B6F6C61F}.Debug|Any CPU.Build.0 = Debug|Any CPU
		{FE2522B3-B4C0-4D0F-AC59-3B17B6F6C61F}.Debug|x64.ActiveCfg = Debug|Any CPU
		{FE2522B3-B4C0-4D0F-AC59-3B17B6F6C61F}.Debug|x64.Build.0 = Debug|Any CPU
		{FE2522B3-B4C0-4D0F-AC59-3B17B6F6C61F}.Debug|x86.ActiveCfg = Debug|Any CPU
		{FE2522B3-B4C0-4D0F-AC59-3B17B6F6C61F}.Debug|x86.Build.0 = Debug|Any CPU
		{FE2522B3-B4C0-4D0F-AC59-3B17B6F6C61F}.Release|Any CPU.ActiveCfg = Release|Any CPU
		{FE2522B3-B4C0-4D0F-AC59-3B17B6F6C61F}.Release|Any CPU.Build.0 = Release|Any CPU
		{FE2522B3-B4C0-4D0F-AC59-3B17B6F6C61F}.Release|x64.ActiveCfg = Release|Any CPU
		{FE2522B3-B4C0-4D0F-AC59-3B17B6F6C61F}.Release|x64.Build.0 = Release|Any CPU
		{FE2522B3-B4C0-4D0F-AC59-3B17B6F6C61F}.Release|x86.ActiveCfg = Release|Any CPU
		{FE2522B3-B4C0-4D0F-AC59-3B17B6F6C61F}.Release|x86.Build.0 = Release|Any CPU
		{9EE9F768-0DDE-4210-A350-5F219AC5EDF6}.Debug|Any CPU.ActiveCfg = Debug|Any CPU
		{9EE9F768-0DDE-4210-A350-5F219AC5EDF6}.Debug|Any CPU.Build.0 = Debug|Any CPU
		{9EE9F768-0DDE-4210-A350-5F219AC5EDF6}.Debug|x64.ActiveCfg = Debug|Any CPU
		{9EE9F768-0DDE-4210-A350-5F219AC5EDF6}.Debug|x64.Build.0 = Debug|Any CPU
		{9EE9F768-0DDE-4210-A350-5F219AC5EDF6}.Debug|x86.ActiveCfg = Debug|Any CPU
		{9EE9F768-0DDE-4210-A350-5F219AC5EDF6}.Debug|x86.Build.0 = Debug|Any CPU
		{9EE9F768-0DDE-4210-A350-5F219AC5EDF6}.Release|Any CPU.ActiveCfg = Release|Any CPU
		{9EE9F768-0DDE-4210-A350-5F219AC5EDF6}.Release|Any CPU.Build.0 = Release|Any CPU
		{9EE9F768-0DDE-4210-A350-5F219AC5EDF6}.Release|x64.ActiveCfg = Release|Any CPU
		{9EE9F768-0DDE-4210-A350-5F219AC5EDF6}.Release|x64.Build.0 = Release|Any CPU
		{9EE9F768-0DDE-4210-A350-5F219AC5EDF6}.Release|x86.ActiveCfg = Release|Any CPU
		{9EE9F768-0DDE-4210-A350-5F219AC5EDF6}.Release|x86.Build.0 = Release|Any CPU
		{9A9224E4-9C71-4C89-83AA-6AB1449E8877}.Debug|Any CPU.ActiveCfg = Debug|Any CPU
		{9A9224E4-9C71-4C89-83AA-6AB1449E8877}.Debug|Any CPU.Build.0 = Debug|Any CPU
		{9A9224E4-9C71-4C89-83AA-6AB1449E8877}.Debug|x64.ActiveCfg = Debug|Any CPU
		{9A9224E4-9C71-4C89-83AA-6AB1449E8877}.Debug|x64.Build.0 = Debug|Any CPU
		{9A9224E4-9C71-4C89-83AA-6AB1449E8877}.Debug|x86.ActiveCfg = Debug|Any CPU
		{9A9224E4-9C71-4C89-83AA-6AB1449E8877}.Debug|x86.Build.0 = Debug|Any CPU
		{9A9224E4-9C71-4C89-83AA-6AB1449E8877}.Release|Any CPU.ActiveCfg = Release|Any CPU
		{9A9224E4-9C71-4C89-83AA-6AB1449E8877}.Release|Any CPU.Build.0 = Release|Any CPU
		{9A9224E4-9C71-4C89-83AA-6AB1449E8877}.Release|x64.ActiveCfg = Release|Any CPU
		{9A9224E4-9C71-4C89-83AA-6AB1449E8877}.Release|x64.Build.0 = Release|Any CPU
		{9A9224E4-9C71-4C89-83AA-6AB1449E8877}.Release|x86.ActiveCfg = Release|Any CPU
		{9A9224E4-9C71-4C89-83AA-6AB1449E8877}.Release|x86.Build.0 = Release|Any CPU
		{0EDDFFC6-9B7E-4C44-B1C9-C071BE8BF326}.Debug|Any CPU.ActiveCfg = Debug|Any CPU
		{0EDDFFC6-9B7E-4C44-B1C9-C071BE8BF326}.Debug|Any CPU.Build.0 = Debug|Any CPU
		{0EDDFFC6-9B7E-4C44-B1C9-C071BE8BF326}.Debug|x64.ActiveCfg = Debug|Any CPU
		{0EDDFFC6-9B7E-4C44-B1C9-C071BE8BF326}.Debug|x64.Build.0 = Debug|Any CPU
		{0EDDFFC6-9B7E-4C44-B1C9-C071BE8BF326}.Debug|x86.ActiveCfg = Debug|Any CPU
		{0EDDFFC6-9B7E-4C44-B1C9-C071BE8BF326}.Debug|x86.Build.0 = Debug|Any CPU
		{0EDDFFC6-9B7E-4C44-B1C9-C071BE8BF326}.Release|Any CPU.ActiveCfg = Release|Any CPU
		{0EDDFFC6-9B7E-4C44-B1C9-C071BE8BF326}.Release|Any CPU.Build.0 = Release|Any CPU
		{0EDDFFC6-9B7E-4C44-B1C9-C071BE8BF326}.Release|x64.ActiveCfg = Release|Any CPU
		{0EDDFFC6-9B7E-4C44-B1C9-C071BE8BF326}.Release|x64.Build.0 = Release|Any CPU
		{0EDDFFC6-9B7E-4C44-B1C9-C071BE8BF326}.Release|x86.ActiveCfg = Release|Any CPU
		{0EDDFFC6-9B7E-4C44-B1C9-C071BE8BF326}.Release|x86.Build.0 = Release|Any CPU
		{BA6F36C1-6A7F-4950-8099-C87DFD37C4E5}.Debug|Any CPU.ActiveCfg = Debug|Any CPU
		{BA6F36C1-6A7F-4950-8099-C87DFD37C4E5}.Debug|Any CPU.Build.0 = Debug|Any CPU
		{BA6F36C1-6A7F-4950-8099-C87DFD37C4E5}.Debug|x64.ActiveCfg = Debug|Any CPU
		{BA6F36C1-6A7F-4950-8099-C87DFD37C4E5}.Debug|x64.Build.0 = Debug|Any CPU
		{BA6F36C1-6A7F-4950-8099-C87DFD37C4E5}.Debug|x86.ActiveCfg = Debug|Any CPU
		{BA6F36C1-6A7F-4950-8099-C87DFD37C4E5}.Debug|x86.Build.0 = Debug|Any CPU
		{BA6F36C1-6A7F-4950-8099-C87DFD37C4E5}.Release|Any CPU.ActiveCfg = Release|Any CPU
		{BA6F36C1-6A7F-4950-8099-C87DFD37C4E5}.Release|Any CPU.Build.0 = Release|Any CPU
		{BA6F36C1-6A7F-4950-8099-C87DFD37C4E5}.Release|x64.ActiveCfg = Release|Any CPU
		{BA6F36C1-6A7F-4950-8099-C87DFD37C4E5}.Release|x64.Build.0 = Release|Any CPU
		{BA6F36C1-6A7F-4950-8099-C87DFD37C4E5}.Release|x86.ActiveCfg = Release|Any CPU
		{BA6F36C1-6A7F-4950-8099-C87DFD37C4E5}.Release|x86.Build.0 = Release|Any CPU
		{63C55277-F67A-48EB-AE46-C506429F867D}.Debug|Any CPU.ActiveCfg = Debug|Any CPU
		{63C55277-F67A-48EB-AE46-C506429F867D}.Debug|Any CPU.Build.0 = Debug|Any CPU
		{63C55277-F67A-48EB-AE46-C506429F867D}.Debug|x64.ActiveCfg = Debug|Any CPU
		{63C55277-F67A-48EB-AE46-C506429F867D}.Debug|x64.Build.0 = Debug|Any CPU
		{63C55277-F67A-48EB-AE46-C506429F867D}.Debug|x86.ActiveCfg = Debug|Any CPU
		{63C55277-F67A-48EB-AE46-C506429F867D}.Debug|x86.Build.0 = Debug|Any CPU
		{63C55277-F67A-48EB-AE46-C506429F867D}.Release|Any CPU.ActiveCfg = Release|Any CPU
		{63C55277-F67A-48EB-AE46-C506429F867D}.Release|Any CPU.Build.0 = Release|Any CPU
		{63C55277-F67A-48EB-AE46-C506429F867D}.Release|x64.ActiveCfg = Release|Any CPU
		{63C55277-F67A-48EB-AE46-C506429F867D}.Release|x64.Build.0 = Release|Any CPU
		{63C55277-F67A-48EB-AE46-C506429F867D}.Release|x86.ActiveCfg = Release|Any CPU
		{63C55277-F67A-48EB-AE46-C506429F867D}.Release|x86.Build.0 = Release|Any CPU
		{6D6A66BF-DB73-4A88-90B4-74EB69A5C4E8}.Debug|Any CPU.ActiveCfg = Debug|Any CPU
		{6D6A66BF-DB73-4A88-90B4-74EB69A5C4E8}.Debug|Any CPU.Build.0 = Debug|Any CPU
		{6D6A66BF-DB73-4A88-90B4-74EB69A5C4E8}.Debug|x64.ActiveCfg = Debug|Any CPU
		{6D6A66BF-DB73-4A88-90B4-74EB69A5C4E8}.Debug|x64.Build.0 = Debug|Any CPU
		{6D6A66BF-DB73-4A88-90B4-74EB69A5C4E8}.Debug|x86.ActiveCfg = Debug|Any CPU
		{6D6A66BF-DB73-4A88-90B4-74EB69A5C4E8}.Debug|x86.Build.0 = Debug|Any CPU
		{6D6A66BF-DB73-4A88-90B4-74EB69A5C4E8}.Release|Any CPU.ActiveCfg = Release|Any CPU
		{6D6A66BF-DB73-4A88-90B4-74EB69A5C4E8}.Release|Any CPU.Build.0 = Release|Any CPU
		{6D6A66BF-DB73-4A88-90B4-74EB69A5C4E8}.Release|x64.ActiveCfg = Release|Any CPU
		{6D6A66BF-DB73-4A88-90B4-74EB69A5C4E8}.Release|x64.Build.0 = Release|Any CPU
		{6D6A66BF-DB73-4A88-90B4-74EB69A5C4E8}.Release|x86.ActiveCfg = Release|Any CPU
		{6D6A66BF-DB73-4A88-90B4-74EB69A5C4E8}.Release|x86.Build.0 = Release|Any CPU
		{2EB226D9-2DFA-49E0-B0E7-2328BCF48614}.Debug|Any CPU.ActiveCfg = Debug|Any CPU
		{2EB226D9-2DFA-49E0-B0E7-2328BCF48614}.Debug|Any CPU.Build.0 = Debug|Any CPU
		{2EB226D9-2DFA-49E0-B0E7-2328BCF48614}.Debug|x64.ActiveCfg = Debug|Any CPU
		{2EB226D9-2DFA-49E0-B0E7-2328BCF48614}.Debug|x64.Build.0 = Debug|Any CPU
		{2EB226D9-2DFA-49E0-B0E7-2328BCF48614}.Debug|x86.ActiveCfg = Debug|Any CPU
		{2EB226D9-2DFA-49E0-B0E7-2328BCF48614}.Debug|x86.Build.0 = Debug|Any CPU
		{2EB226D9-2DFA-49E0-B0E7-2328BCF48614}.Release|Any CPU.ActiveCfg = Release|Any CPU
		{2EB226D9-2DFA-49E0-B0E7-2328BCF48614}.Release|Any CPU.Build.0 = Release|Any CPU
		{2EB226D9-2DFA-49E0-B0E7-2328BCF48614}.Release|x64.ActiveCfg = Release|Any CPU
		{2EB226D9-2DFA-49E0-B0E7-2328BCF48614}.Release|x64.Build.0 = Release|Any CPU
		{2EB226D9-2DFA-49E0-B0E7-2328BCF48614}.Release|x86.ActiveCfg = Release|Any CPU
		{2EB226D9-2DFA-49E0-B0E7-2328BCF48614}.Release|x86.Build.0 = Release|Any CPU
		{0397F42D-64AC-452A-894A-C59AA99685CA}.Debug|Any CPU.ActiveCfg = Debug|Any CPU
		{0397F42D-64AC-452A-894A-C59AA99685CA}.Debug|Any CPU.Build.0 = Debug|Any CPU
		{0397F42D-64AC-452A-894A-C59AA99685CA}.Debug|x64.ActiveCfg = Debug|Any CPU
		{0397F42D-64AC-452A-894A-C59AA99685CA}.Debug|x64.Build.0 = Debug|Any CPU
		{0397F42D-64AC-452A-894A-C59AA99685CA}.Debug|x86.ActiveCfg = Debug|Any CPU
		{0397F42D-64AC-452A-894A-C59AA99685CA}.Debug|x86.Build.0 = Debug|Any CPU
		{0397F42D-64AC-452A-894A-C59AA99685CA}.Release|Any CPU.ActiveCfg = Release|Any CPU
		{0397F42D-64AC-452A-894A-C59AA99685CA}.Release|Any CPU.Build.0 = Release|Any CPU
		{0397F42D-64AC-452A-894A-C59AA99685CA}.Release|x64.ActiveCfg = Release|Any CPU
		{0397F42D-64AC-452A-894A-C59AA99685CA}.Release|x64.Build.0 = Release|Any CPU
		{0397F42D-64AC-452A-894A-C59AA99685CA}.Release|x86.ActiveCfg = Release|Any CPU
		{0397F42D-64AC-452A-894A-C59AA99685CA}.Release|x86.Build.0 = Release|Any CPU
		{0D3B4430-3BE0-4E32-BE5E-8C077A94B0CB}.Debug|Any CPU.ActiveCfg = Debug|Any CPU
		{0D3B4430-3BE0-4E32-BE5E-8C077A94B0CB}.Debug|Any CPU.Build.0 = Debug|Any CPU
		{0D3B4430-3BE0-4E32-BE5E-8C077A94B0CB}.Debug|x64.ActiveCfg = Debug|Any CPU
		{0D3B4430-3BE0-4E32-BE5E-8C077A94B0CB}.Debug|x64.Build.0 = Debug|Any CPU
		{0D3B4430-3BE0-4E32-BE5E-8C077A94B0CB}.Debug|x86.ActiveCfg = Debug|Any CPU
		{0D3B4430-3BE0-4E32-BE5E-8C077A94B0CB}.Debug|x86.Build.0 = Debug|Any CPU
		{0D3B4430-3BE0-4E32-BE5E-8C077A94B0CB}.Release|Any CPU.ActiveCfg = Release|Any CPU
		{0D3B4430-3BE0-4E32-BE5E-8C077A94B0CB}.Release|Any CPU.Build.0 = Release|Any CPU
		{0D3B4430-3BE0-4E32-BE5E-8C077A94B0CB}.Release|x64.ActiveCfg = Release|Any CPU
		{0D3B4430-3BE0-4E32-BE5E-8C077A94B0CB}.Release|x64.Build.0 = Release|Any CPU
		{0D3B4430-3BE0-4E32-BE5E-8C077A94B0CB}.Release|x86.ActiveCfg = Release|Any CPU
		{0D3B4430-3BE0-4E32-BE5E-8C077A94B0CB}.Release|x86.Build.0 = Release|Any CPU
		{330C357E-1FB1-4970-956F-8ADF1761B1BD}.Debug|Any CPU.ActiveCfg = Debug|Any CPU
		{330C357E-1FB1-4970-956F-8ADF1761B1BD}.Debug|Any CPU.Build.0 = Debug|Any CPU
		{330C357E-1FB1-4970-956F-8ADF1761B1BD}.Debug|x64.ActiveCfg = Debug|Any CPU
		{330C357E-1FB1-4970-956F-8ADF1761B1BD}.Debug|x64.Build.0 = Debug|Any CPU
		{330C357E-1FB1-4970-956F-8ADF1761B1BD}.Debug|x86.ActiveCfg = Debug|Any CPU
		{330C357E-1FB1-4970-956F-8ADF1761B1BD}.Debug|x86.Build.0 = Debug|Any CPU
		{330C357E-1FB1-4970-956F-8ADF1761B1BD}.Release|Any CPU.ActiveCfg = Release|Any CPU
		{330C357E-1FB1-4970-956F-8ADF1761B1BD}.Release|Any CPU.Build.0 = Release|Any CPU
		{330C357E-1FB1-4970-956F-8ADF1761B1BD}.Release|x64.ActiveCfg = Release|Any CPU
		{330C357E-1FB1-4970-956F-8ADF1761B1BD}.Release|x64.Build.0 = Release|Any CPU
		{330C357E-1FB1-4970-956F-8ADF1761B1BD}.Release|x86.ActiveCfg = Release|Any CPU
		{330C357E-1FB1-4970-956F-8ADF1761B1BD}.Release|x86.Build.0 = Release|Any CPU
		{A15DF0D8-5B99-4F68-A369-9CFAE4367A7E}.Debug|Any CPU.ActiveCfg = Debug|Any CPU
		{A15DF0D8-5B99-4F68-A369-9CFAE4367A7E}.Debug|Any CPU.Build.0 = Debug|Any CPU
		{A15DF0D8-5B99-4F68-A369-9CFAE4367A7E}.Debug|x64.ActiveCfg = Debug|Any CPU
		{A15DF0D8-5B99-4F68-A369-9CFAE4367A7E}.Debug|x64.Build.0 = Debug|Any CPU
		{A15DF0D8-5B99-4F68-A369-9CFAE4367A7E}.Debug|x86.ActiveCfg = Debug|Any CPU
		{A15DF0D8-5B99-4F68-A369-9CFAE4367A7E}.Debug|x86.Build.0 = Debug|Any CPU
		{A15DF0D8-5B99-4F68-A369-9CFAE4367A7E}.Release|Any CPU.ActiveCfg = Release|Any CPU
		{A15DF0D8-5B99-4F68-A369-9CFAE4367A7E}.Release|Any CPU.Build.0 = Release|Any CPU
		{A15DF0D8-5B99-4F68-A369-9CFAE4367A7E}.Release|x64.ActiveCfg = Release|Any CPU
		{A15DF0D8-5B99-4F68-A369-9CFAE4367A7E}.Release|x64.Build.0 = Release|Any CPU
		{A15DF0D8-5B99-4F68-A369-9CFAE4367A7E}.Release|x86.ActiveCfg = Release|Any CPU
		{A15DF0D8-5B99-4F68-A369-9CFAE4367A7E}.Release|x86.Build.0 = Release|Any CPU
		{C178FDBD-3CFC-485A-A305-2678775A1AD7}.Debug|Any CPU.ActiveCfg = Debug|Any CPU
		{C178FDBD-3CFC-485A-A305-2678775A1AD7}.Debug|Any CPU.Build.0 = Debug|Any CPU
		{C178FDBD-3CFC-485A-A305-2678775A1AD7}.Debug|x64.ActiveCfg = Debug|Any CPU
		{C178FDBD-3CFC-485A-A305-2678775A1AD7}.Debug|x64.Build.0 = Debug|Any CPU
		{C178FDBD-3CFC-485A-A305-2678775A1AD7}.Debug|x86.ActiveCfg = Debug|Any CPU
		{C178FDBD-3CFC-485A-A305-2678775A1AD7}.Debug|x86.Build.0 = Debug|Any CPU
		{C178FDBD-3CFC-485A-A305-2678775A1AD7}.Release|Any CPU.ActiveCfg = Release|Any CPU
		{C178FDBD-3CFC-485A-A305-2678775A1AD7}.Release|Any CPU.Build.0 = Release|Any CPU
		{C178FDBD-3CFC-485A-A305-2678775A1AD7}.Release|x64.ActiveCfg = Release|Any CPU
		{C178FDBD-3CFC-485A-A305-2678775A1AD7}.Release|x64.Build.0 = Release|Any CPU
		{C178FDBD-3CFC-485A-A305-2678775A1AD7}.Release|x86.ActiveCfg = Release|Any CPU
		{C178FDBD-3CFC-485A-A305-2678775A1AD7}.Release|x86.Build.0 = Release|Any CPU
	EndGlobalSection
	GlobalSection(NestedProjects) = preSolution
		{6C518FA7-1083-4D9D-80D3-8688F1FABDB5} = {42185A34-0932-4DFB-B83D-74813714E44C}
		{30D27E70-5CDB-43C9-919E-129DB443DC30} = {42185A34-0932-4DFB-B83D-74813714E44C}
		{EBB71210-E664-4B7D-A278-4BAED3C04136} = {42185A34-0932-4DFB-B83D-74813714E44C}
		{88D2B846-18F0-47F3-B0D7-CE1A1518FED2} = {42185A34-0932-4DFB-B83D-74813714E44C}
		{16CBDA53-640C-45F1-A1C9-E11FAD694D3C} = {42185A34-0932-4DFB-B83D-74813714E44C}
		{B5C02B28-D6FC-4311-BE05-2023B025EA31} = {42185A34-0932-4DFB-B83D-74813714E44C}
		{A0DE9301-245D-43E2-8063-04D4094059A7} = {42185A34-0932-4DFB-B83D-74813714E44C}
		{C60E7E4E-83EA-4894-8C77-5A0E0D9CE32B} = {42185A34-0932-4DFB-B83D-74813714E44C}
		{DE382F70-053C-4342-8D4B-92A76B404B41} = {42185A34-0932-4DFB-B83D-74813714E44C}
		{C13C4638-FFEE-4DA7-85E4-7B9A51D552AC} = {42185A34-0932-4DFB-B83D-74813714E44C}
		{4EB46EE3-3806-4E16-A5F8-8C9D7D6DF389} = {42185A34-0932-4DFB-B83D-74813714E44C}
		{3EEE1924-82E8-4DEC-8CE5-ABF4A6889E9C} = {42185A34-0932-4DFB-B83D-74813714E44C}
		{36399FBA-21CA-47F5-888B-0B14C6B7FE97} = {42185A34-0932-4DFB-B83D-74813714E44C}
		{455D4F6F-9C4D-44FA-A5DD-8CE18AFF3701} = {42185A34-0932-4DFB-B83D-74813714E44C}
		{B26998D2-FE84-4FCC-AF4D-75A5209395B8} = {42185A34-0932-4DFB-B83D-74813714E44C}
		{DDDCAE82-74E9-4810-9031-CEF4B280D6E4} = {42185A34-0932-4DFB-B83D-74813714E44C}
		{CEB79B2C-EA99-49B1-BEC5-03569057D0CC} = {42185A34-0932-4DFB-B83D-74813714E44C}
		{2FC6BD17-0D94-4B2F-9585-F852F7C72E49} = {42185A34-0932-4DFB-B83D-74813714E44C}
		{33CA45A5-E729-46CD-A8CA-FE90B2A93FDC} = {42185A34-0932-4DFB-B83D-74813714E44C}
		{5187A281-2C09-42F3-A3E2-BBD17372C0D9} = {42185A34-0932-4DFB-B83D-74813714E44C}
		{D9A056A8-853C-4162-9823-DF840169229B} = {42185A34-0932-4DFB-B83D-74813714E44C}
		{D34925C6-0937-42E3-B71F-6FA09E4B7A39} = {42185A34-0932-4DFB-B83D-74813714E44C}
		{FE2522B3-B4C0-4D0F-AC59-3B17B6F6C61F} = {42185A34-0932-4DFB-B83D-74813714E44C}
		{9EE9F768-0DDE-4210-A350-5F219AC5EDF6} = {42185A34-0932-4DFB-B83D-74813714E44C}
		{9A9224E4-9C71-4C89-83AA-6AB1449E8877} = {42185A34-0932-4DFB-B83D-74813714E44C}
		{0EDDFFC6-9B7E-4C44-B1C9-C071BE8BF326} = {42185A34-0932-4DFB-B83D-74813714E44C}
		{BA6F36C1-6A7F-4950-8099-C87DFD37C4E5} = {42185A34-0932-4DFB-B83D-74813714E44C}
		{63C55277-F67A-48EB-AE46-C506429F867D} = {42185A34-0932-4DFB-B83D-74813714E44C}
		{6D6A66BF-DB73-4A88-90B4-74EB69A5C4E8} = {42185A34-0932-4DFB-B83D-74813714E44C}
		{2EB226D9-2DFA-49E0-B0E7-2328BCF48614} = {42185A34-0932-4DFB-B83D-74813714E44C}
		{0397F42D-64AC-452A-894A-C59AA99685CA} = {42185A34-0932-4DFB-B83D-74813714E44C}
		{0D3B4430-3BE0-4E32-BE5E-8C077A94B0CB} = {33AD9EF8-3228-4592-8934-4600F217C69F}
		{330C357E-1FB1-4970-956F-8ADF1761B1BD} = {33AD9EF8-3228-4592-8934-4600F217C69F}
		{A15DF0D8-5B99-4F68-A369-9CFAE4367A7E} = {33AD9EF8-3228-4592-8934-4600F217C69F}
		{C178FDBD-3CFC-485A-A305-2678775A1AD7} = {33AD9EF8-3228-4592-8934-4600F217C69F}
	EndGlobalSection
EndGlobal
