
Microsoft Visual Studio Solution File, Format Version 12.00
# Visual Studio Version 16
VisualStudioVersion = 16.0.30011.22
MinimumVisualStudioVersion = 15.0.26124.0
Project("{6EC3EE1D-3C4E-46DD-8F32-0CC8E7565705}") = "BankAccount", "bank-account\BankAccount.fsproj", "{3A488C5B-FC85-4A53-87B4-C4292EED7F76}"
EndProject
Project("{6EC3EE1D-3C4E-46DD-8F32-0CC8E7565705}") = "BinarySearchTree", "binary-search-tree\BinarySearchTree.fsproj", "{EB7F2039-19A9-41CE-9863-2317DB5896D3}"
EndProject
Project("{6EC3EE1D-3C4E-46DD-8F32-0CC8E7565705}") = "ComplexNumbers", "complex-numbers\ComplexNumbers.fsproj", "{309BBA72-CC34-4F51-985E-412ACA618F24}"
EndProject
Project("{6EC3EE1D-3C4E-46DD-8F32-0CC8E7565705}") = "CustomSet", "custom-set\CustomSet.fsproj", "{42899499-8604-4019-BA72-CA6A67D6E8C1}"
EndProject
Project("{6EC3EE1D-3C4E-46DD-8F32-0CC8E7565705}") = "Darts", "darts\Darts.fsproj", "{29567013-3A73-4443-A10F-9602E03DB456}"
EndProject
Project("{6EC3EE1D-3C4E-46DD-8F32-0CC8E7565705}") = "DifferenceOfSquares", "difference-of-squares\DifferenceOfSquares.fsproj", "{1F38171C-D7C3-4A2C-9017-64F8FE29146C}"
EndProject
Project("{6EC3EE1D-3C4E-46DD-8F32-0CC8E7565705}") = "DiffieHellman", "diffie-hellman\DiffieHellman.fsproj", "{482CD543-58E8-4764-9DD7-96BB5432ABDD}"
EndProject
Project("{6EC3EE1D-3C4E-46DD-8F32-0CC8E7565705}") = "DndCharacter", "dnd-character\DndCharacter.fsproj", "{6D230DCD-2EC6-4E09-924E-1D767A480371}"
EndProject
Project("{6EC3EE1D-3C4E-46DD-8F32-0CC8E7565705}") = "Gigasecond", "gigasecond\Gigasecond.fsproj", "{CBB2387F-5C0F-4E30-8B3E-B86E8F1A3E54}"
EndProject
Project("{6EC3EE1D-3C4E-46DD-8F32-0CC8E7565705}") = "Grains", "grains\Grains.fsproj", "{E98FE959-DE3B-47F1-92EB-CAA01B0CD573}"
EndProject
Project("{6EC3EE1D-3C4E-46DD-8F32-0CC8E7565705}") = "Hamming", "hamming\Hamming.fsproj", "{95B21E4F-BFFA-4FBF-9356-7591D26C0BCE}"
EndProject
Project("{6EC3EE1D-3C4E-46DD-8F32-0CC8E7565705}") = "HelloWorld", "hello-world\HelloWorld.fsproj", "{68005705-7D85-47E4-8B0B-C26232668845}"
EndProject
Project("{6EC3EE1D-3C4E-46DD-8F32-0CC8E7565705}") = "HighScores", "high-scores\HighScores.fsproj", "{B6D5E7D4-2AC7-42F6-9B60-1B9BFD4ACD22}"
EndProject
Project("{6EC3EE1D-3C4E-46DD-8F32-0CC8E7565705}") = "Isogram", "isogram\Isogram.fsproj", "{DA7264C3-9B41-424C-A6BB-2B8E64032CAB}"
EndProject
Project("{6EC3EE1D-3C4E-46DD-8F32-0CC8E7565705}") = "LargestSeriesProduct", "largest-series-product\LargestSeriesProduct.fsproj", "{DC1A031B-10A4-4F25-8039-C46388BDF586}"
EndProject
Project("{6EC3EE1D-3C4E-46DD-8F32-0CC8E7565705}") = "Leap", "leap\Leap.fsproj", "{3324C2B9-F033-4F59-9741-7DB0F5DF9EA9}"
EndProject
Project("{6EC3EE1D-3C4E-46DD-8F32-0CC8E7565705}") = "NthPrime", "nth-prime\NthPrime.fsproj", "{85731415-933F-4F58-8D9B-DB8320D7046D}"
EndProject
Project("{6EC3EE1D-3C4E-46DD-8F32-0CC8E7565705}") = "Pangram", "pangram\Pangram.fsproj", "{FEC7CFA0-6456-43FC-B0CD-27C6AC7A9E4E}"
EndProject
Project("{6EC3EE1D-3C4E-46DD-8F32-0CC8E7565705}") = "QueenAttack", "queen-attack\QueenAttack.fsproj", "{141DD774-4216-4358-97B3-B5BF9494D8C7}"
EndProject
Project("{6EC3EE1D-3C4E-46DD-8F32-0CC8E7565705}") = "RationalNumbers", "rational-numbers\RationalNumbers.fsproj", "{BD1B0F1F-8CFA-42F6-8C25-5E888C5B69E2}"
EndProject
Project("{6EC3EE1D-3C4E-46DD-8F32-0CC8E7565705}") = "RnaTranscription", "rna-transcription\RnaTranscription.fsproj", "{66BB10C9-5C61-467C-82B2-9516068778C9}"
EndProject
Project("{6EC3EE1D-3C4E-46DD-8F32-0CC8E7565705}") = "SumOfMultiples", "sum-of-multiples\SumOfMultiples.fsproj", "{928FC955-582A-45F8-8039-A2B2CAB8B7DD}"
EndProject
Project("{6EC3EE1D-3C4E-46DD-8F32-0CC8E7565705}") = "TwelveDays", "twelve-days\TwelveDays.fsproj", "{5280ACA3-9570-4BFF-8D97-48AAC6190418}"
EndProject
Project("{6EC3EE1D-3C4E-46DD-8F32-0CC8E7565705}") = "TwoFer", "two-fer\TwoFer.fsproj", "{B85CDF3F-7DB6-439C-B70F-6518635D2F88}"
EndProject
Project("{6EC3EE1D-3C4E-46DD-8F32-0CC8E7565705}") = "AllYourBase", "all-your-base\AllYourBase.fsproj", "{3DA1D245-0E89-4A7B-BBEC-1B3EABE7B8FE}"
EndProject
Project("{6EC3EE1D-3C4E-46DD-8F32-0CC8E7565705}") = "ReverseString", "reverse-string\ReverseString.fsproj", "{845F966C-8D95-4C5B-A3F0-036898D8F1EA}"
EndProject
Project("{6EC3EE1D-3C4E-46DD-8F32-0CC8E7565705}") = "PhoneNumber", "phone-number\PhoneNumber.fsproj", "{6110D20F-DFB8-46B9-B19A-0B9D3DC7D550}"
EndProject
Project("{F2A71F9B-5D33-465A-A702-920D77279786}") = "Raindrops", "raindrops\Raindrops.fsproj", "{CA6BAFEF-1EA6-4F0D-A795-DAD29B49A42E}"
EndProject
Project("{F2A71F9B-5D33-465A-A702-920D77279786}") = "Accumulate", "accumulate\Accumulate.fsproj", "{BE90EE31-A8FE-4C25-934F-D51638ECC9FA}"
EndProject
Project("{F2A71F9B-5D33-465A-A702-920D77279786}") = "SpaceAge", "space-age\SpaceAge.fsproj", "{58A58709-564B-4FF0-80E6-E8B5706081C3}"
EndProject
Project("{F2A71F9B-5D33-465A-A702-920D77279786}") = "Bob", "bob\Bob.fsproj", "{C1BE79FC-0728-4273-8050-5FD39A4629B7}"
EndProject
Project("{F2A71F9B-5D33-465A-A702-920D77279786}") = "Allergies", "allergies\Allergies.fsproj", "{E69A1701-F433-4971-8D60-707BC6F31561}"
EndProject
Project("{F2A71F9B-5D33-465A-A702-920D77279786}") = "CollatzConjecture", "collatz-conjecture\CollatzConjecture.fsproj", "{0C9430C4-F434-43CC-AEB6-64134AE518FB}"
EndProject
Project("{F2A71F9B-5D33-465A-A702-920D77279786}") = "ArmstrongNumbers", "armstrong-numbers\ArmstrongNumbers.fsproj", "{D886A643-38CC-4483-9FDD-A7F9947FFE95}"
EndProject
Project("{F2A71F9B-5D33-465A-A702-920D77279786}") = "SimpleLinkedList", "simple-linked-list\SimpleLinkedList.fsproj", "{44B20564-D11A-49D4-A10D-F8A3C67A4451}"
EndProject
Project("{F2A71F9B-5D33-465A-A702-920D77279786}") = "Series", "series\Series.fsproj", "{B1D1F593-491C-4DF3-9273-97D941F70BBF}"
EndProject
Project("{F2A71F9B-5D33-465A-A702-920D77279786}") = "SaddlePoints", "saddle-points\SaddlePoints.fsproj", "{936E4769-83FD-4909-BC41-68D0B1801720}"
EndProject
Project("{F2A71F9B-5D33-465A-A702-920D77279786}") = "ListOps", "list-ops\ListOps.fsproj", "{4EA51464-9122-4844-A968-D5DD5B9C6B0A}"
EndProject
Project("{F2A71F9B-5D33-465A-A702-920D77279786}") = "PerfectNumbers", "perfect-numbers\PerfectNumbers.fsproj", "{501BDBE6-D57E-472A-AAAC-3B1BBE9A5350}"
EndProject
Project("{F2A71F9B-5D33-465A-A702-920D77279786}") = "Anagram", "anagram\Anagram.fsproj", "{BC5FDDC8-8967-4E37-9B26-C6A93A69075C}"
EndProject
Project("{F2A71F9B-5D33-465A-A702-920D77279786}") = "NucleotideCount", "nucleotide-count\NucleotideCount.fsproj", "{89F7071D-E06A-442E-8162-A1AD8BE9FF6F}"
EndProject
Project("{F2A71F9B-5D33-465A-A702-920D77279786}") = "Etl", "etl\Etl.fsproj", "{FEE822DA-04D2-4BB1-8116-AE38B933430A}"
EndProject
Project("{F2A71F9B-5D33-465A-A702-920D77279786}") = "RobotSimulator", "robot-simulator\RobotSimulator.fsproj", "{FD440C2C-D1B5-4936-A27A-8430346BF189}"
EndProject
Project("{F2A71F9B-5D33-465A-A702-920D77279786}") = "Strain", "strain\Strain.fsproj", "{6D496A92-10AD-4F6F-82AF-4A6A54671940}"
EndProject
Project("{F2A71F9B-5D33-465A-A702-920D77279786}") = "Triangle", "triangle\Triangle.fsproj", "{E4C4C7A6-E28E-41A0-B954-1B1939F9512D}"
EndProject
Project("{F2A71F9B-5D33-465A-A702-920D77279786}") = "GradeSchool", "grade-school\GradeSchool.fsproj", "{143B7748-CA50-4BA7-AD19-22F6340704C7}"
EndProject
Project("{F2A71F9B-5D33-465A-A702-920D77279786}") = "ScrabbleScore", "scrabble-score\ScrabbleScore.fsproj", "{C8BA08B3-7548-4B94-81DB-D213B1951E1C}"
EndProject
Project("{F2A71F9B-5D33-465A-A702-920D77279786}") = "ErrorHandling", "error-handling\ErrorHandling.fsproj", "{B2AF7373-4EF2-44AC-A593-2B255789AEE5}"
EndProject
Project("{F2A71F9B-5D33-465A-A702-920D77279786}") = "ProteinTranslation", "protein-translation\ProteinTranslation.fsproj", "{213DEAEB-919E-4BE8-9E8C-8F54743ED02F}"
EndProject
Project("{F2A71F9B-5D33-465A-A702-920D77279786}") = "SecretHandshake", "secret-handshake\SecretHandshake.fsproj", "{BCAFEA2F-67D4-454B-9A5A-07A92E99539A}"
EndProject
Project("{F2A71F9B-5D33-465A-A702-920D77279786}") = "IsbnVerifier", "isbn-verifier\IsbnVerifier.fsproj", "{A09AC1A3-D32B-4382-9EDD-B4C6BE124F3C}"
EndProject
Project("{F2A71F9B-5D33-465A-A702-920D77279786}") = "RomanNumerals", "roman-numerals\RomanNumerals.fsproj", "{811DC75C-0E4F-46BE-8050-5F34351BA3DF}"
EndProject
Project("{F2A71F9B-5D33-465A-A702-920D77279786}") = "PythagoreanTriplet", "pythagorean-triplet\PythagoreanTriplet.fsproj", "{2066EA7F-1437-4733-928F-498A5939C0FC}"
EndProject
Project("{F2A71F9B-5D33-465A-A702-920D77279786}") = "CryptoSquare", "crypto-square\CryptoSquare.fsproj", "{1A9C481B-5912-461B-ACD8-3E043EDE61FB}"
EndProject
Project("{F2A71F9B-5D33-465A-A702-920D77279786}") = "Yacht", "yacht\Yacht.fsproj", "{EED1CD90-D502-493D-B598-7D3AE49CA938}"
EndProject
Project("{F2A71F9B-5D33-465A-A702-920D77279786}") = "BinarySearch", "binary-search\BinarySearch.fsproj", "{7603985C-6823-4E20-AE27-1731C5083A86}"
EndProject
Global
	GlobalSection(SolutionConfigurationPlatforms) = preSolution
		Debug|Any CPU = Debug|Any CPU
		Debug|x64 = Debug|x64
		Debug|x86 = Debug|x86
		Release|Any CPU = Release|Any CPU
		Release|x64 = Release|x64
		Release|x86 = Release|x86
	EndGlobalSection
	GlobalSection(ProjectConfigurationPlatforms) = postSolution
		{3A488C5B-FC85-4A53-87B4-C4292EED7F76}.Debug|Any CPU.ActiveCfg = Debug|Any CPU
		{3A488C5B-FC85-4A53-87B4-C4292EED7F76}.Debug|Any CPU.Build.0 = Debug|Any CPU
		{3A488C5B-FC85-4A53-87B4-C4292EED7F76}.Debug|x64.ActiveCfg = Debug|Any CPU
		{3A488C5B-FC85-4A53-87B4-C4292EED7F76}.Debug|x64.Build.0 = Debug|Any CPU
		{3A488C5B-FC85-4A53-87B4-C4292EED7F76}.Debug|x86.ActiveCfg = Debug|Any CPU
		{3A488C5B-FC85-4A53-87B4-C4292EED7F76}.Debug|x86.Build.0 = Debug|Any CPU
		{3A488C5B-FC85-4A53-87B4-C4292EED7F76}.Release|Any CPU.ActiveCfg = Release|Any CPU
		{3A488C5B-FC85-4A53-87B4-C4292EED7F76}.Release|Any CPU.Build.0 = Release|Any CPU
		{3A488C5B-FC85-4A53-87B4-C4292EED7F76}.Release|x64.ActiveCfg = Release|Any CPU
		{3A488C5B-FC85-4A53-87B4-C4292EED7F76}.Release|x64.Build.0 = Release|Any CPU
		{3A488C5B-FC85-4A53-87B4-C4292EED7F76}.Release|x86.ActiveCfg = Release|Any CPU
		{3A488C5B-FC85-4A53-87B4-C4292EED7F76}.Release|x86.Build.0 = Release|Any CPU
		{EB7F2039-19A9-41CE-9863-2317DB5896D3}.Debug|Any CPU.ActiveCfg = Debug|Any CPU
		{EB7F2039-19A9-41CE-9863-2317DB5896D3}.Debug|Any CPU.Build.0 = Debug|Any CPU
		{EB7F2039-19A9-41CE-9863-2317DB5896D3}.Debug|x64.ActiveCfg = Debug|Any CPU
		{EB7F2039-19A9-41CE-9863-2317DB5896D3}.Debug|x64.Build.0 = Debug|Any CPU
		{EB7F2039-19A9-41CE-9863-2317DB5896D3}.Debug|x86.ActiveCfg = Debug|Any CPU
		{EB7F2039-19A9-41CE-9863-2317DB5896D3}.Debug|x86.Build.0 = Debug|Any CPU
		{EB7F2039-19A9-41CE-9863-2317DB5896D3}.Release|Any CPU.ActiveCfg = Release|Any CPU
		{EB7F2039-19A9-41CE-9863-2317DB5896D3}.Release|Any CPU.Build.0 = Release|Any CPU
		{EB7F2039-19A9-41CE-9863-2317DB5896D3}.Release|x64.ActiveCfg = Release|Any CPU
		{EB7F2039-19A9-41CE-9863-2317DB5896D3}.Release|x64.Build.0 = Release|Any CPU
		{EB7F2039-19A9-41CE-9863-2317DB5896D3}.Release|x86.ActiveCfg = Release|Any CPU
		{EB7F2039-19A9-41CE-9863-2317DB5896D3}.Release|x86.Build.0 = Release|Any CPU
		{309BBA72-CC34-4F51-985E-412ACA618F24}.Debug|Any CPU.ActiveCfg = Debug|Any CPU
		{309BBA72-CC34-4F51-985E-412ACA618F24}.Debug|Any CPU.Build.0 = Debug|Any CPU
		{309BBA72-CC34-4F51-985E-412ACA618F24}.Debug|x64.ActiveCfg = Debug|Any CPU
		{309BBA72-CC34-4F51-985E-412ACA618F24}.Debug|x64.Build.0 = Debug|Any CPU
		{309BBA72-CC34-4F51-985E-412ACA618F24}.Debug|x86.ActiveCfg = Debug|Any CPU
		{309BBA72-CC34-4F51-985E-412ACA618F24}.Debug|x86.Build.0 = Debug|Any CPU
		{309BBA72-CC34-4F51-985E-412ACA618F24}.Release|Any CPU.ActiveCfg = Release|Any CPU
		{309BBA72-CC34-4F51-985E-412ACA618F24}.Release|Any CPU.Build.0 = Release|Any CPU
		{309BBA72-CC34-4F51-985E-412ACA618F24}.Release|x64.ActiveCfg = Release|Any CPU
		{309BBA72-CC34-4F51-985E-412ACA618F24}.Release|x64.Build.0 = Release|Any CPU
		{309BBA72-CC34-4F51-985E-412ACA618F24}.Release|x86.ActiveCfg = Release|Any CPU
		{309BBA72-CC34-4F51-985E-412ACA618F24}.Release|x86.Build.0 = Release|Any CPU
		{42899499-8604-4019-BA72-CA6A67D6E8C1}.Debug|Any CPU.ActiveCfg = Debug|Any CPU
		{42899499-8604-4019-BA72-CA6A67D6E8C1}.Debug|Any CPU.Build.0 = Debug|Any CPU
		{42899499-8604-4019-BA72-CA6A67D6E8C1}.Debug|x64.ActiveCfg = Debug|Any CPU
		{42899499-8604-4019-BA72-CA6A67D6E8C1}.Debug|x64.Build.0 = Debug|Any CPU
		{42899499-8604-4019-BA72-CA6A67D6E8C1}.Debug|x86.ActiveCfg = Debug|Any CPU
		{42899499-8604-4019-BA72-CA6A67D6E8C1}.Debug|x86.Build.0 = Debug|Any CPU
		{42899499-8604-4019-BA72-CA6A67D6E8C1}.Release|Any CPU.ActiveCfg = Release|Any CPU
		{42899499-8604-4019-BA72-CA6A67D6E8C1}.Release|Any CPU.Build.0 = Release|Any CPU
		{42899499-8604-4019-BA72-CA6A67D6E8C1}.Release|x64.ActiveCfg = Release|Any CPU
		{42899499-8604-4019-BA72-CA6A67D6E8C1}.Release|x64.Build.0 = Release|Any CPU
		{42899499-8604-4019-BA72-CA6A67D6E8C1}.Release|x86.ActiveCfg = Release|Any CPU
		{42899499-8604-4019-BA72-CA6A67D6E8C1}.Release|x86.Build.0 = Release|Any CPU
		{29567013-3A73-4443-A10F-9602E03DB456}.Debug|Any CPU.ActiveCfg = Debug|Any CPU
		{29567013-3A73-4443-A10F-9602E03DB456}.Debug|Any CPU.Build.0 = Debug|Any CPU
		{29567013-3A73-4443-A10F-9602E03DB456}.Debug|x64.ActiveCfg = Debug|Any CPU
		{29567013-3A73-4443-A10F-9602E03DB456}.Debug|x64.Build.0 = Debug|Any CPU
		{29567013-3A73-4443-A10F-9602E03DB456}.Debug|x86.ActiveCfg = Debug|Any CPU
		{29567013-3A73-4443-A10F-9602E03DB456}.Debug|x86.Build.0 = Debug|Any CPU
		{29567013-3A73-4443-A10F-9602E03DB456}.Release|Any CPU.ActiveCfg = Release|Any CPU
		{29567013-3A73-4443-A10F-9602E03DB456}.Release|Any CPU.Build.0 = Release|Any CPU
		{29567013-3A73-4443-A10F-9602E03DB456}.Release|x64.ActiveCfg = Release|Any CPU
		{29567013-3A73-4443-A10F-9602E03DB456}.Release|x64.Build.0 = Release|Any CPU
		{29567013-3A73-4443-A10F-9602E03DB456}.Release|x86.ActiveCfg = Release|Any CPU
		{29567013-3A73-4443-A10F-9602E03DB456}.Release|x86.Build.0 = Release|Any CPU
		{1F38171C-D7C3-4A2C-9017-64F8FE29146C}.Debug|Any CPU.ActiveCfg = Debug|Any CPU
		{1F38171C-D7C3-4A2C-9017-64F8FE29146C}.Debug|Any CPU.Build.0 = Debug|Any CPU
		{1F38171C-D7C3-4A2C-9017-64F8FE29146C}.Debug|x64.ActiveCfg = Debug|Any CPU
		{1F38171C-D7C3-4A2C-9017-64F8FE29146C}.Debug|x64.Build.0 = Debug|Any CPU
		{1F38171C-D7C3-4A2C-9017-64F8FE29146C}.Debug|x86.ActiveCfg = Debug|Any CPU
		{1F38171C-D7C3-4A2C-9017-64F8FE29146C}.Debug|x86.Build.0 = Debug|Any CPU
		{1F38171C-D7C3-4A2C-9017-64F8FE29146C}.Release|Any CPU.ActiveCfg = Release|Any CPU
		{1F38171C-D7C3-4A2C-9017-64F8FE29146C}.Release|Any CPU.Build.0 = Release|Any CPU
		{1F38171C-D7C3-4A2C-9017-64F8FE29146C}.Release|x64.ActiveCfg = Release|Any CPU
		{1F38171C-D7C3-4A2C-9017-64F8FE29146C}.Release|x64.Build.0 = Release|Any CPU
		{1F38171C-D7C3-4A2C-9017-64F8FE29146C}.Release|x86.ActiveCfg = Release|Any CPU
		{1F38171C-D7C3-4A2C-9017-64F8FE29146C}.Release|x86.Build.0 = Release|Any CPU
		{482CD543-58E8-4764-9DD7-96BB5432ABDD}.Debug|Any CPU.ActiveCfg = Debug|Any CPU
		{482CD543-58E8-4764-9DD7-96BB5432ABDD}.Debug|Any CPU.Build.0 = Debug|Any CPU
		{482CD543-58E8-4764-9DD7-96BB5432ABDD}.Debug|x64.ActiveCfg = Debug|Any CPU
		{482CD543-58E8-4764-9DD7-96BB5432ABDD}.Debug|x64.Build.0 = Debug|Any CPU
		{482CD543-58E8-4764-9DD7-96BB5432ABDD}.Debug|x86.ActiveCfg = Debug|Any CPU
		{482CD543-58E8-4764-9DD7-96BB5432ABDD}.Debug|x86.Build.0 = Debug|Any CPU
		{482CD543-58E8-4764-9DD7-96BB5432ABDD}.Release|Any CPU.ActiveCfg = Release|Any CPU
		{482CD543-58E8-4764-9DD7-96BB5432ABDD}.Release|Any CPU.Build.0 = Release|Any CPU
		{482CD543-58E8-4764-9DD7-96BB5432ABDD}.Release|x64.ActiveCfg = Release|Any CPU
		{482CD543-58E8-4764-9DD7-96BB5432ABDD}.Release|x64.Build.0 = Release|Any CPU
		{482CD543-58E8-4764-9DD7-96BB5432ABDD}.Release|x86.ActiveCfg = Release|Any CPU
		{482CD543-58E8-4764-9DD7-96BB5432ABDD}.Release|x86.Build.0 = Release|Any CPU
		{6D230DCD-2EC6-4E09-924E-1D767A480371}.Debug|Any CPU.ActiveCfg = Debug|Any CPU
		{6D230DCD-2EC6-4E09-924E-1D767A480371}.Debug|Any CPU.Build.0 = Debug|Any CPU
		{6D230DCD-2EC6-4E09-924E-1D767A480371}.Debug|x64.ActiveCfg = Debug|Any CPU
		{6D230DCD-2EC6-4E09-924E-1D767A480371}.Debug|x64.Build.0 = Debug|Any CPU
		{6D230DCD-2EC6-4E09-924E-1D767A480371}.Debug|x86.ActiveCfg = Debug|Any CPU
		{6D230DCD-2EC6-4E09-924E-1D767A480371}.Debug|x86.Build.0 = Debug|Any CPU
		{6D230DCD-2EC6-4E09-924E-1D767A480371}.Release|Any CPU.ActiveCfg = Release|Any CPU
		{6D230DCD-2EC6-4E09-924E-1D767A480371}.Release|Any CPU.Build.0 = Release|Any CPU
		{6D230DCD-2EC6-4E09-924E-1D767A480371}.Release|x64.ActiveCfg = Release|Any CPU
		{6D230DCD-2EC6-4E09-924E-1D767A480371}.Release|x64.Build.0 = Release|Any CPU
		{6D230DCD-2EC6-4E09-924E-1D767A480371}.Release|x86.ActiveCfg = Release|Any CPU
		{6D230DCD-2EC6-4E09-924E-1D767A480371}.Release|x86.Build.0 = Release|Any CPU
		{CBB2387F-5C0F-4E30-8B3E-B86E8F1A3E54}.Debug|Any CPU.ActiveCfg = Debug|Any CPU
		{CBB2387F-5C0F-4E30-8B3E-B86E8F1A3E54}.Debug|Any CPU.Build.0 = Debug|Any CPU
		{CBB2387F-5C0F-4E30-8B3E-B86E8F1A3E54}.Debug|x64.ActiveCfg = Debug|Any CPU
		{CBB2387F-5C0F-4E30-8B3E-B86E8F1A3E54}.Debug|x64.Build.0 = Debug|Any CPU
		{CBB2387F-5C0F-4E30-8B3E-B86E8F1A3E54}.Debug|x86.ActiveCfg = Debug|Any CPU
		{CBB2387F-5C0F-4E30-8B3E-B86E8F1A3E54}.Debug|x86.Build.0 = Debug|Any CPU
		{CBB2387F-5C0F-4E30-8B3E-B86E8F1A3E54}.Release|Any CPU.ActiveCfg = Release|Any CPU
		{CBB2387F-5C0F-4E30-8B3E-B86E8F1A3E54}.Release|Any CPU.Build.0 = Release|Any CPU
		{CBB2387F-5C0F-4E30-8B3E-B86E8F1A3E54}.Release|x64.ActiveCfg = Release|Any CPU
		{CBB2387F-5C0F-4E30-8B3E-B86E8F1A3E54}.Release|x64.Build.0 = Release|Any CPU
		{CBB2387F-5C0F-4E30-8B3E-B86E8F1A3E54}.Release|x86.ActiveCfg = Release|Any CPU
		{CBB2387F-5C0F-4E30-8B3E-B86E8F1A3E54}.Release|x86.Build.0 = Release|Any CPU
		{E98FE959-DE3B-47F1-92EB-CAA01B0CD573}.Debug|Any CPU.ActiveCfg = Debug|Any CPU
		{E98FE959-DE3B-47F1-92EB-CAA01B0CD573}.Debug|Any CPU.Build.0 = Debug|Any CPU
		{E98FE959-DE3B-47F1-92EB-CAA01B0CD573}.Debug|x64.ActiveCfg = Debug|Any CPU
		{E98FE959-DE3B-47F1-92EB-CAA01B0CD573}.Debug|x64.Build.0 = Debug|Any CPU
		{E98FE959-DE3B-47F1-92EB-CAA01B0CD573}.Debug|x86.ActiveCfg = Debug|Any CPU
		{E98FE959-DE3B-47F1-92EB-CAA01B0CD573}.Debug|x86.Build.0 = Debug|Any CPU
		{E98FE959-DE3B-47F1-92EB-CAA01B0CD573}.Release|Any CPU.ActiveCfg = Release|Any CPU
		{E98FE959-DE3B-47F1-92EB-CAA01B0CD573}.Release|Any CPU.Build.0 = Release|Any CPU
		{E98FE959-DE3B-47F1-92EB-CAA01B0CD573}.Release|x64.ActiveCfg = Release|Any CPU
		{E98FE959-DE3B-47F1-92EB-CAA01B0CD573}.Release|x64.Build.0 = Release|Any CPU
		{E98FE959-DE3B-47F1-92EB-CAA01B0CD573}.Release|x86.ActiveCfg = Release|Any CPU
		{E98FE959-DE3B-47F1-92EB-CAA01B0CD573}.Release|x86.Build.0 = Release|Any CPU
		{95B21E4F-BFFA-4FBF-9356-7591D26C0BCE}.Debug|Any CPU.ActiveCfg = Debug|Any CPU
		{95B21E4F-BFFA-4FBF-9356-7591D26C0BCE}.Debug|Any CPU.Build.0 = Debug|Any CPU
		{95B21E4F-BFFA-4FBF-9356-7591D26C0BCE}.Debug|x64.ActiveCfg = Debug|Any CPU
		{95B21E4F-BFFA-4FBF-9356-7591D26C0BCE}.Debug|x64.Build.0 = Debug|Any CPU
		{95B21E4F-BFFA-4FBF-9356-7591D26C0BCE}.Debug|x86.ActiveCfg = Debug|Any CPU
		{95B21E4F-BFFA-4FBF-9356-7591D26C0BCE}.Debug|x86.Build.0 = Debug|Any CPU
		{95B21E4F-BFFA-4FBF-9356-7591D26C0BCE}.Release|Any CPU.ActiveCfg = Release|Any CPU
		{95B21E4F-BFFA-4FBF-9356-7591D26C0BCE}.Release|Any CPU.Build.0 = Release|Any CPU
		{95B21E4F-BFFA-4FBF-9356-7591D26C0BCE}.Release|x64.ActiveCfg = Release|Any CPU
		{95B21E4F-BFFA-4FBF-9356-7591D26C0BCE}.Release|x64.Build.0 = Release|Any CPU
		{95B21E4F-BFFA-4FBF-9356-7591D26C0BCE}.Release|x86.ActiveCfg = Release|Any CPU
		{95B21E4F-BFFA-4FBF-9356-7591D26C0BCE}.Release|x86.Build.0 = Release|Any CPU
		{68005705-7D85-47E4-8B0B-C26232668845}.Debug|Any CPU.ActiveCfg = Debug|Any CPU
		{68005705-7D85-47E4-8B0B-C26232668845}.Debug|Any CPU.Build.0 = Debug|Any CPU
		{68005705-7D85-47E4-8B0B-C26232668845}.Debug|x64.ActiveCfg = Debug|Any CPU
		{68005705-7D85-47E4-8B0B-C26232668845}.Debug|x64.Build.0 = Debug|Any CPU
		{68005705-7D85-47E4-8B0B-C26232668845}.Debug|x86.ActiveCfg = Debug|Any CPU
		{68005705-7D85-47E4-8B0B-C26232668845}.Debug|x86.Build.0 = Debug|Any CPU
		{68005705-7D85-47E4-8B0B-C26232668845}.Release|Any CPU.ActiveCfg = Release|Any CPU
		{68005705-7D85-47E4-8B0B-C26232668845}.Release|Any CPU.Build.0 = Release|Any CPU
		{68005705-7D85-47E4-8B0B-C26232668845}.Release|x64.ActiveCfg = Release|Any CPU
		{68005705-7D85-47E4-8B0B-C26232668845}.Release|x64.Build.0 = Release|Any CPU
		{68005705-7D85-47E4-8B0B-C26232668845}.Release|x86.ActiveCfg = Release|Any CPU
		{68005705-7D85-47E4-8B0B-C26232668845}.Release|x86.Build.0 = Release|Any CPU
		{B6D5E7D4-2AC7-42F6-9B60-1B9BFD4ACD22}.Debug|Any CPU.ActiveCfg = Debug|Any CPU
		{B6D5E7D4-2AC7-42F6-9B60-1B9BFD4ACD22}.Debug|Any CPU.Build.0 = Debug|Any CPU
		{B6D5E7D4-2AC7-42F6-9B60-1B9BFD4ACD22}.Debug|x64.ActiveCfg = Debug|Any CPU
		{B6D5E7D4-2AC7-42F6-9B60-1B9BFD4ACD22}.Debug|x64.Build.0 = Debug|Any CPU
		{B6D5E7D4-2AC7-42F6-9B60-1B9BFD4ACD22}.Debug|x86.ActiveCfg = Debug|Any CPU
		{B6D5E7D4-2AC7-42F6-9B60-1B9BFD4ACD22}.Debug|x86.Build.0 = Debug|Any CPU
		{B6D5E7D4-2AC7-42F6-9B60-1B9BFD4ACD22}.Release|Any CPU.ActiveCfg = Release|Any CPU
		{B6D5E7D4-2AC7-42F6-9B60-1B9BFD4ACD22}.Release|Any CPU.Build.0 = Release|Any CPU
		{B6D5E7D4-2AC7-42F6-9B60-1B9BFD4ACD22}.Release|x64.ActiveCfg = Release|Any CPU
		{B6D5E7D4-2AC7-42F6-9B60-1B9BFD4ACD22}.Release|x64.Build.0 = Release|Any CPU
		{B6D5E7D4-2AC7-42F6-9B60-1B9BFD4ACD22}.Release|x86.ActiveCfg = Release|Any CPU
		{B6D5E7D4-2AC7-42F6-9B60-1B9BFD4ACD22}.Release|x86.Build.0 = Release|Any CPU
		{DA7264C3-9B41-424C-A6BB-2B8E64032CAB}.Debug|Any CPU.ActiveCfg = Debug|Any CPU
		{DA7264C3-9B41-424C-A6BB-2B8E64032CAB}.Debug|Any CPU.Build.0 = Debug|Any CPU
		{DA7264C3-9B41-424C-A6BB-2B8E64032CAB}.Debug|x64.ActiveCfg = Debug|Any CPU
		{DA7264C3-9B41-424C-A6BB-2B8E64032CAB}.Debug|x64.Build.0 = Debug|Any CPU
		{DA7264C3-9B41-424C-A6BB-2B8E64032CAB}.Debug|x86.ActiveCfg = Debug|Any CPU
		{DA7264C3-9B41-424C-A6BB-2B8E64032CAB}.Debug|x86.Build.0 = Debug|Any CPU
		{DA7264C3-9B41-424C-A6BB-2B8E64032CAB}.Release|Any CPU.ActiveCfg = Release|Any CPU
		{DA7264C3-9B41-424C-A6BB-2B8E64032CAB}.Release|Any CPU.Build.0 = Release|Any CPU
		{DA7264C3-9B41-424C-A6BB-2B8E64032CAB}.Release|x64.ActiveCfg = Release|Any CPU
		{DA7264C3-9B41-424C-A6BB-2B8E64032CAB}.Release|x64.Build.0 = Release|Any CPU
		{DA7264C3-9B41-424C-A6BB-2B8E64032CAB}.Release|x86.ActiveCfg = Release|Any CPU
		{DA7264C3-9B41-424C-A6BB-2B8E64032CAB}.Release|x86.Build.0 = Release|Any CPU
		{DC1A031B-10A4-4F25-8039-C46388BDF586}.Debug|Any CPU.ActiveCfg = Debug|Any CPU
		{DC1A031B-10A4-4F25-8039-C46388BDF586}.Debug|Any CPU.Build.0 = Debug|Any CPU
		{DC1A031B-10A4-4F25-8039-C46388BDF586}.Debug|x64.ActiveCfg = Debug|Any CPU
		{DC1A031B-10A4-4F25-8039-C46388BDF586}.Debug|x64.Build.0 = Debug|Any CPU
		{DC1A031B-10A4-4F25-8039-C46388BDF586}.Debug|x86.ActiveCfg = Debug|Any CPU
		{DC1A031B-10A4-4F25-8039-C46388BDF586}.Debug|x86.Build.0 = Debug|Any CPU
		{DC1A031B-10A4-4F25-8039-C46388BDF586}.Release|Any CPU.ActiveCfg = Release|Any CPU
		{DC1A031B-10A4-4F25-8039-C46388BDF586}.Release|Any CPU.Build.0 = Release|Any CPU
		{DC1A031B-10A4-4F25-8039-C46388BDF586}.Release|x64.ActiveCfg = Release|Any CPU
		{DC1A031B-10A4-4F25-8039-C46388BDF586}.Release|x64.Build.0 = Release|Any CPU
		{DC1A031B-10A4-4F25-8039-C46388BDF586}.Release|x86.ActiveCfg = Release|Any CPU
		{DC1A031B-10A4-4F25-8039-C46388BDF586}.Release|x86.Build.0 = Release|Any CPU
		{3324C2B9-F033-4F59-9741-7DB0F5DF9EA9}.Debug|Any CPU.ActiveCfg = Debug|Any CPU
		{3324C2B9-F033-4F59-9741-7DB0F5DF9EA9}.Debug|Any CPU.Build.0 = Debug|Any CPU
		{3324C2B9-F033-4F59-9741-7DB0F5DF9EA9}.Debug|x64.ActiveCfg = Debug|Any CPU
		{3324C2B9-F033-4F59-9741-7DB0F5DF9EA9}.Debug|x64.Build.0 = Debug|Any CPU
		{3324C2B9-F033-4F59-9741-7DB0F5DF9EA9}.Debug|x86.ActiveCfg = Debug|Any CPU
		{3324C2B9-F033-4F59-9741-7DB0F5DF9EA9}.Debug|x86.Build.0 = Debug|Any CPU
		{3324C2B9-F033-4F59-9741-7DB0F5DF9EA9}.Release|Any CPU.ActiveCfg = Release|Any CPU
		{3324C2B9-F033-4F59-9741-7DB0F5DF9EA9}.Release|Any CPU.Build.0 = Release|Any CPU
		{3324C2B9-F033-4F59-9741-7DB0F5DF9EA9}.Release|x64.ActiveCfg = Release|Any CPU
		{3324C2B9-F033-4F59-9741-7DB0F5DF9EA9}.Release|x64.Build.0 = Release|Any CPU
		{3324C2B9-F033-4F59-9741-7DB0F5DF9EA9}.Release|x86.ActiveCfg = Release|Any CPU
		{3324C2B9-F033-4F59-9741-7DB0F5DF9EA9}.Release|x86.Build.0 = Release|Any CPU
		{85731415-933F-4F58-8D9B-DB8320D7046D}.Debug|Any CPU.ActiveCfg = Debug|Any CPU
		{85731415-933F-4F58-8D9B-DB8320D7046D}.Debug|Any CPU.Build.0 = Debug|Any CPU
		{85731415-933F-4F58-8D9B-DB8320D7046D}.Debug|x64.ActiveCfg = Debug|Any CPU
		{85731415-933F-4F58-8D9B-DB8320D7046D}.Debug|x64.Build.0 = Debug|Any CPU
		{85731415-933F-4F58-8D9B-DB8320D7046D}.Debug|x86.ActiveCfg = Debug|Any CPU
		{85731415-933F-4F58-8D9B-DB8320D7046D}.Debug|x86.Build.0 = Debug|Any CPU
		{85731415-933F-4F58-8D9B-DB8320D7046D}.Release|Any CPU.ActiveCfg = Release|Any CPU
		{85731415-933F-4F58-8D9B-DB8320D7046D}.Release|Any CPU.Build.0 = Release|Any CPU
		{85731415-933F-4F58-8D9B-DB8320D7046D}.Release|x64.ActiveCfg = Release|Any CPU
		{85731415-933F-4F58-8D9B-DB8320D7046D}.Release|x64.Build.0 = Release|Any CPU
		{85731415-933F-4F58-8D9B-DB8320D7046D}.Release|x86.ActiveCfg = Release|Any CPU
		{85731415-933F-4F58-8D9B-DB8320D7046D}.Release|x86.Build.0 = Release|Any CPU
		{FEC7CFA0-6456-43FC-B0CD-27C6AC7A9E4E}.Debug|Any CPU.ActiveCfg = Debug|Any CPU
		{FEC7CFA0-6456-43FC-B0CD-27C6AC7A9E4E}.Debug|Any CPU.Build.0 = Debug|Any CPU
		{FEC7CFA0-6456-43FC-B0CD-27C6AC7A9E4E}.Debug|x64.ActiveCfg = Debug|Any CPU
		{FEC7CFA0-6456-43FC-B0CD-27C6AC7A9E4E}.Debug|x64.Build.0 = Debug|Any CPU
		{FEC7CFA0-6456-43FC-B0CD-27C6AC7A9E4E}.Debug|x86.ActiveCfg = Debug|Any CPU
		{FEC7CFA0-6456-43FC-B0CD-27C6AC7A9E4E}.Debug|x86.Build.0 = Debug|Any CPU
		{FEC7CFA0-6456-43FC-B0CD-27C6AC7A9E4E}.Release|Any CPU.ActiveCfg = Release|Any CPU
		{FEC7CFA0-6456-43FC-B0CD-27C6AC7A9E4E}.Release|Any CPU.Build.0 = Release|Any CPU
		{FEC7CFA0-6456-43FC-B0CD-27C6AC7A9E4E}.Release|x64.ActiveCfg = Release|Any CPU
		{FEC7CFA0-6456-43FC-B0CD-27C6AC7A9E4E}.Release|x64.Build.0 = Release|Any CPU
		{FEC7CFA0-6456-43FC-B0CD-27C6AC7A9E4E}.Release|x86.ActiveCfg = Release|Any CPU
		{FEC7CFA0-6456-43FC-B0CD-27C6AC7A9E4E}.Release|x86.Build.0 = Release|Any CPU
		{141DD774-4216-4358-97B3-B5BF9494D8C7}.Debug|Any CPU.ActiveCfg = Debug|Any CPU
		{141DD774-4216-4358-97B3-B5BF9494D8C7}.Debug|Any CPU.Build.0 = Debug|Any CPU
		{141DD774-4216-4358-97B3-B5BF9494D8C7}.Debug|x64.ActiveCfg = Debug|Any CPU
		{141DD774-4216-4358-97B3-B5BF9494D8C7}.Debug|x64.Build.0 = Debug|Any CPU
		{141DD774-4216-4358-97B3-B5BF9494D8C7}.Debug|x86.ActiveCfg = Debug|Any CPU
		{141DD774-4216-4358-97B3-B5BF9494D8C7}.Debug|x86.Build.0 = Debug|Any CPU
		{141DD774-4216-4358-97B3-B5BF9494D8C7}.Release|Any CPU.ActiveCfg = Release|Any CPU
		{141DD774-4216-4358-97B3-B5BF9494D8C7}.Release|Any CPU.Build.0 = Release|Any CPU
		{141DD774-4216-4358-97B3-B5BF9494D8C7}.Release|x64.ActiveCfg = Release|Any CPU
		{141DD774-4216-4358-97B3-B5BF9494D8C7}.Release|x64.Build.0 = Release|Any CPU
		{141DD774-4216-4358-97B3-B5BF9494D8C7}.Release|x86.ActiveCfg = Release|Any CPU
		{141DD774-4216-4358-97B3-B5BF9494D8C7}.Release|x86.Build.0 = Release|Any CPU
		{BD1B0F1F-8CFA-42F6-8C25-5E888C5B69E2}.Debug|Any CPU.ActiveCfg = Debug|Any CPU
		{BD1B0F1F-8CFA-42F6-8C25-5E888C5B69E2}.Debug|Any CPU.Build.0 = Debug|Any CPU
		{BD1B0F1F-8CFA-42F6-8C25-5E888C5B69E2}.Debug|x64.ActiveCfg = Debug|Any CPU
		{BD1B0F1F-8CFA-42F6-8C25-5E888C5B69E2}.Debug|x64.Build.0 = Debug|Any CPU
		{BD1B0F1F-8CFA-42F6-8C25-5E888C5B69E2}.Debug|x86.ActiveCfg = Debug|Any CPU
		{BD1B0F1F-8CFA-42F6-8C25-5E888C5B69E2}.Debug|x86.Build.0 = Debug|Any CPU
		{BD1B0F1F-8CFA-42F6-8C25-5E888C5B69E2}.Release|Any CPU.ActiveCfg = Release|Any CPU
		{BD1B0F1F-8CFA-42F6-8C25-5E888C5B69E2}.Release|Any CPU.Build.0 = Release|Any CPU
		{BD1B0F1F-8CFA-42F6-8C25-5E888C5B69E2}.Release|x64.ActiveCfg = Release|Any CPU
		{BD1B0F1F-8CFA-42F6-8C25-5E888C5B69E2}.Release|x64.Build.0 = Release|Any CPU
		{BD1B0F1F-8CFA-42F6-8C25-5E888C5B69E2}.Release|x86.ActiveCfg = Release|Any CPU
		{BD1B0F1F-8CFA-42F6-8C25-5E888C5B69E2}.Release|x86.Build.0 = Release|Any CPU
		{66BB10C9-5C61-467C-82B2-9516068778C9}.Debug|Any CPU.ActiveCfg = Debug|Any CPU
		{66BB10C9-5C61-467C-82B2-9516068778C9}.Debug|Any CPU.Build.0 = Debug|Any CPU
		{66BB10C9-5C61-467C-82B2-9516068778C9}.Debug|x64.ActiveCfg = Debug|Any CPU
		{66BB10C9-5C61-467C-82B2-9516068778C9}.Debug|x64.Build.0 = Debug|Any CPU
		{66BB10C9-5C61-467C-82B2-9516068778C9}.Debug|x86.ActiveCfg = Debug|Any CPU
		{66BB10C9-5C61-467C-82B2-9516068778C9}.Debug|x86.Build.0 = Debug|Any CPU
		{66BB10C9-5C61-467C-82B2-9516068778C9}.Release|Any CPU.ActiveCfg = Release|Any CPU
		{66BB10C9-5C61-467C-82B2-9516068778C9}.Release|Any CPU.Build.0 = Release|Any CPU
		{66BB10C9-5C61-467C-82B2-9516068778C9}.Release|x64.ActiveCfg = Release|Any CPU
		{66BB10C9-5C61-467C-82B2-9516068778C9}.Release|x64.Build.0 = Release|Any CPU
		{66BB10C9-5C61-467C-82B2-9516068778C9}.Release|x86.ActiveCfg = Release|Any CPU
		{66BB10C9-5C61-467C-82B2-9516068778C9}.Release|x86.Build.0 = Release|Any CPU
		{928FC955-582A-45F8-8039-A2B2CAB8B7DD}.Debug|Any CPU.ActiveCfg = Debug|Any CPU
		{928FC955-582A-45F8-8039-A2B2CAB8B7DD}.Debug|Any CPU.Build.0 = Debug|Any CPU
		{928FC955-582A-45F8-8039-A2B2CAB8B7DD}.Debug|x64.ActiveCfg = Debug|Any CPU
		{928FC955-582A-45F8-8039-A2B2CAB8B7DD}.Debug|x64.Build.0 = Debug|Any CPU
		{928FC955-582A-45F8-8039-A2B2CAB8B7DD}.Debug|x86.ActiveCfg = Debug|Any CPU
		{928FC955-582A-45F8-8039-A2B2CAB8B7DD}.Debug|x86.Build.0 = Debug|Any CPU
		{928FC955-582A-45F8-8039-A2B2CAB8B7DD}.Release|Any CPU.ActiveCfg = Release|Any CPU
		{928FC955-582A-45F8-8039-A2B2CAB8B7DD}.Release|Any CPU.Build.0 = Release|Any CPU
		{928FC955-582A-45F8-8039-A2B2CAB8B7DD}.Release|x64.ActiveCfg = Release|Any CPU
		{928FC955-582A-45F8-8039-A2B2CAB8B7DD}.Release|x64.Build.0 = Release|Any CPU
		{928FC955-582A-45F8-8039-A2B2CAB8B7DD}.Release|x86.ActiveCfg = Release|Any CPU
		{928FC955-582A-45F8-8039-A2B2CAB8B7DD}.Release|x86.Build.0 = Release|Any CPU
		{5280ACA3-9570-4BFF-8D97-48AAC6190418}.Debug|Any CPU.ActiveCfg = Debug|Any CPU
		{5280ACA3-9570-4BFF-8D97-48AAC6190418}.Debug|Any CPU.Build.0 = Debug|Any CPU
		{5280ACA3-9570-4BFF-8D97-48AAC6190418}.Debug|x64.ActiveCfg = Debug|Any CPU
		{5280ACA3-9570-4BFF-8D97-48AAC6190418}.Debug|x64.Build.0 = Debug|Any CPU
		{5280ACA3-9570-4BFF-8D97-48AAC6190418}.Debug|x86.ActiveCfg = Debug|Any CPU
		{5280ACA3-9570-4BFF-8D97-48AAC6190418}.Debug|x86.Build.0 = Debug|Any CPU
		{5280ACA3-9570-4BFF-8D97-48AAC6190418}.Release|Any CPU.ActiveCfg = Release|Any CPU
		{5280ACA3-9570-4BFF-8D97-48AAC6190418}.Release|Any CPU.Build.0 = Release|Any CPU
		{5280ACA3-9570-4BFF-8D97-48AAC6190418}.Release|x64.ActiveCfg = Release|Any CPU
		{5280ACA3-9570-4BFF-8D97-48AAC6190418}.Release|x64.Build.0 = Release|Any CPU
		{5280ACA3-9570-4BFF-8D97-48AAC6190418}.Release|x86.ActiveCfg = Release|Any CPU
		{5280ACA3-9570-4BFF-8D97-48AAC6190418}.Release|x86.Build.0 = Release|Any CPU
		{B85CDF3F-7DB6-439C-B70F-6518635D2F88}.Debug|Any CPU.ActiveCfg = Debug|Any CPU
		{B85CDF3F-7DB6-439C-B70F-6518635D2F88}.Debug|Any CPU.Build.0 = Debug|Any CPU
		{B85CDF3F-7DB6-439C-B70F-6518635D2F88}.Debug|x64.ActiveCfg = Debug|Any CPU
		{B85CDF3F-7DB6-439C-B70F-6518635D2F88}.Debug|x64.Build.0 = Debug|Any CPU
		{B85CDF3F-7DB6-439C-B70F-6518635D2F88}.Debug|x86.ActiveCfg = Debug|Any CPU
		{B85CDF3F-7DB6-439C-B70F-6518635D2F88}.Debug|x86.Build.0 = Debug|Any CPU
		{B85CDF3F-7DB6-439C-B70F-6518635D2F88}.Release|Any CPU.ActiveCfg = Release|Any CPU
		{B85CDF3F-7DB6-439C-B70F-6518635D2F88}.Release|Any CPU.Build.0 = Release|Any CPU
		{B85CDF3F-7DB6-439C-B70F-6518635D2F88}.Release|x64.ActiveCfg = Release|Any CPU
		{B85CDF3F-7DB6-439C-B70F-6518635D2F88}.Release|x64.Build.0 = Release|Any CPU
		{B85CDF3F-7DB6-439C-B70F-6518635D2F88}.Release|x86.ActiveCfg = Release|Any CPU
		{B85CDF3F-7DB6-439C-B70F-6518635D2F88}.Release|x86.Build.0 = Release|Any CPU
		{3DA1D245-0E89-4A7B-BBEC-1B3EABE7B8FE}.Debug|Any CPU.ActiveCfg = Debug|Any CPU
		{3DA1D245-0E89-4A7B-BBEC-1B3EABE7B8FE}.Debug|Any CPU.Build.0 = Debug|Any CPU
		{3DA1D245-0E89-4A7B-BBEC-1B3EABE7B8FE}.Debug|x64.ActiveCfg = Debug|Any CPU
		{3DA1D245-0E89-4A7B-BBEC-1B3EABE7B8FE}.Debug|x64.Build.0 = Debug|Any CPU
		{3DA1D245-0E89-4A7B-BBEC-1B3EABE7B8FE}.Debug|x86.ActiveCfg = Debug|Any CPU
		{3DA1D245-0E89-4A7B-BBEC-1B3EABE7B8FE}.Debug|x86.Build.0 = Debug|Any CPU
		{3DA1D245-0E89-4A7B-BBEC-1B3EABE7B8FE}.Release|Any CPU.ActiveCfg = Release|Any CPU
		{3DA1D245-0E89-4A7B-BBEC-1B3EABE7B8FE}.Release|Any CPU.Build.0 = Release|Any CPU
		{3DA1D245-0E89-4A7B-BBEC-1B3EABE7B8FE}.Release|x64.ActiveCfg = Release|Any CPU
		{3DA1D245-0E89-4A7B-BBEC-1B3EABE7B8FE}.Release|x64.Build.0 = Release|Any CPU
		{3DA1D245-0E89-4A7B-BBEC-1B3EABE7B8FE}.Release|x86.ActiveCfg = Release|Any CPU
		{3DA1D245-0E89-4A7B-BBEC-1B3EABE7B8FE}.Release|x86.Build.0 = Release|Any CPU
		{845F966C-8D95-4C5B-A3F0-036898D8F1EA}.Debug|Any CPU.ActiveCfg = Debug|Any CPU
		{845F966C-8D95-4C5B-A3F0-036898D8F1EA}.Debug|Any CPU.Build.0 = Debug|Any CPU
		{845F966C-8D95-4C5B-A3F0-036898D8F1EA}.Debug|x64.ActiveCfg = Debug|Any CPU
		{845F966C-8D95-4C5B-A3F0-036898D8F1EA}.Debug|x64.Build.0 = Debug|Any CPU
		{845F966C-8D95-4C5B-A3F0-036898D8F1EA}.Debug|x86.ActiveCfg = Debug|Any CPU
		{845F966C-8D95-4C5B-A3F0-036898D8F1EA}.Debug|x86.Build.0 = Debug|Any CPU
		{845F966C-8D95-4C5B-A3F0-036898D8F1EA}.Release|Any CPU.ActiveCfg = Release|Any CPU
		{845F966C-8D95-4C5B-A3F0-036898D8F1EA}.Release|Any CPU.Build.0 = Release|Any CPU
		{845F966C-8D95-4C5B-A3F0-036898D8F1EA}.Release|x64.ActiveCfg = Release|Any CPU
		{845F966C-8D95-4C5B-A3F0-036898D8F1EA}.Release|x64.Build.0 = Release|Any CPU
		{845F966C-8D95-4C5B-A3F0-036898D8F1EA}.Release|x86.ActiveCfg = Release|Any CPU
		{845F966C-8D95-4C5B-A3F0-036898D8F1EA}.Release|x86.Build.0 = Release|Any CPU
		{6110D20F-DFB8-46B9-B19A-0B9D3DC7D550}.Debug|Any CPU.ActiveCfg = Debug|Any CPU
		{6110D20F-DFB8-46B9-B19A-0B9D3DC7D550}.Debug|Any CPU.Build.0 = Debug|Any CPU
		{6110D20F-DFB8-46B9-B19A-0B9D3DC7D550}.Debug|x64.ActiveCfg = Debug|Any CPU
		{6110D20F-DFB8-46B9-B19A-0B9D3DC7D550}.Debug|x64.Build.0 = Debug|Any CPU
		{6110D20F-DFB8-46B9-B19A-0B9D3DC7D550}.Debug|x86.ActiveCfg = Debug|Any CPU
		{6110D20F-DFB8-46B9-B19A-0B9D3DC7D550}.Debug|x86.Build.0 = Debug|Any CPU
		{6110D20F-DFB8-46B9-B19A-0B9D3DC7D550}.Release|Any CPU.ActiveCfg = Release|Any CPU
		{6110D20F-DFB8-46B9-B19A-0B9D3DC7D550}.Release|Any CPU.Build.0 = Release|Any CPU
		{6110D20F-DFB8-46B9-B19A-0B9D3DC7D550}.Release|x64.ActiveCfg = Release|Any CPU
		{6110D20F-DFB8-46B9-B19A-0B9D3DC7D550}.Release|x64.Build.0 = Release|Any CPU
		{6110D20F-DFB8-46B9-B19A-0B9D3DC7D550}.Release|x86.ActiveCfg = Release|Any CPU
		{6110D20F-DFB8-46B9-B19A-0B9D3DC7D550}.Release|x86.Build.0 = Release|Any CPU
		{CA6BAFEF-1EA6-4F0D-A795-DAD29B49A42E}.Debug|Any CPU.ActiveCfg = Debug|Any CPU
		{CA6BAFEF-1EA6-4F0D-A795-DAD29B49A42E}.Debug|Any CPU.Build.0 = Debug|Any CPU
		{CA6BAFEF-1EA6-4F0D-A795-DAD29B49A42E}.Debug|x64.ActiveCfg = Debug|Any CPU
		{CA6BAFEF-1EA6-4F0D-A795-DAD29B49A42E}.Debug|x64.Build.0 = Debug|Any CPU
		{CA6BAFEF-1EA6-4F0D-A795-DAD29B49A42E}.Debug|x86.ActiveCfg = Debug|Any CPU
		{CA6BAFEF-1EA6-4F0D-A795-DAD29B49A42E}.Debug|x86.Build.0 = Debug|Any CPU
		{CA6BAFEF-1EA6-4F0D-A795-DAD29B49A42E}.Release|Any CPU.ActiveCfg = Release|Any CPU
		{CA6BAFEF-1EA6-4F0D-A795-DAD29B49A42E}.Release|Any CPU.Build.0 = Release|Any CPU
		{CA6BAFEF-1EA6-4F0D-A795-DAD29B49A42E}.Release|x64.ActiveCfg = Release|Any CPU
		{CA6BAFEF-1EA6-4F0D-A795-DAD29B49A42E}.Release|x64.Build.0 = Release|Any CPU
		{CA6BAFEF-1EA6-4F0D-A795-DAD29B49A42E}.Release|x86.ActiveCfg = Release|Any CPU
		{CA6BAFEF-1EA6-4F0D-A795-DAD29B49A42E}.Release|x86.Build.0 = Release|Any CPU
		{BE90EE31-A8FE-4C25-934F-D51638ECC9FA}.Debug|Any CPU.ActiveCfg = Debug|Any CPU
		{BE90EE31-A8FE-4C25-934F-D51638ECC9FA}.Debug|Any CPU.Build.0 = Debug|Any CPU
		{BE90EE31-A8FE-4C25-934F-D51638ECC9FA}.Debug|x64.ActiveCfg = Debug|Any CPU
		{BE90EE31-A8FE-4C25-934F-D51638ECC9FA}.Debug|x64.Build.0 = Debug|Any CPU
		{BE90EE31-A8FE-4C25-934F-D51638ECC9FA}.Debug|x86.ActiveCfg = Debug|Any CPU
		{BE90EE31-A8FE-4C25-934F-D51638ECC9FA}.Debug|x86.Build.0 = Debug|Any CPU
		{BE90EE31-A8FE-4C25-934F-D51638ECC9FA}.Release|Any CPU.ActiveCfg = Release|Any CPU
		{BE90EE31-A8FE-4C25-934F-D51638ECC9FA}.Release|Any CPU.Build.0 = Release|Any CPU
		{BE90EE31-A8FE-4C25-934F-D51638ECC9FA}.Release|x64.ActiveCfg = Release|Any CPU
		{BE90EE31-A8FE-4C25-934F-D51638ECC9FA}.Release|x64.Build.0 = Release|Any CPU
		{BE90EE31-A8FE-4C25-934F-D51638ECC9FA}.Release|x86.ActiveCfg = Release|Any CPU
		{BE90EE31-A8FE-4C25-934F-D51638ECC9FA}.Release|x86.Build.0 = Release|Any CPU
		{58A58709-564B-4FF0-80E6-E8B5706081C3}.Debug|Any CPU.ActiveCfg = Debug|Any CPU
		{58A58709-564B-4FF0-80E6-E8B5706081C3}.Debug|Any CPU.Build.0 = Debug|Any CPU
		{58A58709-564B-4FF0-80E6-E8B5706081C3}.Debug|x64.ActiveCfg = Debug|Any CPU
		{58A58709-564B-4FF0-80E6-E8B5706081C3}.Debug|x64.Build.0 = Debug|Any CPU
		{58A58709-564B-4FF0-80E6-E8B5706081C3}.Debug|x86.ActiveCfg = Debug|Any CPU
		{58A58709-564B-4FF0-80E6-E8B5706081C3}.Debug|x86.Build.0 = Debug|Any CPU
		{58A58709-564B-4FF0-80E6-E8B5706081C3}.Release|Any CPU.ActiveCfg = Release|Any CPU
		{58A58709-564B-4FF0-80E6-E8B5706081C3}.Release|Any CPU.Build.0 = Release|Any CPU
		{58A58709-564B-4FF0-80E6-E8B5706081C3}.Release|x64.ActiveCfg = Release|Any CPU
		{58A58709-564B-4FF0-80E6-E8B5706081C3}.Release|x64.Build.0 = Release|Any CPU
		{58A58709-564B-4FF0-80E6-E8B5706081C3}.Release|x86.ActiveCfg = Release|Any CPU
		{58A58709-564B-4FF0-80E6-E8B5706081C3}.Release|x86.Build.0 = Release|Any CPU
		{C1BE79FC-0728-4273-8050-5FD39A4629B7}.Debug|Any CPU.ActiveCfg = Debug|Any CPU
		{C1BE79FC-0728-4273-8050-5FD39A4629B7}.Debug|Any CPU.Build.0 = Debug|Any CPU
		{C1BE79FC-0728-4273-8050-5FD39A4629B7}.Debug|x64.ActiveCfg = Debug|Any CPU
		{C1BE79FC-0728-4273-8050-5FD39A4629B7}.Debug|x64.Build.0 = Debug|Any CPU
		{C1BE79FC-0728-4273-8050-5FD39A4629B7}.Debug|x86.ActiveCfg = Debug|Any CPU
		{C1BE79FC-0728-4273-8050-5FD39A4629B7}.Debug|x86.Build.0 = Debug|Any CPU
		{C1BE79FC-0728-4273-8050-5FD39A4629B7}.Release|Any CPU.ActiveCfg = Release|Any CPU
		{C1BE79FC-0728-4273-8050-5FD39A4629B7}.Release|Any CPU.Build.0 = Release|Any CPU
		{C1BE79FC-0728-4273-8050-5FD39A4629B7}.Release|x64.ActiveCfg = Release|Any CPU
		{C1BE79FC-0728-4273-8050-5FD39A4629B7}.Release|x64.Build.0 = Release|Any CPU
		{C1BE79FC-0728-4273-8050-5FD39A4629B7}.Release|x86.ActiveCfg = Release|Any CPU
		{C1BE79FC-0728-4273-8050-5FD39A4629B7}.Release|x86.Build.0 = Release|Any CPU
		{E69A1701-F433-4971-8D60-707BC6F31561}.Debug|Any CPU.ActiveCfg = Debug|Any CPU
		{E69A1701-F433-4971-8D60-707BC6F31561}.Debug|Any CPU.Build.0 = Debug|Any CPU
		{E69A1701-F433-4971-8D60-707BC6F31561}.Debug|x64.ActiveCfg = Debug|Any CPU
		{E69A1701-F433-4971-8D60-707BC6F31561}.Debug|x64.Build.0 = Debug|Any CPU
		{E69A1701-F433-4971-8D60-707BC6F31561}.Debug|x86.ActiveCfg = Debug|Any CPU
		{E69A1701-F433-4971-8D60-707BC6F31561}.Debug|x86.Build.0 = Debug|Any CPU
		{E69A1701-F433-4971-8D60-707BC6F31561}.Release|Any CPU.ActiveCfg = Release|Any CPU
		{E69A1701-F433-4971-8D60-707BC6F31561}.Release|Any CPU.Build.0 = Release|Any CPU
		{E69A1701-F433-4971-8D60-707BC6F31561}.Release|x64.ActiveCfg = Release|Any CPU
		{E69A1701-F433-4971-8D60-707BC6F31561}.Release|x64.Build.0 = Release|Any CPU
		{E69A1701-F433-4971-8D60-707BC6F31561}.Release|x86.ActiveCfg = Release|Any CPU
		{E69A1701-F433-4971-8D60-707BC6F31561}.Release|x86.Build.0 = Release|Any CPU
		{0C9430C4-F434-43CC-AEB6-64134AE518FB}.Debug|Any CPU.ActiveCfg = Debug|Any CPU
		{0C9430C4-F434-43CC-AEB6-64134AE518FB}.Debug|Any CPU.Build.0 = Debug|Any CPU
		{0C9430C4-F434-43CC-AEB6-64134AE518FB}.Debug|x64.ActiveCfg = Debug|Any CPU
		{0C9430C4-F434-43CC-AEB6-64134AE518FB}.Debug|x64.Build.0 = Debug|Any CPU
		{0C9430C4-F434-43CC-AEB6-64134AE518FB}.Debug|x86.ActiveCfg = Debug|Any CPU
		{0C9430C4-F434-43CC-AEB6-64134AE518FB}.Debug|x86.Build.0 = Debug|Any CPU
		{0C9430C4-F434-43CC-AEB6-64134AE518FB}.Release|Any CPU.ActiveCfg = Release|Any CPU
		{0C9430C4-F434-43CC-AEB6-64134AE518FB}.Release|Any CPU.Build.0 = Release|Any CPU
		{0C9430C4-F434-43CC-AEB6-64134AE518FB}.Release|x64.ActiveCfg = Release|Any CPU
		{0C9430C4-F434-43CC-AEB6-64134AE518FB}.Release|x64.Build.0 = Release|Any CPU
		{0C9430C4-F434-43CC-AEB6-64134AE518FB}.Release|x86.ActiveCfg = Release|Any CPU
		{0C9430C4-F434-43CC-AEB6-64134AE518FB}.Release|x86.Build.0 = Release|Any CPU
		{D886A643-38CC-4483-9FDD-A7F9947FFE95}.Debug|Any CPU.ActiveCfg = Debug|Any CPU
		{D886A643-38CC-4483-9FDD-A7F9947FFE95}.Debug|Any CPU.Build.0 = Debug|Any CPU
		{D886A643-38CC-4483-9FDD-A7F9947FFE95}.Debug|x64.ActiveCfg = Debug|Any CPU
		{D886A643-38CC-4483-9FDD-A7F9947FFE95}.Debug|x64.Build.0 = Debug|Any CPU
		{D886A643-38CC-4483-9FDD-A7F9947FFE95}.Debug|x86.ActiveCfg = Debug|Any CPU
		{D886A643-38CC-4483-9FDD-A7F9947FFE95}.Debug|x86.Build.0 = Debug|Any CPU
		{D886A643-38CC-4483-9FDD-A7F9947FFE95}.Release|Any CPU.ActiveCfg = Release|Any CPU
		{D886A643-38CC-4483-9FDD-A7F9947FFE95}.Release|Any CPU.Build.0 = Release|Any CPU
		{D886A643-38CC-4483-9FDD-A7F9947FFE95}.Release|x64.ActiveCfg = Release|Any CPU
		{D886A643-38CC-4483-9FDD-A7F9947FFE95}.Release|x64.Build.0 = Release|Any CPU
		{D886A643-38CC-4483-9FDD-A7F9947FFE95}.Release|x86.ActiveCfg = Release|Any CPU
		{D886A643-38CC-4483-9FDD-A7F9947FFE95}.Release|x86.Build.0 = Release|Any CPU
		{44B20564-D11A-49D4-A10D-F8A3C67A4451}.Debug|Any CPU.ActiveCfg = Debug|Any CPU
		{44B20564-D11A-49D4-A10D-F8A3C67A4451}.Debug|Any CPU.Build.0 = Debug|Any CPU
		{44B20564-D11A-49D4-A10D-F8A3C67A4451}.Debug|x64.ActiveCfg = Debug|Any CPU
		{44B20564-D11A-49D4-A10D-F8A3C67A4451}.Debug|x64.Build.0 = Debug|Any CPU
		{44B20564-D11A-49D4-A10D-F8A3C67A4451}.Debug|x86.ActiveCfg = Debug|Any CPU
		{44B20564-D11A-49D4-A10D-F8A3C67A4451}.Debug|x86.Build.0 = Debug|Any CPU
		{44B20564-D11A-49D4-A10D-F8A3C67A4451}.Release|Any CPU.ActiveCfg = Release|Any CPU
		{44B20564-D11A-49D4-A10D-F8A3C67A4451}.Release|Any CPU.Build.0 = Release|Any CPU
		{44B20564-D11A-49D4-A10D-F8A3C67A4451}.Release|x64.ActiveCfg = Release|Any CPU
		{44B20564-D11A-49D4-A10D-F8A3C67A4451}.Release|x64.Build.0 = Release|Any CPU
		{44B20564-D11A-49D4-A10D-F8A3C67A4451}.Release|x86.ActiveCfg = Release|Any CPU
		{44B20564-D11A-49D4-A10D-F8A3C67A4451}.Release|x86.Build.0 = Release|Any CPU
		{B1D1F593-491C-4DF3-9273-97D941F70BBF}.Debug|Any CPU.ActiveCfg = Debug|Any CPU
		{B1D1F593-491C-4DF3-9273-97D941F70BBF}.Debug|Any CPU.Build.0 = Debug|Any CPU
		{B1D1F593-491C-4DF3-9273-97D941F70BBF}.Debug|x64.ActiveCfg = Debug|Any CPU
		{B1D1F593-491C-4DF3-9273-97D941F70BBF}.Debug|x64.Build.0 = Debug|Any CPU
		{B1D1F593-491C-4DF3-9273-97D941F70BBF}.Debug|x86.ActiveCfg = Debug|Any CPU
		{B1D1F593-491C-4DF3-9273-97D941F70BBF}.Debug|x86.Build.0 = Debug|Any CPU
		{B1D1F593-491C-4DF3-9273-97D941F70BBF}.Release|Any CPU.ActiveCfg = Release|Any CPU
		{B1D1F593-491C-4DF3-9273-97D941F70BBF}.Release|Any CPU.Build.0 = Release|Any CPU
		{B1D1F593-491C-4DF3-9273-97D941F70BBF}.Release|x64.ActiveCfg = Release|Any CPU
		{B1D1F593-491C-4DF3-9273-97D941F70BBF}.Release|x64.Build.0 = Release|Any CPU
		{B1D1F593-491C-4DF3-9273-97D941F70BBF}.Release|x86.ActiveCfg = Release|Any CPU
		{B1D1F593-491C-4DF3-9273-97D941F70BBF}.Release|x86.Build.0 = Release|Any CPU
		{936E4769-83FD-4909-BC41-68D0B1801720}.Debug|Any CPU.ActiveCfg = Debug|Any CPU
		{936E4769-83FD-4909-BC41-68D0B1801720}.Debug|Any CPU.Build.0 = Debug|Any CPU
		{936E4769-83FD-4909-BC41-68D0B1801720}.Debug|x64.ActiveCfg = Debug|Any CPU
		{936E4769-83FD-4909-BC41-68D0B1801720}.Debug|x64.Build.0 = Debug|Any CPU
		{936E4769-83FD-4909-BC41-68D0B1801720}.Debug|x86.ActiveCfg = Debug|Any CPU
		{936E4769-83FD-4909-BC41-68D0B1801720}.Debug|x86.Build.0 = Debug|Any CPU
		{936E4769-83FD-4909-BC41-68D0B1801720}.Release|Any CPU.ActiveCfg = Release|Any CPU
		{936E4769-83FD-4909-BC41-68D0B1801720}.Release|Any CPU.Build.0 = Release|Any CPU
		{936E4769-83FD-4909-BC41-68D0B1801720}.Release|x64.ActiveCfg = Release|Any CPU
		{936E4769-83FD-4909-BC41-68D0B1801720}.Release|x64.Build.0 = Release|Any CPU
		{936E4769-83FD-4909-BC41-68D0B1801720}.Release|x86.ActiveCfg = Release|Any CPU
		{936E4769-83FD-4909-BC41-68D0B1801720}.Release|x86.Build.0 = Release|Any CPU
		{4EA51464-9122-4844-A968-D5DD5B9C6B0A}.Debug|Any CPU.ActiveCfg = Debug|Any CPU
		{4EA51464-9122-4844-A968-D5DD5B9C6B0A}.Debug|Any CPU.Build.0 = Debug|Any CPU
		{4EA51464-9122-4844-A968-D5DD5B9C6B0A}.Debug|x64.ActiveCfg = Debug|Any CPU
		{4EA51464-9122-4844-A968-D5DD5B9C6B0A}.Debug|x64.Build.0 = Debug|Any CPU
		{4EA51464-9122-4844-A968-D5DD5B9C6B0A}.Debug|x86.ActiveCfg = Debug|Any CPU
		{4EA51464-9122-4844-A968-D5DD5B9C6B0A}.Debug|x86.Build.0 = Debug|Any CPU
		{4EA51464-9122-4844-A968-D5DD5B9C6B0A}.Release|Any CPU.ActiveCfg = Release|Any CPU
		{4EA51464-9122-4844-A968-D5DD5B9C6B0A}.Release|Any CPU.Build.0 = Release|Any CPU
		{4EA51464-9122-4844-A968-D5DD5B9C6B0A}.Release|x64.ActiveCfg = Release|Any CPU
		{4EA51464-9122-4844-A968-D5DD5B9C6B0A}.Release|x64.Build.0 = Release|Any CPU
		{4EA51464-9122-4844-A968-D5DD5B9C6B0A}.Release|x86.ActiveCfg = Release|Any CPU
		{4EA51464-9122-4844-A968-D5DD5B9C6B0A}.Release|x86.Build.0 = Release|Any CPU
		{501BDBE6-D57E-472A-AAAC-3B1BBE9A5350}.Debug|Any CPU.ActiveCfg = Debug|Any CPU
		{501BDBE6-D57E-472A-AAAC-3B1BBE9A5350}.Debug|Any CPU.Build.0 = Debug|Any CPU
		{501BDBE6-D57E-472A-AAAC-3B1BBE9A5350}.Debug|x64.ActiveCfg = Debug|Any CPU
		{501BDBE6-D57E-472A-AAAC-3B1BBE9A5350}.Debug|x64.Build.0 = Debug|Any CPU
		{501BDBE6-D57E-472A-AAAC-3B1BBE9A5350}.Debug|x86.ActiveCfg = Debug|Any CPU
		{501BDBE6-D57E-472A-AAAC-3B1BBE9A5350}.Debug|x86.Build.0 = Debug|Any CPU
		{501BDBE6-D57E-472A-AAAC-3B1BBE9A5350}.Release|Any CPU.ActiveCfg = Release|Any CPU
		{501BDBE6-D57E-472A-AAAC-3B1BBE9A5350}.Release|Any CPU.Build.0 = Release|Any CPU
		{501BDBE6-D57E-472A-AAAC-3B1BBE9A5350}.Release|x64.ActiveCfg = Release|Any CPU
		{501BDBE6-D57E-472A-AAAC-3B1BBE9A5350}.Release|x64.Build.0 = Release|Any CPU
		{501BDBE6-D57E-472A-AAAC-3B1BBE9A5350}.Release|x86.ActiveCfg = Release|Any CPU
		{501BDBE6-D57E-472A-AAAC-3B1BBE9A5350}.Release|x86.Build.0 = Release|Any CPU
		{BC5FDDC8-8967-4E37-9B26-C6A93A69075C}.Debug|Any CPU.ActiveCfg = Debug|Any CPU
		{BC5FDDC8-8967-4E37-9B26-C6A93A69075C}.Debug|Any CPU.Build.0 = Debug|Any CPU
		{BC5FDDC8-8967-4E37-9B26-C6A93A69075C}.Debug|x64.ActiveCfg = Debug|Any CPU
		{BC5FDDC8-8967-4E37-9B26-C6A93A69075C}.Debug|x64.Build.0 = Debug|Any CPU
		{BC5FDDC8-8967-4E37-9B26-C6A93A69075C}.Debug|x86.ActiveCfg = Debug|Any CPU
		{BC5FDDC8-8967-4E37-9B26-C6A93A69075C}.Debug|x86.Build.0 = Debug|Any CPU
		{BC5FDDC8-8967-4E37-9B26-C6A93A69075C}.Release|Any CPU.ActiveCfg = Release|Any CPU
		{BC5FDDC8-8967-4E37-9B26-C6A93A69075C}.Release|Any CPU.Build.0 = Release|Any CPU
		{BC5FDDC8-8967-4E37-9B26-C6A93A69075C}.Release|x64.ActiveCfg = Release|Any CPU
		{BC5FDDC8-8967-4E37-9B26-C6A93A69075C}.Release|x64.Build.0 = Release|Any CPU
		{BC5FDDC8-8967-4E37-9B26-C6A93A69075C}.Release|x86.ActiveCfg = Release|Any CPU
		{BC5FDDC8-8967-4E37-9B26-C6A93A69075C}.Release|x86.Build.0 = Release|Any CPU
		{89F7071D-E06A-442E-8162-A1AD8BE9FF6F}.Debug|Any CPU.ActiveCfg = Debug|Any CPU
		{89F7071D-E06A-442E-8162-A1AD8BE9FF6F}.Debug|Any CPU.Build.0 = Debug|Any CPU
		{89F7071D-E06A-442E-8162-A1AD8BE9FF6F}.Debug|x64.ActiveCfg = Debug|Any CPU
		{89F7071D-E06A-442E-8162-A1AD8BE9FF6F}.Debug|x64.Build.0 = Debug|Any CPU
		{89F7071D-E06A-442E-8162-A1AD8BE9FF6F}.Debug|x86.ActiveCfg = Debug|Any CPU
		{89F7071D-E06A-442E-8162-A1AD8BE9FF6F}.Debug|x86.Build.0 = Debug|Any CPU
		{89F7071D-E06A-442E-8162-A1AD8BE9FF6F}.Release|Any CPU.ActiveCfg = Release|Any CPU
		{89F7071D-E06A-442E-8162-A1AD8BE9FF6F}.Release|Any CPU.Build.0 = Release|Any CPU
		{89F7071D-E06A-442E-8162-A1AD8BE9FF6F}.Release|x64.ActiveCfg = Release|Any CPU
		{89F7071D-E06A-442E-8162-A1AD8BE9FF6F}.Release|x64.Build.0 = Release|Any CPU
		{89F7071D-E06A-442E-8162-A1AD8BE9FF6F}.Release|x86.ActiveCfg = Release|Any CPU
		{89F7071D-E06A-442E-8162-A1AD8BE9FF6F}.Release|x86.Build.0 = Release|Any CPU
		{FEE822DA-04D2-4BB1-8116-AE38B933430A}.Debug|Any CPU.ActiveCfg = Debug|Any CPU
		{FEE822DA-04D2-4BB1-8116-AE38B933430A}.Debug|Any CPU.Build.0 = Debug|Any CPU
		{FEE822DA-04D2-4BB1-8116-AE38B933430A}.Debug|x64.ActiveCfg = Debug|Any CPU
		{FEE822DA-04D2-4BB1-8116-AE38B933430A}.Debug|x64.Build.0 = Debug|Any CPU
		{FEE822DA-04D2-4BB1-8116-AE38B933430A}.Debug|x86.ActiveCfg = Debug|Any CPU
		{FEE822DA-04D2-4BB1-8116-AE38B933430A}.Debug|x86.Build.0 = Debug|Any CPU
		{FEE822DA-04D2-4BB1-8116-AE38B933430A}.Release|Any CPU.ActiveCfg = Release|Any CPU
		{FEE822DA-04D2-4BB1-8116-AE38B933430A}.Release|Any CPU.Build.0 = Release|Any CPU
		{FEE822DA-04D2-4BB1-8116-AE38B933430A}.Release|x64.ActiveCfg = Release|Any CPU
		{FEE822DA-04D2-4BB1-8116-AE38B933430A}.Release|x64.Build.0 = Release|Any CPU
		{FEE822DA-04D2-4BB1-8116-AE38B933430A}.Release|x86.ActiveCfg = Release|Any CPU
		{FEE822DA-04D2-4BB1-8116-AE38B933430A}.Release|x86.Build.0 = Release|Any CPU
		{FD440C2C-D1B5-4936-A27A-8430346BF189}.Debug|Any CPU.ActiveCfg = Debug|Any CPU
		{FD440C2C-D1B5-4936-A27A-8430346BF189}.Debug|Any CPU.Build.0 = Debug|Any CPU
		{FD440C2C-D1B5-4936-A27A-8430346BF189}.Debug|x64.ActiveCfg = Debug|Any CPU
		{FD440C2C-D1B5-4936-A27A-8430346BF189}.Debug|x64.Build.0 = Debug|Any CPU
		{FD440C2C-D1B5-4936-A27A-8430346BF189}.Debug|x86.ActiveCfg = Debug|Any CPU
		{FD440C2C-D1B5-4936-A27A-8430346BF189}.Debug|x86.Build.0 = Debug|Any CPU
		{FD440C2C-D1B5-4936-A27A-8430346BF189}.Release|Any CPU.ActiveCfg = Release|Any CPU
		{FD440C2C-D1B5-4936-A27A-8430346BF189}.Release|Any CPU.Build.0 = Release|Any CPU
		{FD440C2C-D1B5-4936-A27A-8430346BF189}.Release|x64.ActiveCfg = Release|Any CPU
		{FD440C2C-D1B5-4936-A27A-8430346BF189}.Release|x64.Build.0 = Release|Any CPU
		{FD440C2C-D1B5-4936-A27A-8430346BF189}.Release|x86.ActiveCfg = Release|Any CPU
		{FD440C2C-D1B5-4936-A27A-8430346BF189}.Release|x86.Build.0 = Release|Any CPU
		{6D496A92-10AD-4F6F-82AF-4A6A54671940}.Debug|Any CPU.ActiveCfg = Debug|Any CPU
		{6D496A92-10AD-4F6F-82AF-4A6A54671940}.Debug|Any CPU.Build.0 = Debug|Any CPU
		{6D496A92-10AD-4F6F-82AF-4A6A54671940}.Debug|x64.ActiveCfg = Debug|Any CPU
		{6D496A92-10AD-4F6F-82AF-4A6A54671940}.Debug|x64.Build.0 = Debug|Any CPU
		{6D496A92-10AD-4F6F-82AF-4A6A54671940}.Debug|x86.ActiveCfg = Debug|Any CPU
		{6D496A92-10AD-4F6F-82AF-4A6A54671940}.Debug|x86.Build.0 = Debug|Any CPU
		{6D496A92-10AD-4F6F-82AF-4A6A54671940}.Release|Any CPU.ActiveCfg = Release|Any CPU
		{6D496A92-10AD-4F6F-82AF-4A6A54671940}.Release|Any CPU.Build.0 = Release|Any CPU
		{6D496A92-10AD-4F6F-82AF-4A6A54671940}.Release|x64.ActiveCfg = Release|Any CPU
		{6D496A92-10AD-4F6F-82AF-4A6A54671940}.Release|x64.Build.0 = Release|Any CPU
		{6D496A92-10AD-4F6F-82AF-4A6A54671940}.Release|x86.ActiveCfg = Release|Any CPU
		{6D496A92-10AD-4F6F-82AF-4A6A54671940}.Release|x86.Build.0 = Release|Any CPU
		{E4C4C7A6-E28E-41A0-B954-1B1939F9512D}.Debug|Any CPU.ActiveCfg = Debug|Any CPU
		{E4C4C7A6-E28E-41A0-B954-1B1939F9512D}.Debug|Any CPU.Build.0 = Debug|Any CPU
		{E4C4C7A6-E28E-41A0-B954-1B1939F9512D}.Debug|x64.ActiveCfg = Debug|Any CPU
		{E4C4C7A6-E28E-41A0-B954-1B1939F9512D}.Debug|x64.Build.0 = Debug|Any CPU
		{E4C4C7A6-E28E-41A0-B954-1B1939F9512D}.Debug|x86.ActiveCfg = Debug|Any CPU
		{E4C4C7A6-E28E-41A0-B954-1B1939F9512D}.Debug|x86.Build.0 = Debug|Any CPU
		{E4C4C7A6-E28E-41A0-B954-1B1939F9512D}.Release|Any CPU.ActiveCfg = Release|Any CPU
		{E4C4C7A6-E28E-41A0-B954-1B1939F9512D}.Release|Any CPU.Build.0 = Release|Any CPU
		{E4C4C7A6-E28E-41A0-B954-1B1939F9512D}.Release|x64.ActiveCfg = Release|Any CPU
		{E4C4C7A6-E28E-41A0-B954-1B1939F9512D}.Release|x64.Build.0 = Release|Any CPU
		{E4C4C7A6-E28E-41A0-B954-1B1939F9512D}.Release|x86.ActiveCfg = Release|Any CPU
		{E4C4C7A6-E28E-41A0-B954-1B1939F9512D}.Release|x86.Build.0 = Release|Any CPU
		{143B7748-CA50-4BA7-AD19-22F6340704C7}.Debug|Any CPU.ActiveCfg = Debug|Any CPU
		{143B7748-CA50-4BA7-AD19-22F6340704C7}.Debug|Any CPU.Build.0 = Debug|Any CPU
		{143B7748-CA50-4BA7-AD19-22F6340704C7}.Debug|x64.ActiveCfg = Debug|Any CPU
		{143B7748-CA50-4BA7-AD19-22F6340704C7}.Debug|x64.Build.0 = Debug|Any CPU
		{143B7748-CA50-4BA7-AD19-22F6340704C7}.Debug|x86.ActiveCfg = Debug|Any CPU
		{143B7748-CA50-4BA7-AD19-22F6340704C7}.Debug|x86.Build.0 = Debug|Any CPU
		{143B7748-CA50-4BA7-AD19-22F6340704C7}.Release|Any CPU.ActiveCfg = Release|Any CPU
		{143B7748-CA50-4BA7-AD19-22F6340704C7}.Release|Any CPU.Build.0 = Release|Any CPU
		{143B7748-CA50-4BA7-AD19-22F6340704C7}.Release|x64.ActiveCfg = Release|Any CPU
		{143B7748-CA50-4BA7-AD19-22F6340704C7}.Release|x64.Build.0 = Release|Any CPU
		{143B7748-CA50-4BA7-AD19-22F6340704C7}.Release|x86.ActiveCfg = Release|Any CPU
		{143B7748-CA50-4BA7-AD19-22F6340704C7}.Release|x86.Build.0 = Release|Any CPU
		{C8BA08B3-7548-4B94-81DB-D213B1951E1C}.Debug|Any CPU.ActiveCfg = Debug|Any CPU
		{C8BA08B3-7548-4B94-81DB-D213B1951E1C}.Debug|Any CPU.Build.0 = Debug|Any CPU
		{C8BA08B3-7548-4B94-81DB-D213B1951E1C}.Debug|x64.ActiveCfg = Debug|Any CPU
		{C8BA08B3-7548-4B94-81DB-D213B1951E1C}.Debug|x64.Build.0 = Debug|Any CPU
		{C8BA08B3-7548-4B94-81DB-D213B1951E1C}.Debug|x86.ActiveCfg = Debug|Any CPU
		{C8BA08B3-7548-4B94-81DB-D213B1951E1C}.Debug|x86.Build.0 = Debug|Any CPU
		{C8BA08B3-7548-4B94-81DB-D213B1951E1C}.Release|Any CPU.ActiveCfg = Release|Any CPU
		{C8BA08B3-7548-4B94-81DB-D213B1951E1C}.Release|Any CPU.Build.0 = Release|Any CPU
		{C8BA08B3-7548-4B94-81DB-D213B1951E1C}.Release|x64.ActiveCfg = Release|Any CPU
		{C8BA08B3-7548-4B94-81DB-D213B1951E1C}.Release|x64.Build.0 = Release|Any CPU
		{C8BA08B3-7548-4B94-81DB-D213B1951E1C}.Release|x86.ActiveCfg = Release|Any CPU
		{C8BA08B3-7548-4B94-81DB-D213B1951E1C}.Release|x86.Build.0 = Release|Any CPU
		{B2AF7373-4EF2-44AC-A593-2B255789AEE5}.Debug|Any CPU.ActiveCfg = Debug|Any CPU
		{B2AF7373-4EF2-44AC-A593-2B255789AEE5}.Debug|Any CPU.Build.0 = Debug|Any CPU
		{B2AF7373-4EF2-44AC-A593-2B255789AEE5}.Debug|x64.ActiveCfg = Debug|Any CPU
		{B2AF7373-4EF2-44AC-A593-2B255789AEE5}.Debug|x64.Build.0 = Debug|Any CPU
		{B2AF7373-4EF2-44AC-A593-2B255789AEE5}.Debug|x86.ActiveCfg = Debug|Any CPU
		{B2AF7373-4EF2-44AC-A593-2B255789AEE5}.Debug|x86.Build.0 = Debug|Any CPU
		{B2AF7373-4EF2-44AC-A593-2B255789AEE5}.Release|Any CPU.ActiveCfg = Release|Any CPU
		{B2AF7373-4EF2-44AC-A593-2B255789AEE5}.Release|Any CPU.Build.0 = Release|Any CPU
		{B2AF7373-4EF2-44AC-A593-2B255789AEE5}.Release|x64.ActiveCfg = Release|Any CPU
		{B2AF7373-4EF2-44AC-A593-2B255789AEE5}.Release|x64.Build.0 = Release|Any CPU
		{B2AF7373-4EF2-44AC-A593-2B255789AEE5}.Release|x86.ActiveCfg = Release|Any CPU
		{B2AF7373-4EF2-44AC-A593-2B255789AEE5}.Release|x86.Build.0 = Release|Any CPU
		{213DEAEB-919E-4BE8-9E8C-8F54743ED02F}.Debug|Any CPU.ActiveCfg = Debug|Any CPU
		{213DEAEB-919E-4BE8-9E8C-8F54743ED02F}.Debug|Any CPU.Build.0 = Debug|Any CPU
		{213DEAEB-919E-4BE8-9E8C-8F54743ED02F}.Debug|x64.ActiveCfg = Debug|Any CPU
		{213DEAEB-919E-4BE8-9E8C-8F54743ED02F}.Debug|x64.Build.0 = Debug|Any CPU
		{213DEAEB-919E-4BE8-9E8C-8F54743ED02F}.Debug|x86.ActiveCfg = Debug|Any CPU
		{213DEAEB-919E-4BE8-9E8C-8F54743ED02F}.Debug|x86.Build.0 = Debug|Any CPU
		{213DEAEB-919E-4BE8-9E8C-8F54743ED02F}.Release|Any CPU.ActiveCfg = Release|Any CPU
		{213DEAEB-919E-4BE8-9E8C-8F54743ED02F}.Release|Any CPU.Build.0 = Release|Any CPU
		{213DEAEB-919E-4BE8-9E8C-8F54743ED02F}.Release|x64.ActiveCfg = Release|Any CPU
		{213DEAEB-919E-4BE8-9E8C-8F54743ED02F}.Release|x64.Build.0 = Release|Any CPU
		{213DEAEB-919E-4BE8-9E8C-8F54743ED02F}.Release|x86.ActiveCfg = Release|Any CPU
		{213DEAEB-919E-4BE8-9E8C-8F54743ED02F}.Release|x86.Build.0 = Release|Any CPU
		{BCAFEA2F-67D4-454B-9A5A-07A92E99539A}.Debug|Any CPU.ActiveCfg = Debug|Any CPU
		{BCAFEA2F-67D4-454B-9A5A-07A92E99539A}.Debug|Any CPU.Build.0 = Debug|Any CPU
		{BCAFEA2F-67D4-454B-9A5A-07A92E99539A}.Debug|x64.ActiveCfg = Debug|Any CPU
		{BCAFEA2F-67D4-454B-9A5A-07A92E99539A}.Debug|x64.Build.0 = Debug|Any CPU
		{BCAFEA2F-67D4-454B-9A5A-07A92E99539A}.Debug|x86.ActiveCfg = Debug|Any CPU
		{BCAFEA2F-67D4-454B-9A5A-07A92E99539A}.Debug|x86.Build.0 = Debug|Any CPU
		{BCAFEA2F-67D4-454B-9A5A-07A92E99539A}.Release|Any CPU.ActiveCfg = Release|Any CPU
		{BCAFEA2F-67D4-454B-9A5A-07A92E99539A}.Release|Any CPU.Build.0 = Release|Any CPU
		{BCAFEA2F-67D4-454B-9A5A-07A92E99539A}.Release|x64.ActiveCfg = Release|Any CPU
		{BCAFEA2F-67D4-454B-9A5A-07A92E99539A}.Release|x64.Build.0 = Release|Any CPU
		{BCAFEA2F-67D4-454B-9A5A-07A92E99539A}.Release|x86.ActiveCfg = Release|Any CPU
		{BCAFEA2F-67D4-454B-9A5A-07A92E99539A}.Release|x86.Build.0 = Release|Any CPU
		{A09AC1A3-D32B-4382-9EDD-B4C6BE124F3C}.Debug|Any CPU.ActiveCfg = Debug|Any CPU
		{A09AC1A3-D32B-4382-9EDD-B4C6BE124F3C}.Debug|Any CPU.Build.0 = Debug|Any CPU
		{A09AC1A3-D32B-4382-9EDD-B4C6BE124F3C}.Debug|x64.ActiveCfg = Debug|Any CPU
		{A09AC1A3-D32B-4382-9EDD-B4C6BE124F3C}.Debug|x64.Build.0 = Debug|Any CPU
		{A09AC1A3-D32B-4382-9EDD-B4C6BE124F3C}.Debug|x86.ActiveCfg = Debug|Any CPU
		{A09AC1A3-D32B-4382-9EDD-B4C6BE124F3C}.Debug|x86.Build.0 = Debug|Any CPU
		{A09AC1A3-D32B-4382-9EDD-B4C6BE124F3C}.Release|Any CPU.ActiveCfg = Release|Any CPU
		{A09AC1A3-D32B-4382-9EDD-B4C6BE124F3C}.Release|Any CPU.Build.0 = Release|Any CPU
		{A09AC1A3-D32B-4382-9EDD-B4C6BE124F3C}.Release|x64.ActiveCfg = Release|Any CPU
		{A09AC1A3-D32B-4382-9EDD-B4C6BE124F3C}.Release|x64.Build.0 = Release|Any CPU
		{A09AC1A3-D32B-4382-9EDD-B4C6BE124F3C}.Release|x86.ActiveCfg = Release|Any CPU
		{A09AC1A3-D32B-4382-9EDD-B4C6BE124F3C}.Release|x86.Build.0 = Release|Any CPU
		{811DC75C-0E4F-46BE-8050-5F34351BA3DF}.Debug|Any CPU.ActiveCfg = Debug|Any CPU
		{811DC75C-0E4F-46BE-8050-5F34351BA3DF}.Debug|Any CPU.Build.0 = Debug|Any CPU
		{811DC75C-0E4F-46BE-8050-5F34351BA3DF}.Debug|x64.ActiveCfg = Debug|Any CPU
		{811DC75C-0E4F-46BE-8050-5F34351BA3DF}.Debug|x64.Build.0 = Debug|Any CPU
		{811DC75C-0E4F-46BE-8050-5F34351BA3DF}.Debug|x86.ActiveCfg = Debug|Any CPU
		{811DC75C-0E4F-46BE-8050-5F34351BA3DF}.Debug|x86.Build.0 = Debug|Any CPU
		{811DC75C-0E4F-46BE-8050-5F34351BA3DF}.Release|Any CPU.ActiveCfg = Release|Any CPU
		{811DC75C-0E4F-46BE-8050-5F34351BA3DF}.Release|Any CPU.Build.0 = Release|Any CPU
		{811DC75C-0E4F-46BE-8050-5F34351BA3DF}.Release|x64.ActiveCfg = Release|Any CPU
		{811DC75C-0E4F-46BE-8050-5F34351BA3DF}.Release|x64.Build.0 = Release|Any CPU
		{811DC75C-0E4F-46BE-8050-5F34351BA3DF}.Release|x86.ActiveCfg = Release|Any CPU
		{811DC75C-0E4F-46BE-8050-5F34351BA3DF}.Release|x86.Build.0 = Release|Any CPU
		{2066EA7F-1437-4733-928F-498A5939C0FC}.Debug|Any CPU.ActiveCfg = Debug|Any CPU
		{2066EA7F-1437-4733-928F-498A5939C0FC}.Debug|Any CPU.Build.0 = Debug|Any CPU
		{2066EA7F-1437-4733-928F-498A5939C0FC}.Debug|x64.ActiveCfg = Debug|Any CPU
		{2066EA7F-1437-4733-928F-498A5939C0FC}.Debug|x64.Build.0 = Debug|Any CPU
		{2066EA7F-1437-4733-928F-498A5939C0FC}.Debug|x86.ActiveCfg = Debug|Any CPU
		{2066EA7F-1437-4733-928F-498A5939C0FC}.Debug|x86.Build.0 = Debug|Any CPU
		{2066EA7F-1437-4733-928F-498A5939C0FC}.Release|Any CPU.ActiveCfg = Release|Any CPU
		{2066EA7F-1437-4733-928F-498A5939C0FC}.Release|Any CPU.Build.0 = Release|Any CPU
		{2066EA7F-1437-4733-928F-498A5939C0FC}.Release|x64.ActiveCfg = Release|Any CPU
		{2066EA7F-1437-4733-928F-498A5939C0FC}.Release|x64.Build.0 = Release|Any CPU
		{2066EA7F-1437-4733-928F-498A5939C0FC}.Release|x86.ActiveCfg = Release|Any CPU
		{2066EA7F-1437-4733-928F-498A5939C0FC}.Release|x86.Build.0 = Release|Any CPU
		{1A9C481B-5912-461B-ACD8-3E043EDE61FB}.Debug|Any CPU.ActiveCfg = Debug|Any CPU
		{1A9C481B-5912-461B-ACD8-3E043EDE61FB}.Debug|Any CPU.Build.0 = Debug|Any CPU
		{1A9C481B-5912-461B-ACD8-3E043EDE61FB}.Debug|x64.ActiveCfg = Debug|Any CPU
		{1A9C481B-5912-461B-ACD8-3E043EDE61FB}.Debug|x64.Build.0 = Debug|Any CPU
		{1A9C481B-5912-461B-ACD8-3E043EDE61FB}.Debug|x86.ActiveCfg = Debug|Any CPU
		{1A9C481B-5912-461B-ACD8-3E043EDE61FB}.Debug|x86.Build.0 = Debug|Any CPU
		{1A9C481B-5912-461B-ACD8-3E043EDE61FB}.Release|Any CPU.ActiveCfg = Release|Any CPU
		{1A9C481B-5912-461B-ACD8-3E043EDE61FB}.Release|Any CPU.Build.0 = Release|Any CPU
		{1A9C481B-5912-461B-ACD8-3E043EDE61FB}.Release|x64.ActiveCfg = Release|Any CPU
		{1A9C481B-5912-461B-ACD8-3E043EDE61FB}.Release|x64.Build.0 = Release|Any CPU
		{1A9C481B-5912-461B-ACD8-3E043EDE61FB}.Release|x86.ActiveCfg = Release|Any CPU
		{1A9C481B-5912-461B-ACD8-3E043EDE61FB}.Release|x86.Build.0 = Release|Any CPU
		{EED1CD90-D502-493D-B598-7D3AE49CA938}.Debug|Any CPU.ActiveCfg = Debug|Any CPU
		{EED1CD90-D502-493D-B598-7D3AE49CA938}.Debug|Any CPU.Build.0 = Debug|Any CPU
		{EED1CD90-D502-493D-B598-7D3AE49CA938}.Debug|x64.ActiveCfg = Debug|Any CPU
		{EED1CD90-D502-493D-B598-7D3AE49CA938}.Debug|x64.Build.0 = Debug|Any CPU
		{EED1CD90-D502-493D-B598-7D3AE49CA938}.Debug|x86.ActiveCfg = Debug|Any CPU
		{EED1CD90-D502-493D-B598-7D3AE49CA938}.Debug|x86.Build.0 = Debug|Any CPU
		{EED1CD90-D502-493D-B598-7D3AE49CA938}.Release|Any CPU.ActiveCfg = Release|Any CPU
		{EED1CD90-D502-493D-B598-7D3AE49CA938}.Release|Any CPU.Build.0 = Release|Any CPU
		{EED1CD90-D502-493D-B598-7D3AE49CA938}.Release|x64.ActiveCfg = Release|Any CPU
		{EED1CD90-D502-493D-B598-7D3AE49CA938}.Release|x64.Build.0 = Release|Any CPU
		{EED1CD90-D502-493D-B598-7D3AE49CA938}.Release|x86.ActiveCfg = Release|Any CPU
		{EED1CD90-D502-493D-B598-7D3AE49CA938}.Release|x86.Build.0 = Release|Any CPU
		{7603985C-6823-4E20-AE27-1731C5083A86}.Debug|Any CPU.ActiveCfg = Debug|Any CPU
		{7603985C-6823-4E20-AE27-1731C5083A86}.Debug|Any CPU.Build.0 = Debug|Any CPU
		{7603985C-6823-4E20-AE27-1731C5083A86}.Debug|x64.ActiveCfg = Debug|Any CPU
		{7603985C-6823-4E20-AE27-1731C5083A86}.Debug|x64.Build.0 = Debug|Any CPU
		{7603985C-6823-4E20-AE27-1731C5083A86}.Debug|x86.ActiveCfg = Debug|Any CPU
		{7603985C-6823-4E20-AE27-1731C5083A86}.Debug|x86.Build.0 = Debug|Any CPU
		{7603985C-6823-4E20-AE27-1731C5083A86}.Release|Any CPU.ActiveCfg = Release|Any CPU
		{7603985C-6823-4E20-AE27-1731C5083A86}.Release|Any CPU.Build.0 = Release|Any CPU
		{7603985C-6823-4E20-AE27-1731C5083A86}.Release|x64.ActiveCfg = Release|Any CPU
		{7603985C-6823-4E20-AE27-1731C5083A86}.Release|x64.Build.0 = Release|Any CPU
		{7603985C-6823-4E20-AE27-1731C5083A86}.Release|x86.ActiveCfg = Release|Any CPU
		{7603985C-6823-4E20-AE27-1731C5083A86}.Release|x86.Build.0 = Release|Any CPU
	EndGlobalSection
	GlobalSection(SolutionProperties) = preSolution
		HideSolutionNode = FALSE
	EndGlobalSection
	GlobalSection(ExtensibilityGlobals) = postSolution
		SolutionGuid = {4323EB44-25FE-4C10-9C8D-2BD3B1D0F6DF}
	EndGlobalSection
EndGlobal
